
Microsoft Visual Studio Solution File, Format Version 12.00
# Visual Studio Version 17
VisualStudioVersion = 17.5.33627.172
MinimumVisualStudioVersion = 10.0.40219.1
Project("{2150E333-8FDC-42A3-9474-1A3956D46DE8}") = "FRONT", "FRONT", "{9BD97A2C-C82E-4BBB-8BF5-E82C5821EDD7}"
EndProject
Project("{2150E333-8FDC-42A3-9474-1A3956D46DE8}") = "MENU", "MENU", "{1BB944C9-68E3-4F02-BDC0-5A4C7571308D}"
EndProject
Project("{2150E333-8FDC-42A3-9474-1A3956D46DE8}") = "GSM06500", "GSM06500", "{904995DD-2CB2-4E1C-A07F-6CF45143360F}"
EndProject
Project("{9A19103F-16F7-4668-BE54-9A1E7A4F7556}") = "GSM06500Common", "COMMON\GS\GSM06500Common\GSM06500Common.csproj", "{7163CC8F-965D-469B-AE49-151395AA5A97}"
EndProject
Project("{9A19103F-16F7-4668-BE54-9A1E7A4F7556}") = "GSM06500Model", "FRONT\GSM06500Model\GSM06500Model.csproj", "{21180674-E6FD-4644-8EC3-E3AAAAFD412D}"
EndProject
Project("{9A19103F-16F7-4668-BE54-9A1E7A4F7556}") = "GSM06500Front", "FRONT\GSM06500Front\GSM06500Front.csproj", "{648FCEFD-873D-46B3-B975-38FC6A18E1BB}"
EndProject
Project("{2150E333-8FDC-42A3-9474-1A3956D46DE8}") = "GSM04500", "GSM04500", "{A24DBD3E-0A62-44D8-9074-687C8DA51809}"
EndProject
Project("{2150E333-8FDC-42A3-9474-1A3956D46DE8}") = "VLOOKUP", "VLOOKUP", "{942950A7-BE00-4F7B-9FD7-26C4F9E8DBA5}"
EndProject
Project("{2150E333-8FDC-42A3-9474-1A3956D46DE8}") = "COMMON", "COMMON", "{9429A92D-049E-44BF-A91C-329F6E16B0F6}"
EndProject
Project("{2150E333-8FDC-42A3-9474-1A3956D46DE8}") = "VLOOKUP", "VLOOKUP", "{92880144-93A9-42A9-9185-93A34EC50920}"
EndProject
Project("{9A19103F-16F7-4668-BE54-9A1E7A4F7556}") = "Lookup_GSFRONT", "..\..\BS Shared Form\SOURCE\FRONT\Lookup_GSFRONT\Lookup_GSFRONT.csproj", "{1873F8B4-09AB-448F-81DF-CED559AA06C7}"
EndProject
Project("{9A19103F-16F7-4668-BE54-9A1E7A4F7556}") = "Lookup_GSFrontResources", "..\..\BS Shared Form\SOURCE\FRONT\Lookup_GSFrontResources\Lookup_GSFrontResources.csproj", "{69253435-87F2-45CA-B62C-B49F63BD7F90}"
EndProject
Project("{2150E333-8FDC-42A3-9474-1A3956D46DE8}") = "GSM04500", "GSM04500", "{8F1543B1-3B64-41CB-832E-B1B806E2F08B}"
EndProject
Project("{2150E333-8FDC-42A3-9474-1A3956D46DE8}") = "GSM06500", "GSM06500", "{DE3E6345-7953-4405-859B-C295CD2F125E}"
EndProject
Project("{9A19103F-16F7-4668-BE54-9A1E7A4F7556}") = "Lookup_GSCOMMON", "..\..\BS Shared Form\SOURCE\BACK\Lookup_GSCOMMON\Lookup_GSCOMMON.csproj", "{DAD81BB2-97FB-4ED3-A414-33699CE3DA8A}"
EndProject
Project("{9A19103F-16F7-4668-BE54-9A1E7A4F7556}") = "Lookup_GSModel", "..\..\BS Shared Form\SOURCE\FRONT\Lookup_GSModel\Lookup_GSModel.csproj", "{3C97FC43-4BCF-4526-AE06-3E8BAAFE32A8}"
EndProject
Project("{9A19103F-16F7-4668-BE54-9A1E7A4F7556}") = "BlazorMenu", "..\..\SYSTEM\SOURCE\Menu\BlazorMenu\BlazorMenu.csproj", "{B04D6528-769E-4740-8326-B6F6DA4B1755}"
EndProject
Project("{2150E333-8FDC-42A3-9474-1A3956D46DE8}") = "LM", "LM", "{9DF492E6-4A77-4DE6-99B4-4E01DBE49F9D}"
EndProject
Project("{2150E333-8FDC-42A3-9474-1A3956D46DE8}") = "LMM06000", "LMM06000", "{ED5C119A-64D4-4BD8-9183-63C270B944D4}"
EndProject
Project("{9A19103F-16F7-4668-BE54-9A1E7A4F7556}") = "LMM06000Model", "FRONT\LMM06000Model\LMM06000Model.csproj", "{688B5052-6DB4-4E6D-9D8C-621D4C4675DF}"
EndProject
Project("{9A19103F-16F7-4668-BE54-9A1E7A4F7556}") = "LMM06000Common", "COMMON\LM\LMM06000Common\LMM06000Common.csproj", "{AB46FCA3-4D2F-47A3-94D0-6969A8858435}"
EndProject
Project("{2150E333-8FDC-42A3-9474-1A3956D46DE8}") = "LM", "LM", "{A57CAEA2-0E8A-47B5-B356-DF681CA553F3}"
EndProject
Project("{2150E333-8FDC-42A3-9474-1A3956D46DE8}") = "LMM06000", "LMM06000", "{BE4674EF-7690-4645-A5BF-A0615508C0ED}"
EndProject
Project("{9A19103F-16F7-4668-BE54-9A1E7A4F7556}") = "LMM06000Front", "FRONT\LMM06000Front\LMM06000Front.csproj", "{B988B54F-A297-4CFF-B57F-FD34A8DA4DFE}"
EndProject
Project("{9A19103F-16F7-4668-BE54-9A1E7A4F7556}") = "Lookup_LMCOMMON", "..\..\BS Shared Form\SOURCE\BACK\Lookup_LMCOMMON\Lookup_LMCOMMON.csproj", "{7E2A6E42-E51C-496C-A9EA-6360EE75644A}"
EndProject
Project("{9A19103F-16F7-4668-BE54-9A1E7A4F7556}") = "Lookup_LMModel", "..\..\BS Shared Form\SOURCE\FRONT\Lookup_LMModel\Lookup_LMModel.csproj", "{3F9354B1-1FF0-4A21-8BE9-6E6D3ACC0081}"
EndProject
Project("{9A19103F-16F7-4668-BE54-9A1E7A4F7556}") = "Lookup_LMFRONT", "..\..\BS Shared Form\SOURCE\FRONT\Lookup_LMFRONT\Lookup_LMFRONT.csproj", "{D7931B20-F359-4258-9862-6CFB161AFA8A}"
EndProject
Project("{9A19103F-16F7-4668-BE54-9A1E7A4F7556}") = "Lookup_LMFrontResources", "..\..\BS Shared Form\SOURCE\FRONT\Lookup_LMFrontResources\Lookup_LMFrontResources.csproj", "{857459A1-E7B6-4847-8BC3-A5D6E61DEC58}"
EndProject
Project("{2150E333-8FDC-42A3-9474-1A3956D46DE8}") = "ActiveInactive", "ActiveInactive", "{13967EC9-6B6A-4783-848C-5AFBE65B235F}"
EndProject
Project("{9A19103F-16F7-4668-BE54-9A1E7A4F7556}") = "GFF00900Model", "..\..\BS Shared Form\SOURCE\FRONT\GFF00900Model\GFF00900Model.csproj", "{B793AE3E-5119-49B4-8F43-CACDA661DE39}"
EndProject
Project("{9A19103F-16F7-4668-BE54-9A1E7A4F7556}") = "GFF00900FRONT", "..\..\BS Shared Form\SOURCE\FRONT\GFF00900FRONT\GFF00900FRONT.csproj", "{6D544E55-8F7C-4621-B9BE-1BC951D438F6}"
EndProject
Project("{9A19103F-16F7-4668-BE54-9A1E7A4F7556}") = "GFF00900COMMON", "..\..\BS Shared Form\SOURCE\BACK\GFF00900COMMON\GFF00900COMMON.csproj", "{FE3FFCC9-059F-4CDD-8BAA-E9DADCFDF010}"
EndProject
Project("{2150E333-8FDC-42A3-9474-1A3956D46DE8}") = "GST00500", "GST00500", "{A01DF01C-0ED7-422F-8E0B-17EDB5D3E552}"
EndProject
Project("{9A19103F-16F7-4668-BE54-9A1E7A4F7556}") = "GST00500Model", "FRONT\GST00500Model\GST00500Model.csproj", "{AD8FA8A3-267B-498F-8410-0447A3B66713}"
EndProject
Project("{2150E333-8FDC-42A3-9474-1A3956D46DE8}") = "GST00500", "GST00500", "{01FC59C1-610F-4637-8352-4F441C245FA7}"
EndProject
Project("{9A19103F-16F7-4668-BE54-9A1E7A4F7556}") = "GST00500Common", "COMMON\GS\GST00500Common\GST00500Common.csproj", "{D2EC1823-732E-470E-AA26-71A42D72EC85}"
EndProject
Project("{9A19103F-16F7-4668-BE54-9A1E7A4F7556}") = "GST00500Front", "FRONT\GST00500Front\GST00500Front.csproj", "{B37BA78C-66EB-44A5-A717-9C6B507A0BC7}"
EndProject
Project("{2150E333-8FDC-42A3-9474-1A3956D46DE8}") = "GS", "GS", "{C8AEDF88-EB40-4F0C-8A29-AD0668E40D73}"
EndProject
Project("{2150E333-8FDC-42A3-9474-1A3956D46DE8}") = "LM", "LM", "{FAD85CC7-D0FD-4EA8-8EAD-015CCB373CCB}"
EndProject
Project("{2150E333-8FDC-42A3-9474-1A3956D46DE8}") = "GL", "GL", "{001BFC1E-B3FE-41A4-A7AC-92C38D66C128}"
EndProject
Project("{2150E333-8FDC-42A3-9474-1A3956D46DE8}") = "GLB00200", "GLB00200", "{E37C7517-7931-4AC4-A729-81BD3025171C}"
EndProject
Project("{9A19103F-16F7-4668-BE54-9A1E7A4F7556}") = "GLB00200Common", "COMMON\GL\GLB00200Common\GLB00200Common.csproj", "{9BDB36B6-8B37-4F79-A7C2-E1323DB052BF}"
EndProject
Project("{2150E333-8FDC-42A3-9474-1A3956D46DE8}") = "GL", "GL", "{0B4349E2-B40E-4E52-B04E-91E7F3250B29}"
EndProject
Project("{2150E333-8FDC-42A3-9474-1A3956D46DE8}") = "GLB00200", "GLB00200", "{F837CE32-AE6A-42DB-8A31-321381DE381A}"
EndProject
Project("{9A19103F-16F7-4668-BE54-9A1E7A4F7556}") = "GLB00200Model", "FRONT\GLB00200Model\GLB00200Model.csproj", "{1192762F-881F-48D7-8774-8D3032FF3945}"
EndProject
Project("{9A19103F-16F7-4668-BE54-9A1E7A4F7556}") = "GLB00200Front", "FRONT\GLB00200Front\GLB00200Front.csproj", "{C42669CF-619D-4E31-ADDC-2D806A461BC9}"
EndProject
Project("{2150E333-8FDC-42A3-9474-1A3956D46DE8}") = "GLR00300", "GLR00300", "{A627C000-FCD2-4B29-A8FF-458460DCF851}"
EndProject
Project("{9A19103F-16F7-4668-BE54-9A1E7A4F7556}") = "GLR00300Common", "COMMON\GL\GLR00300Common\GLR00300Common.csproj", "{C756BBEA-FCD8-41E8-B85C-3E41C36198DC}"
EndProject
Project("{2150E333-8FDC-42A3-9474-1A3956D46DE8}") = "GLR00300", "GLR00300", "{8B92C022-D68F-4A22-84EC-287F72B3BF7A}"
EndProject
Project("{9A19103F-16F7-4668-BE54-9A1E7A4F7556}") = "GLR00300Front", "FRONT\GLR00300Front\GLR00300Front.csproj", "{66F49B21-4A08-4DE2-80A0-46AD5907E9BD}"
EndProject
Project("{9A19103F-16F7-4668-BE54-9A1E7A4F7556}") = "GLR00300Model", "FRONT\GLR00300Model\GLR00300Model.csproj", "{9E413F46-02DE-41B0-BA98-98EF81826211}"
EndProject
Project("{2150E333-8FDC-42A3-9474-1A3956D46DE8}") = "GS", "GS", "{78295904-4FEC-45CE-99A6-5C0FF50DCD7C}"
EndProject
Project("{2150E333-8FDC-42A3-9474-1A3956D46DE8}") = "GSM02000", "GSM02000", "{C38F1472-9C75-4ED6-B924-1E73FEDA90B0}"
EndProject
Project("{2150E333-8FDC-42A3-9474-1A3956D46DE8}") = "GS", "GS", "{1604A0B5-BBCB-4B12-AB22-125FCE6C3111}"
EndProject
Project("{2150E333-8FDC-42A3-9474-1A3956D46DE8}") = "GSM02000", "GSM02000", "{D2B59B6F-9C5F-4D23-A225-6BECB483B6D9}"
EndProject
Project("{9A19103F-16F7-4668-BE54-9A1E7A4F7556}") = "GSM02000Common", "COMMON\GS\GSM02000Common\GSM02000Common.csproj", "{13F386C9-E4A7-4739-AEA2-AD766BF3166C}"
EndProject
Project("{9A19103F-16F7-4668-BE54-9A1E7A4F7556}") = "GSM02000Front", "FRONT\GSM02000FRONT\GSM02000Front.csproj", "{36413C00-66DC-4AA1-B5F1-B486881BE820}"
EndProject
Project("{9A19103F-16F7-4668-BE54-9A1E7A4F7556}") = "GSM02000Model", "FRONT\GSM02000MODEL\GSM02000Model.csproj", "{A0328DE9-3456-4806-BF78-705A98843693}"
EndProject
Project("{9A19103F-16F7-4668-BE54-9A1E7A4F7556}") = "GSM02000FrontResources", "FRONT\GSM02000FrontResources\GSM02000FrontResources.csproj", "{8ADCB176-5447-41BC-9E6B-887765566E4E}"
EndProject
Project("{9A19103F-16F7-4668-BE54-9A1E7A4F7556}") = "GSM04500Front", "FRONT\GSM04500Front\GSM04500Front.csproj", "{29454703-BEE8-4CCD-BFE7-8DB75C69A15D}"
EndProject
Project("{9A19103F-16F7-4668-BE54-9A1E7A4F7556}") = "GSM04500Model", "FRONT\GSM04500Model\GSM04500Model.csproj", "{453A3685-D32F-467B-A1E2-649298A05E25}"
EndProject
Project("{9A19103F-16F7-4668-BE54-9A1E7A4F7556}") = "GSM04500Common", "COMMON\GS\GSM04500COMMON\GSM04500Common.csproj", "{8ADC522F-84EC-4CFD-870E-FB52EBB9718A}"
EndProject
Project("{FAE04EC0-301F-11D3-BF4B-00C04F79EFBC}") = "GLR00300FrontResources", "FRONT\GLR00300FrontResources\GLR00300FrontResources.csproj", "{8FAFA4DA-4F1C-4CE4-BE9C-AEAFBFBC4BE2}"
EndProject
Project("{FAE04EC0-301F-11D3-BF4B-00C04F79EFBC}") = "GLB00200FrontResources", "FRONT\GLB00200FrontResources\GLB00200FrontResources.csproj", "{9548ECA3-E1F3-4640-A0F6-E9C72681567C}"
EndProject
Project("{FAE04EC0-301F-11D3-BF4B-00C04F79EFBC}") = "GSM06500FrontResources", "FRONT\GSM06500FrontResources\GSM06500FrontResources.csproj", "{4374E45A-F3D0-4EB5-AB02-379A543878A4}"
EndProject
Project("{FAE04EC0-301F-11D3-BF4B-00C04F79EFBC}") = "GST00500FrontResources", "FRONT\GST00500FrontResources\GST00500FrontResources.csproj", "{EDD7ACD2-80FA-4EC7-B8F2-0187DDFB7BDA}"
EndProject
Global
	GlobalSection(SolutionConfigurationPlatforms) = preSolution
		Debug|Any CPU = Debug|Any CPU
		Release|Any CPU = Release|Any CPU
	EndGlobalSection
	GlobalSection(ProjectConfigurationPlatforms) = postSolution
		{7163CC8F-965D-469B-AE49-151395AA5A97}.Debug|Any CPU.ActiveCfg = Debug|Any CPU
		{7163CC8F-965D-469B-AE49-151395AA5A97}.Debug|Any CPU.Build.0 = Debug|Any CPU
		{7163CC8F-965D-469B-AE49-151395AA5A97}.Release|Any CPU.ActiveCfg = Release|Any CPU
		{7163CC8F-965D-469B-AE49-151395AA5A97}.Release|Any CPU.Build.0 = Release|Any CPU
		{21180674-E6FD-4644-8EC3-E3AAAAFD412D}.Debug|Any CPU.ActiveCfg = Debug|Any CPU
		{21180674-E6FD-4644-8EC3-E3AAAAFD412D}.Debug|Any CPU.Build.0 = Debug|Any CPU
		{21180674-E6FD-4644-8EC3-E3AAAAFD412D}.Release|Any CPU.ActiveCfg = Release|Any CPU
		{21180674-E6FD-4644-8EC3-E3AAAAFD412D}.Release|Any CPU.Build.0 = Release|Any CPU
		{648FCEFD-873D-46B3-B975-38FC6A18E1BB}.Debug|Any CPU.ActiveCfg = Debug|Any CPU
		{648FCEFD-873D-46B3-B975-38FC6A18E1BB}.Debug|Any CPU.Build.0 = Debug|Any CPU
		{648FCEFD-873D-46B3-B975-38FC6A18E1BB}.Release|Any CPU.ActiveCfg = Release|Any CPU
		{648FCEFD-873D-46B3-B975-38FC6A18E1BB}.Release|Any CPU.Build.0 = Release|Any CPU
		{1873F8B4-09AB-448F-81DF-CED559AA06C7}.Debug|Any CPU.ActiveCfg = Debug|Any CPU
		{1873F8B4-09AB-448F-81DF-CED559AA06C7}.Debug|Any CPU.Build.0 = Debug|Any CPU
		{1873F8B4-09AB-448F-81DF-CED559AA06C7}.Release|Any CPU.ActiveCfg = Release|Any CPU
		{1873F8B4-09AB-448F-81DF-CED559AA06C7}.Release|Any CPU.Build.0 = Release|Any CPU
		{69253435-87F2-45CA-B62C-B49F63BD7F90}.Debug|Any CPU.ActiveCfg = Debug|Any CPU
		{69253435-87F2-45CA-B62C-B49F63BD7F90}.Debug|Any CPU.Build.0 = Debug|Any CPU
		{69253435-87F2-45CA-B62C-B49F63BD7F90}.Release|Any CPU.ActiveCfg = Release|Any CPU
		{69253435-87F2-45CA-B62C-B49F63BD7F90}.Release|Any CPU.Build.0 = Release|Any CPU
		{DAD81BB2-97FB-4ED3-A414-33699CE3DA8A}.Debug|Any CPU.ActiveCfg = Debug|Any CPU
		{DAD81BB2-97FB-4ED3-A414-33699CE3DA8A}.Debug|Any CPU.Build.0 = Debug|Any CPU
		{DAD81BB2-97FB-4ED3-A414-33699CE3DA8A}.Release|Any CPU.ActiveCfg = Release|Any CPU
		{DAD81BB2-97FB-4ED3-A414-33699CE3DA8A}.Release|Any CPU.Build.0 = Release|Any CPU
		{3C97FC43-4BCF-4526-AE06-3E8BAAFE32A8}.Debug|Any CPU.ActiveCfg = Debug|Any CPU
		{3C97FC43-4BCF-4526-AE06-3E8BAAFE32A8}.Debug|Any CPU.Build.0 = Debug|Any CPU
		{3C97FC43-4BCF-4526-AE06-3E8BAAFE32A8}.Release|Any CPU.ActiveCfg = Release|Any CPU
		{3C97FC43-4BCF-4526-AE06-3E8BAAFE32A8}.Release|Any CPU.Build.0 = Release|Any CPU
		{B04D6528-769E-4740-8326-B6F6DA4B1755}.Debug|Any CPU.ActiveCfg = Debug|Any CPU
		{B04D6528-769E-4740-8326-B6F6DA4B1755}.Debug|Any CPU.Build.0 = Debug|Any CPU
		{B04D6528-769E-4740-8326-B6F6DA4B1755}.Release|Any CPU.ActiveCfg = Release|Any CPU
		{B04D6528-769E-4740-8326-B6F6DA4B1755}.Release|Any CPU.Build.0 = Release|Any CPU
		{688B5052-6DB4-4E6D-9D8C-621D4C4675DF}.Debug|Any CPU.ActiveCfg = Debug|Any CPU
		{688B5052-6DB4-4E6D-9D8C-621D4C4675DF}.Debug|Any CPU.Build.0 = Debug|Any CPU
		{688B5052-6DB4-4E6D-9D8C-621D4C4675DF}.Release|Any CPU.ActiveCfg = Release|Any CPU
		{688B5052-6DB4-4E6D-9D8C-621D4C4675DF}.Release|Any CPU.Build.0 = Release|Any CPU
		{AB46FCA3-4D2F-47A3-94D0-6969A8858435}.Debug|Any CPU.ActiveCfg = Debug|Any CPU
		{AB46FCA3-4D2F-47A3-94D0-6969A8858435}.Debug|Any CPU.Build.0 = Debug|Any CPU
		{AB46FCA3-4D2F-47A3-94D0-6969A8858435}.Release|Any CPU.ActiveCfg = Release|Any CPU
		{AB46FCA3-4D2F-47A3-94D0-6969A8858435}.Release|Any CPU.Build.0 = Release|Any CPU
		{B988B54F-A297-4CFF-B57F-FD34A8DA4DFE}.Debug|Any CPU.ActiveCfg = Debug|Any CPU
		{B988B54F-A297-4CFF-B57F-FD34A8DA4DFE}.Debug|Any CPU.Build.0 = Debug|Any CPU
		{B988B54F-A297-4CFF-B57F-FD34A8DA4DFE}.Release|Any CPU.ActiveCfg = Release|Any CPU
		{B988B54F-A297-4CFF-B57F-FD34A8DA4DFE}.Release|Any CPU.Build.0 = Release|Any CPU
		{7E2A6E42-E51C-496C-A9EA-6360EE75644A}.Debug|Any CPU.ActiveCfg = Debug|Any CPU
		{7E2A6E42-E51C-496C-A9EA-6360EE75644A}.Debug|Any CPU.Build.0 = Debug|Any CPU
		{7E2A6E42-E51C-496C-A9EA-6360EE75644A}.Release|Any CPU.ActiveCfg = Release|Any CPU
		{7E2A6E42-E51C-496C-A9EA-6360EE75644A}.Release|Any CPU.Build.0 = Release|Any CPU
		{3F9354B1-1FF0-4A21-8BE9-6E6D3ACC0081}.Debug|Any CPU.ActiveCfg = Debug|Any CPU
		{3F9354B1-1FF0-4A21-8BE9-6E6D3ACC0081}.Debug|Any CPU.Build.0 = Debug|Any CPU
		{3F9354B1-1FF0-4A21-8BE9-6E6D3ACC0081}.Release|Any CPU.ActiveCfg = Release|Any CPU
		{3F9354B1-1FF0-4A21-8BE9-6E6D3ACC0081}.Release|Any CPU.Build.0 = Release|Any CPU
		{D7931B20-F359-4258-9862-6CFB161AFA8A}.Debug|Any CPU.ActiveCfg = Debug|Any CPU
		{D7931B20-F359-4258-9862-6CFB161AFA8A}.Debug|Any CPU.Build.0 = Debug|Any CPU
		{D7931B20-F359-4258-9862-6CFB161AFA8A}.Release|Any CPU.ActiveCfg = Release|Any CPU
		{D7931B20-F359-4258-9862-6CFB161AFA8A}.Release|Any CPU.Build.0 = Release|Any CPU
		{857459A1-E7B6-4847-8BC3-A5D6E61DEC58}.Debug|Any CPU.ActiveCfg = Debug|Any CPU
		{857459A1-E7B6-4847-8BC3-A5D6E61DEC58}.Debug|Any CPU.Build.0 = Debug|Any CPU
		{857459A1-E7B6-4847-8BC3-A5D6E61DEC58}.Release|Any CPU.ActiveCfg = Release|Any CPU
		{857459A1-E7B6-4847-8BC3-A5D6E61DEC58}.Release|Any CPU.Build.0 = Release|Any CPU
		{B793AE3E-5119-49B4-8F43-CACDA661DE39}.Debug|Any CPU.ActiveCfg = Debug|Any CPU
		{B793AE3E-5119-49B4-8F43-CACDA661DE39}.Debug|Any CPU.Build.0 = Debug|Any CPU
		{B793AE3E-5119-49B4-8F43-CACDA661DE39}.Release|Any CPU.ActiveCfg = Release|Any CPU
		{B793AE3E-5119-49B4-8F43-CACDA661DE39}.Release|Any CPU.Build.0 = Release|Any CPU
		{6D544E55-8F7C-4621-B9BE-1BC951D438F6}.Debug|Any CPU.ActiveCfg = Debug|Any CPU
		{6D544E55-8F7C-4621-B9BE-1BC951D438F6}.Debug|Any CPU.Build.0 = Debug|Any CPU
		{6D544E55-8F7C-4621-B9BE-1BC951D438F6}.Release|Any CPU.ActiveCfg = Release|Any CPU
		{6D544E55-8F7C-4621-B9BE-1BC951D438F6}.Release|Any CPU.Build.0 = Release|Any CPU
		{FE3FFCC9-059F-4CDD-8BAA-E9DADCFDF010}.Debug|Any CPU.ActiveCfg = Debug|Any CPU
		{FE3FFCC9-059F-4CDD-8BAA-E9DADCFDF010}.Debug|Any CPU.Build.0 = Debug|Any CPU
		{FE3FFCC9-059F-4CDD-8BAA-E9DADCFDF010}.Release|Any CPU.ActiveCfg = Release|Any CPU
		{FE3FFCC9-059F-4CDD-8BAA-E9DADCFDF010}.Release|Any CPU.Build.0 = Release|Any CPU
		{AD8FA8A3-267B-498F-8410-0447A3B66713}.Debug|Any CPU.ActiveCfg = Debug|Any CPU
		{AD8FA8A3-267B-498F-8410-0447A3B66713}.Debug|Any CPU.Build.0 = Debug|Any CPU
		{AD8FA8A3-267B-498F-8410-0447A3B66713}.Release|Any CPU.ActiveCfg = Release|Any CPU
		{AD8FA8A3-267B-498F-8410-0447A3B66713}.Release|Any CPU.Build.0 = Release|Any CPU
		{D2EC1823-732E-470E-AA26-71A42D72EC85}.Debug|Any CPU.ActiveCfg = Debug|Any CPU
		{D2EC1823-732E-470E-AA26-71A42D72EC85}.Debug|Any CPU.Build.0 = Debug|Any CPU
		{D2EC1823-732E-470E-AA26-71A42D72EC85}.Release|Any CPU.ActiveCfg = Release|Any CPU
		{D2EC1823-732E-470E-AA26-71A42D72EC85}.Release|Any CPU.Build.0 = Release|Any CPU
		{B37BA78C-66EB-44A5-A717-9C6B507A0BC7}.Debug|Any CPU.ActiveCfg = Debug|Any CPU
		{B37BA78C-66EB-44A5-A717-9C6B507A0BC7}.Debug|Any CPU.Build.0 = Debug|Any CPU
		{B37BA78C-66EB-44A5-A717-9C6B507A0BC7}.Release|Any CPU.ActiveCfg = Release|Any CPU
		{B37BA78C-66EB-44A5-A717-9C6B507A0BC7}.Release|Any CPU.Build.0 = Release|Any CPU
		{9BDB36B6-8B37-4F79-A7C2-E1323DB052BF}.Debug|Any CPU.ActiveCfg = Debug|Any CPU
		{9BDB36B6-8B37-4F79-A7C2-E1323DB052BF}.Debug|Any CPU.Build.0 = Debug|Any CPU
		{9BDB36B6-8B37-4F79-A7C2-E1323DB052BF}.Release|Any CPU.ActiveCfg = Release|Any CPU
		{9BDB36B6-8B37-4F79-A7C2-E1323DB052BF}.Release|Any CPU.Build.0 = Release|Any CPU
		{1192762F-881F-48D7-8774-8D3032FF3945}.Debug|Any CPU.ActiveCfg = Debug|Any CPU
		{1192762F-881F-48D7-8774-8D3032FF3945}.Debug|Any CPU.Build.0 = Debug|Any CPU
		{1192762F-881F-48D7-8774-8D3032FF3945}.Release|Any CPU.ActiveCfg = Release|Any CPU
		{1192762F-881F-48D7-8774-8D3032FF3945}.Release|Any CPU.Build.0 = Release|Any CPU
		{C42669CF-619D-4E31-ADDC-2D806A461BC9}.Debug|Any CPU.ActiveCfg = Debug|Any CPU
		{C42669CF-619D-4E31-ADDC-2D806A461BC9}.Debug|Any CPU.Build.0 = Debug|Any CPU
		{C42669CF-619D-4E31-ADDC-2D806A461BC9}.Release|Any CPU.ActiveCfg = Release|Any CPU
		{C42669CF-619D-4E31-ADDC-2D806A461BC9}.Release|Any CPU.Build.0 = Release|Any CPU
		{C756BBEA-FCD8-41E8-B85C-3E41C36198DC}.Debug|Any CPU.ActiveCfg = Debug|Any CPU
		{C756BBEA-FCD8-41E8-B85C-3E41C36198DC}.Debug|Any CPU.Build.0 = Debug|Any CPU
		{C756BBEA-FCD8-41E8-B85C-3E41C36198DC}.Release|Any CPU.ActiveCfg = Release|Any CPU
		{C756BBEA-FCD8-41E8-B85C-3E41C36198DC}.Release|Any CPU.Build.0 = Release|Any CPU
		{66F49B21-4A08-4DE2-80A0-46AD5907E9BD}.Debug|Any CPU.ActiveCfg = Debug|Any CPU
		{66F49B21-4A08-4DE2-80A0-46AD5907E9BD}.Debug|Any CPU.Build.0 = Debug|Any CPU
		{66F49B21-4A08-4DE2-80A0-46AD5907E9BD}.Release|Any CPU.ActiveCfg = Release|Any CPU
		{66F49B21-4A08-4DE2-80A0-46AD5907E9BD}.Release|Any CPU.Build.0 = Release|Any CPU
		{9E413F46-02DE-41B0-BA98-98EF81826211}.Debug|Any CPU.ActiveCfg = Debug|Any CPU
		{9E413F46-02DE-41B0-BA98-98EF81826211}.Debug|Any CPU.Build.0 = Debug|Any CPU
		{9E413F46-02DE-41B0-BA98-98EF81826211}.Release|Any CPU.ActiveCfg = Release|Any CPU
		{9E413F46-02DE-41B0-BA98-98EF81826211}.Release|Any CPU.Build.0 = Release|Any CPU
		{13F386C9-E4A7-4739-AEA2-AD766BF3166C}.Debug|Any CPU.ActiveCfg = Debug|Any CPU
		{13F386C9-E4A7-4739-AEA2-AD766BF3166C}.Debug|Any CPU.Build.0 = Debug|Any CPU
		{13F386C9-E4A7-4739-AEA2-AD766BF3166C}.Release|Any CPU.ActiveCfg = Release|Any CPU
		{13F386C9-E4A7-4739-AEA2-AD766BF3166C}.Release|Any CPU.Build.0 = Release|Any CPU
		{36413C00-66DC-4AA1-B5F1-B486881BE820}.Debug|Any CPU.ActiveCfg = Debug|Any CPU
		{36413C00-66DC-4AA1-B5F1-B486881BE820}.Debug|Any CPU.Build.0 = Debug|Any CPU
		{36413C00-66DC-4AA1-B5F1-B486881BE820}.Release|Any CPU.ActiveCfg = Release|Any CPU
		{36413C00-66DC-4AA1-B5F1-B486881BE820}.Release|Any CPU.Build.0 = Release|Any CPU
		{A0328DE9-3456-4806-BF78-705A98843693}.Debug|Any CPU.ActiveCfg = Debug|Any CPU
		{A0328DE9-3456-4806-BF78-705A98843693}.Debug|Any CPU.Build.0 = Debug|Any CPU
		{A0328DE9-3456-4806-BF78-705A98843693}.Release|Any CPU.ActiveCfg = Release|Any CPU
		{A0328DE9-3456-4806-BF78-705A98843693}.Release|Any CPU.Build.0 = Release|Any CPU
		{8ADCB176-5447-41BC-9E6B-887765566E4E}.Debug|Any CPU.ActiveCfg = Debug|Any CPU
		{8ADCB176-5447-41BC-9E6B-887765566E4E}.Debug|Any CPU.Build.0 = Debug|Any CPU
		{8ADCB176-5447-41BC-9E6B-887765566E4E}.Release|Any CPU.ActiveCfg = Release|Any CPU
		{8ADCB176-5447-41BC-9E6B-887765566E4E}.Release|Any CPU.Build.0 = Release|Any CPU
		{29454703-BEE8-4CCD-BFE7-8DB75C69A15D}.Debug|Any CPU.ActiveCfg = Debug|Any CPU
		{29454703-BEE8-4CCD-BFE7-8DB75C69A15D}.Debug|Any CPU.Build.0 = Debug|Any CPU
		{29454703-BEE8-4CCD-BFE7-8DB75C69A15D}.Release|Any CPU.ActiveCfg = Release|Any CPU
		{29454703-BEE8-4CCD-BFE7-8DB75C69A15D}.Release|Any CPU.Build.0 = Release|Any CPU
		{453A3685-D32F-467B-A1E2-649298A05E25}.Debug|Any CPU.ActiveCfg = Debug|Any CPU
		{453A3685-D32F-467B-A1E2-649298A05E25}.Debug|Any CPU.Build.0 = Debug|Any CPU
		{453A3685-D32F-467B-A1E2-649298A05E25}.Release|Any CPU.ActiveCfg = Release|Any CPU
		{453A3685-D32F-467B-A1E2-649298A05E25}.Release|Any CPU.Build.0 = Release|Any CPU
		{8ADC522F-84EC-4CFD-870E-FB52EBB9718A}.Debug|Any CPU.ActiveCfg = Debug|Any CPU
		{8ADC522F-84EC-4CFD-870E-FB52EBB9718A}.Debug|Any CPU.Build.0 = Debug|Any CPU
		{8ADC522F-84EC-4CFD-870E-FB52EBB9718A}.Release|Any CPU.ActiveCfg = Release|Any CPU
		{8ADC522F-84EC-4CFD-870E-FB52EBB9718A}.Release|Any CPU.Build.0 = Release|Any CPU
		{8FAFA4DA-4F1C-4CE4-BE9C-AEAFBFBC4BE2}.Debug|Any CPU.ActiveCfg = Debug|Any CPU
		{8FAFA4DA-4F1C-4CE4-BE9C-AEAFBFBC4BE2}.Debug|Any CPU.Build.0 = Debug|Any CPU
		{8FAFA4DA-4F1C-4CE4-BE9C-AEAFBFBC4BE2}.Release|Any CPU.ActiveCfg = Release|Any CPU
		{8FAFA4DA-4F1C-4CE4-BE9C-AEAFBFBC4BE2}.Release|Any CPU.Build.0 = Release|Any CPU
		{9548ECA3-E1F3-4640-A0F6-E9C72681567C}.Debug|Any CPU.ActiveCfg = Debug|Any CPU
		{9548ECA3-E1F3-4640-A0F6-E9C72681567C}.Debug|Any CPU.Build.0 = Debug|Any CPU
		{9548ECA3-E1F3-4640-A0F6-E9C72681567C}.Release|Any CPU.ActiveCfg = Release|Any CPU
		{9548ECA3-E1F3-4640-A0F6-E9C72681567C}.Release|Any CPU.Build.0 = Release|Any CPU
		{4374E45A-F3D0-4EB5-AB02-379A543878A4}.Debug|Any CPU.ActiveCfg = Debug|Any CPU
		{4374E45A-F3D0-4EB5-AB02-379A543878A4}.Debug|Any CPU.Build.0 = Debug|Any CPU
		{4374E45A-F3D0-4EB5-AB02-379A543878A4}.Release|Any CPU.ActiveCfg = Release|Any CPU
		{4374E45A-F3D0-4EB5-AB02-379A543878A4}.Release|Any CPU.Build.0 = Release|Any CPU
		{EDD7ACD2-80FA-4EC7-B8F2-0187DDFB7BDA}.Debug|Any CPU.ActiveCfg = Debug|Any CPU
		{EDD7ACD2-80FA-4EC7-B8F2-0187DDFB7BDA}.Debug|Any CPU.Build.0 = Debug|Any CPU
		{EDD7ACD2-80FA-4EC7-B8F2-0187DDFB7BDA}.Release|Any CPU.ActiveCfg = Release|Any CPU
		{EDD7ACD2-80FA-4EC7-B8F2-0187DDFB7BDA}.Release|Any CPU.Build.0 = Release|Any CPU
	EndGlobalSection
	GlobalSection(SolutionProperties) = preSolution
		HideSolutionNode = FALSE
	EndGlobalSection
	GlobalSection(NestedProjects) = preSolution
		{904995DD-2CB2-4E1C-A07F-6CF45143360F} = {78295904-4FEC-45CE-99A6-5C0FF50DCD7C}
		{7163CC8F-965D-469B-AE49-151395AA5A97} = {DE3E6345-7953-4405-859B-C295CD2F125E}
		{21180674-E6FD-4644-8EC3-E3AAAAFD412D} = {904995DD-2CB2-4E1C-A07F-6CF45143360F}
		{648FCEFD-873D-46B3-B975-38FC6A18E1BB} = {904995DD-2CB2-4E1C-A07F-6CF45143360F}
		{A24DBD3E-0A62-44D8-9074-687C8DA51809} = {78295904-4FEC-45CE-99A6-5C0FF50DCD7C}
		{942950A7-BE00-4F7B-9FD7-26C4F9E8DBA5} = {9BD97A2C-C82E-4BBB-8BF5-E82C5821EDD7}
		{92880144-93A9-42A9-9185-93A34EC50920} = {9429A92D-049E-44BF-A91C-329F6E16B0F6}
		{1873F8B4-09AB-448F-81DF-CED559AA06C7} = {C8AEDF88-EB40-4F0C-8A29-AD0668E40D73}
		{69253435-87F2-45CA-B62C-B49F63BD7F90} = {C8AEDF88-EB40-4F0C-8A29-AD0668E40D73}
		{8F1543B1-3B64-41CB-832E-B1B806E2F08B} = {1604A0B5-BBCB-4B12-AB22-125FCE6C3111}
		{DE3E6345-7953-4405-859B-C295CD2F125E} = {1604A0B5-BBCB-4B12-AB22-125FCE6C3111}
		{DAD81BB2-97FB-4ED3-A414-33699CE3DA8A} = {92880144-93A9-42A9-9185-93A34EC50920}
		{3C97FC43-4BCF-4526-AE06-3E8BAAFE32A8} = {C8AEDF88-EB40-4F0C-8A29-AD0668E40D73}
		{B04D6528-769E-4740-8326-B6F6DA4B1755} = {1BB944C9-68E3-4F02-BDC0-5A4C7571308D}
		{9DF492E6-4A77-4DE6-99B4-4E01DBE49F9D} = {9BD97A2C-C82E-4BBB-8BF5-E82C5821EDD7}
		{ED5C119A-64D4-4BD8-9183-63C270B944D4} = {9DF492E6-4A77-4DE6-99B4-4E01DBE49F9D}
		{688B5052-6DB4-4E6D-9D8C-621D4C4675DF} = {ED5C119A-64D4-4BD8-9183-63C270B944D4}
		{AB46FCA3-4D2F-47A3-94D0-6969A8858435} = {BE4674EF-7690-4645-A5BF-A0615508C0ED}
		{A57CAEA2-0E8A-47B5-B356-DF681CA553F3} = {9429A92D-049E-44BF-A91C-329F6E16B0F6}
		{BE4674EF-7690-4645-A5BF-A0615508C0ED} = {A57CAEA2-0E8A-47B5-B356-DF681CA553F3}
		{B988B54F-A297-4CFF-B57F-FD34A8DA4DFE} = {ED5C119A-64D4-4BD8-9183-63C270B944D4}
		{7E2A6E42-E51C-496C-A9EA-6360EE75644A} = {92880144-93A9-42A9-9185-93A34EC50920}
		{3F9354B1-1FF0-4A21-8BE9-6E6D3ACC0081} = {FAD85CC7-D0FD-4EA8-8EAD-015CCB373CCB}
		{D7931B20-F359-4258-9862-6CFB161AFA8A} = {FAD85CC7-D0FD-4EA8-8EAD-015CCB373CCB}
		{857459A1-E7B6-4847-8BC3-A5D6E61DEC58} = {FAD85CC7-D0FD-4EA8-8EAD-015CCB373CCB}
		{13967EC9-6B6A-4783-848C-5AFBE65B235F} = {942950A7-BE00-4F7B-9FD7-26C4F9E8DBA5}
		{B793AE3E-5119-49B4-8F43-CACDA661DE39} = {13967EC9-6B6A-4783-848C-5AFBE65B235F}
		{6D544E55-8F7C-4621-B9BE-1BC951D438F6} = {13967EC9-6B6A-4783-848C-5AFBE65B235F}
		{FE3FFCC9-059F-4CDD-8BAA-E9DADCFDF010} = {9429A92D-049E-44BF-A91C-329F6E16B0F6}
		{A01DF01C-0ED7-422F-8E0B-17EDB5D3E552} = {78295904-4FEC-45CE-99A6-5C0FF50DCD7C}
		{AD8FA8A3-267B-498F-8410-0447A3B66713} = {A01DF01C-0ED7-422F-8E0B-17EDB5D3E552}
		{01FC59C1-610F-4637-8352-4F441C245FA7} = {1604A0B5-BBCB-4B12-AB22-125FCE6C3111}
		{D2EC1823-732E-470E-AA26-71A42D72EC85} = {01FC59C1-610F-4637-8352-4F441C245FA7}
		{B37BA78C-66EB-44A5-A717-9C6B507A0BC7} = {A01DF01C-0ED7-422F-8E0B-17EDB5D3E552}
		{C8AEDF88-EB40-4F0C-8A29-AD0668E40D73} = {942950A7-BE00-4F7B-9FD7-26C4F9E8DBA5}
		{FAD85CC7-D0FD-4EA8-8EAD-015CCB373CCB} = {942950A7-BE00-4F7B-9FD7-26C4F9E8DBA5}
		{001BFC1E-B3FE-41A4-A7AC-92C38D66C128} = {9429A92D-049E-44BF-A91C-329F6E16B0F6}
		{E37C7517-7931-4AC4-A729-81BD3025171C} = {001BFC1E-B3FE-41A4-A7AC-92C38D66C128}
		{9BDB36B6-8B37-4F79-A7C2-E1323DB052BF} = {E37C7517-7931-4AC4-A729-81BD3025171C}
		{0B4349E2-B40E-4E52-B04E-91E7F3250B29} = {9BD97A2C-C82E-4BBB-8BF5-E82C5821EDD7}
		{F837CE32-AE6A-42DB-8A31-321381DE381A} = {0B4349E2-B40E-4E52-B04E-91E7F3250B29}
		{1192762F-881F-48D7-8774-8D3032FF3945} = {F837CE32-AE6A-42DB-8A31-321381DE381A}
		{C42669CF-619D-4E31-ADDC-2D806A461BC9} = {F837CE32-AE6A-42DB-8A31-321381DE381A}
		{A627C000-FCD2-4B29-A8FF-458460DCF851} = {001BFC1E-B3FE-41A4-A7AC-92C38D66C128}
		{C756BBEA-FCD8-41E8-B85C-3E41C36198DC} = {A627C000-FCD2-4B29-A8FF-458460DCF851}
		{8B92C022-D68F-4A22-84EC-287F72B3BF7A} = {0B4349E2-B40E-4E52-B04E-91E7F3250B29}
		{66F49B21-4A08-4DE2-80A0-46AD5907E9BD} = {8B92C022-D68F-4A22-84EC-287F72B3BF7A}
		{9E413F46-02DE-41B0-BA98-98EF81826211} = {8B92C022-D68F-4A22-84EC-287F72B3BF7A}
		{78295904-4FEC-45CE-99A6-5C0FF50DCD7C} = {9BD97A2C-C82E-4BBB-8BF5-E82C5821EDD7}
		{C38F1472-9C75-4ED6-B924-1E73FEDA90B0} = {78295904-4FEC-45CE-99A6-5C0FF50DCD7C}
		{1604A0B5-BBCB-4B12-AB22-125FCE6C3111} = {9429A92D-049E-44BF-A91C-329F6E16B0F6}
		{D2B59B6F-9C5F-4D23-A225-6BECB483B6D9} = {1604A0B5-BBCB-4B12-AB22-125FCE6C3111}
		{13F386C9-E4A7-4739-AEA2-AD766BF3166C} = {D2B59B6F-9C5F-4D23-A225-6BECB483B6D9}
		{36413C00-66DC-4AA1-B5F1-B486881BE820} = {C38F1472-9C75-4ED6-B924-1E73FEDA90B0}
		{A0328DE9-3456-4806-BF78-705A98843693} = {C38F1472-9C75-4ED6-B924-1E73FEDA90B0}
		{8ADCB176-5447-41BC-9E6B-887765566E4E} = {C38F1472-9C75-4ED6-B924-1E73FEDA90B0}
		{29454703-BEE8-4CCD-BFE7-8DB75C69A15D} = {A24DBD3E-0A62-44D8-9074-687C8DA51809}
		{453A3685-D32F-467B-A1E2-649298A05E25} = {A24DBD3E-0A62-44D8-9074-687C8DA51809}
		{8ADC522F-84EC-4CFD-870E-FB52EBB9718A} = {8F1543B1-3B64-41CB-832E-B1B806E2F08B}
		{8FAFA4DA-4F1C-4CE4-BE9C-AEAFBFBC4BE2} = {8B92C022-D68F-4A22-84EC-287F72B3BF7A}
		{9548ECA3-E1F3-4640-A0F6-E9C72681567C} = {F837CE32-AE6A-42DB-8A31-321381DE381A}
		{4374E45A-F3D0-4EB5-AB02-379A543878A4} = {904995DD-2CB2-4E1C-A07F-6CF45143360F}
		{EDD7ACD2-80FA-4EC7-B8F2-0187DDFB7BDA} = {A01DF01C-0ED7-422F-8E0B-17EDB5D3E552}
	EndGlobalSection
	GlobalSection(ExtensibilityGlobals) = postSolution
		SolutionGuid = {E7B78B5E-8DE2-4C73-8F18-FA540EDE69D7}
	EndGlobalSection
EndGlobal
