
Microsoft Visual Studio Solution File, Format Version 12.00
# Visual Studio Version 17
VisualStudioVersion = 17.5.33627.172
MinimumVisualStudioVersion = 10.0.40219.1
Project("{2150E333-8FDC-42A3-9474-1A3956D46DE8}") = "BACK", "BACK", "{9A88ACE1-E08A-4650-93AD-A84642F274BB}"
EndProject
Project("{2150E333-8FDC-42A3-9474-1A3956D46DE8}") = "SPR", "SPR", "{FEBCC389-15E9-45D8-894D-D105A725441A}"
EndProject
Project("{2150E333-8FDC-42A3-9474-1A3956D46DE8}") = "GSM00100", "GSM00100", "{806DD40D-0D09-44F7-A304-C547B7FF5878}"
EndProject
Project("{2150E333-8FDC-42A3-9474-1A3956D46DE8}") = "COMMON", "COMMON", "{FA3B4DBA-EFD5-431A-B5F8-074975E4D91B}"
EndProject
Project("{2150E333-8FDC-42A3-9474-1A3956D46DE8}") = "SERVICE", "SERVICE", "{3F304EDC-E2D8-4A01-B168-01114FDF0335}"
EndProject
Project("{2150E333-8FDC-42A3-9474-1A3956D46DE8}") = "API", "API", "{C3EAE219-7C8B-4C0B-B9AA-C36E59A59874}"
EndProject
Project("{9A19103F-16F7-4668-BE54-9A1E7A4F7556}") = "BIMASAKTI_GS_API", "API\GS\BIMASAKTI_GS_API\BIMASAKTI_GS_API.csproj", "{B39B82B8-79EA-4E46-A0E6-773A908ED7E1}"
EndProject
Project("{778DAE3C-4631-46EA-AA77-85C1314464D9}") = "R_SecurityTokenCommon", "COMMON\GS\R_SecurityTokenCommon\R_SecurityTokenCommon.vbproj", "{A89F6408-4284-47DE-AF66-EFA5EEDC282A}"
EndProject
Project("{778DAE3C-4631-46EA-AA77-85C1314464D9}") = "R_SecurityPolicyCommon", "COMMON\GS\R_SecurityPolicyCommon\R_SecurityPolicyCommon.vbproj", "{4C79EBF6-8281-4F29-97F0-7C633690548F}"
EndProject
Project("{778DAE3C-4631-46EA-AA77-85C1314464D9}") = "BlazorMenuCommon", "COMMON\GS\BlazorMenuCommon\BlazorMenuCommon.vbproj", "{E1A1C36B-6C10-49D7-95F9-7261B2351064}"
EndProject
Project("{778DAE3C-4631-46EA-AA77-85C1314464D9}") = "GSM00100Back", "BACK\GS\GSM00100Back\GSM00100Back.vbproj", "{6CE6BF64-0EFA-4F80-9733-76DA715AC016}"
EndProject
Project("{778DAE3C-4631-46EA-AA77-85C1314464D9}") = "GSM00100Common", "COMMON\GS\GSM00100Common\GSM00100Common.vbproj", "{98AFD3EF-6404-4E53-A6D1-609D75BA607A}"
EndProject
Project("{9A19103F-16F7-4668-BE54-9A1E7A4F7556}") = "GSM00100Service", "SERVICE\GS\GSM00100Service\GSM00100Service.csproj", "{319C9ECB-4FDC-4005-ADBB-F6EFA1F6F840}"
EndProject
Project("{9A19103F-16F7-4668-BE54-9A1E7A4F7556}") = "GSM06500Common", "COMMON\GS\GSM06500Common\GSM06500Common.csproj", "{D24DFCCC-9F27-45A9-A13E-76868AD37CC3}"
EndProject
Project("{2150E333-8FDC-42A3-9474-1A3956D46DE8}") = "GSM06500", "GSM06500", "{940E308B-6B9F-458A-941C-23C9F05D7470}"
EndProject
Project("{9A19103F-16F7-4668-BE54-9A1E7A4F7556}") = "GSM06500Back", "BACK\GS\GSM06500Back\GSM06500Back.csproj", "{0D476E59-8002-49C9-A31F-E4D07B6EA69F}"
EndProject
Project("{9A19103F-16F7-4668-BE54-9A1E7A4F7556}") = "GSM06500Service", "SERVICE\GS\GSM06500Service\GSM06500Service.csproj", "{F4E5AC81-5B57-4FA9-A068-918384E4FAA9}"
EndProject
Project("{9A19103F-16F7-4668-BE54-9A1E7A4F7556}") = "RSP_GS_MAINTAIN_PAYMENT_TERMResources", "BACK\GS\GS_SPR\RSP_GS_MAINTAIN_PAYMENT_TERMResources\RSP_GS_MAINTAIN_PAYMENT_TERMResources.csproj", "{346EA8DB-B047-4F1C-ADE4-61FEB07CF09E}"
EndProject
Project("{9A19103F-16F7-4668-BE54-9A1E7A4F7556}") = "GSM04500Common", "COMMON\GS\GSM04500\GSM04500Common.csproj", "{086327FC-E8F4-4490-BCF5-F7C6E980EFA6}"
EndProject
Project("{2150E333-8FDC-42A3-9474-1A3956D46DE8}") = "GSM04500", "GSM04500", "{BC1D3A7A-57E8-40D3-926F-9710D7822969}"
EndProject
Project("{9A19103F-16F7-4668-BE54-9A1E7A4F7556}") = "GSM04500Back", "BACK\GS\GSM04500Back\GSM04500Back.csproj", "{C3BB8E6D-A2FC-4A33-B84D-B8972F30BA6E}"
EndProject
Project("{9A19103F-16F7-4668-BE54-9A1E7A4F7556}") = "GSM04500Service", "SERVICE\GS\GSM04500Service\GSM04500Service.csproj", "{1A4FEC72-78BD-45C8-B14D-91DC113A9FFF}"
EndProject
Project("{2150E333-8FDC-42A3-9474-1A3956D46DE8}") = "VLOOKUP", "VLOOKUP", "{40E1D506-BF82-4190-B7F5-39F4A5B9C0D7}"
EndProject
Project("{2150E333-8FDC-42A3-9474-1A3956D46DE8}") = "TEMPLATES", "TEMPLATES", "{D8160E29-F9D6-40DC-AAB4-36151F5F7606}"
EndProject
Project("{2150E333-8FDC-42A3-9474-1A3956D46DE8}") = "GSM06500", "GSM06500", "{C3727664-10D4-4878-8F6D-870A31C65C88}"
EndProject
Project("{2150E333-8FDC-42A3-9474-1A3956D46DE8}") = "GSM04500", "GSM04500", "{A42169E6-0B58-4410-9CC3-F27BA895689D}"
EndProject
Project("{2150E333-8FDC-42A3-9474-1A3956D46DE8}") = "TEMPLATES", "TEMPLATES", "{D12B27F0-88C9-49F8-B608-093ADD5CFBC1}"
EndProject
Project("{2150E333-8FDC-42A3-9474-1A3956D46DE8}") = "VLOOKUP", "VLOOKUP", "{CAC46EB3-E3B9-4F41-A72E-D7476834CDAA}"
EndProject
Project("{9A19103F-16F7-4668-BE54-9A1E7A4F7556}") = "Lookup_GSSERVICES", "..\..\BS Shared Form\SOURCE\SERVICES\Lookup_GSSERVICES\Lookup_GSSERVICES.csproj", "{8513AD5B-8335-4ADB-B285-44DE2BB0CB2C}"
EndProject
Project("{2150E333-8FDC-42A3-9474-1A3956D46DE8}") = "VLOOKUP", "VLOOKUP", "{475CB40F-6D46-4F8C-83DB-B7888CE2B71A}"
EndProject
Project("{9A19103F-16F7-4668-BE54-9A1E7A4F7556}") = "Lookup_GSBACK", "..\..\BS Shared Form\SOURCE\BACK\Lookup_GSBACK\Lookup_GSBACK.csproj", "{544DE308-65A1-4698-AD9B-D008D14B89EE}"
EndProject
Project("{9A19103F-16F7-4668-BE54-9A1E7A4F7556}") = "Lookup_GSBackResources", "..\..\BS Shared Form\SOURCE\BACK\Lookup_GSBackResources\Lookup_GSBackResources.csproj", "{C834A099-FFF2-43AF-B3D1-2A5D2BB59AA8}"
EndProject
Project("{9A19103F-16F7-4668-BE54-9A1E7A4F7556}") = "Lookup_GSCOMMON", "..\..\BS Shared Form\SOURCE\BACK\Lookup_GSCOMMON\Lookup_GSCOMMON.csproj", "{9FC1F845-1AA1-459D-921A-3F4310AD3202}"
EndProject
Project("{2150E333-8FDC-42A3-9474-1A3956D46DE8}") = "LMM06000", "LMM06000", "{25ADF691-46E0-4F81-B6B5-B659D7AE93D4}"
EndProject
Project("{9A19103F-16F7-4668-BE54-9A1E7A4F7556}") = "BIMASAKTI_LM_API", "API\LM\BIMASAKTI_LM_API\BIMASAKTI_LM_API.csproj", "{EF002C3E-C8CC-4652-AD9B-50AF9B91C848}"
EndProject
Project("{9A19103F-16F7-4668-BE54-9A1E7A4F7556}") = "LMM06000Common", "COMMON\LM\LMM06000Common\LMM06000Common.csproj", "{03192B23-214B-4695-B1E3-7172B1422D07}"
EndProject
Project("{2150E333-8FDC-42A3-9474-1A3956D46DE8}") = "LM", "LM", "{917E49B2-8912-4894-937F-2FE6F41B3115}"
EndProject
Project("{2150E333-8FDC-42A3-9474-1A3956D46DE8}") = "LMM06000", "LMM06000", "{72208F4A-B7A0-4C7F-8392-E77E060C7FD3}"
EndProject
Project("{9A19103F-16F7-4668-BE54-9A1E7A4F7556}") = "LMM06000Back", "BACK\LM\LMM06000\LMM06000Back.csproj", "{D9D91787-4CE9-4E54-82EE-FDA6A26EAA1F}"
EndProject
Project("{2150E333-8FDC-42A3-9474-1A3956D46DE8}") = "LM", "LM", "{6700A3E4-E0A8-4EFC-97E9-2F041666EB03}"
EndProject
Project("{9A19103F-16F7-4668-BE54-9A1E7A4F7556}") = "LMM06000Service", "SERVICE\LM\LMM06000Service\LMM06000Service.csproj", "{9A383838-58D2-4D79-8A1C-C1278EFB8B31}"
EndProject
Project("{9A19103F-16F7-4668-BE54-9A1E7A4F7556}") = "Lookup_LMCOMMON", "..\..\BS Shared Form\SOURCE\BACK\Lookup_LMCOMMON\Lookup_LMCOMMON.csproj", "{87E048A5-092E-4B6B-9C74-6D304CCF3E66}"
EndProject
Project("{9A19103F-16F7-4668-BE54-9A1E7A4F7556}") = "Lookup_LMBACK", "..\..\BS Shared Form\SOURCE\BACK\Lookup_LMBACK\Lookup_LMBACK.csproj", "{F6F1FC5A-0026-4AB9-969F-92D6C1E58CA8}"
EndProject
Project("{9A19103F-16F7-4668-BE54-9A1E7A4F7556}") = "Lookup_LMBackResources", "..\..\BS Shared Form\SOURCE\BACK\Lookup_LMBackResources\Lookup_LMBackResources.csproj", "{292A6078-E2CE-4F80-A84F-5916823730CA}"
EndProject
Project("{9A19103F-16F7-4668-BE54-9A1E7A4F7556}") = "Lookup_LMSERVICES", "..\..\BS Shared Form\SOURCE\SERVICES\Lookup_LMSERVICES\Lookup_LMSERVICES.csproj", "{1E9B2848-915B-41A4-A9A3-7FC9429A664D}"
EndProject
Project("{9A19103F-16F7-4668-BE54-9A1E7A4F7556}") = "GFF00900COMMON", "..\..\BS Shared Form\SOURCE\BACK\GFF00900COMMON\GFF00900COMMON.csproj", "{5F0333A7-9100-4A61-846E-3F1E03E15ECE}"
EndProject
Project("{9A19103F-16F7-4668-BE54-9A1E7A4F7556}") = "GFF00900BACK", "..\..\BS Shared Form\SOURCE\BACK\GFF00900BACK\GFF00900BACK.csproj", "{BD4C99A8-0347-4311-AB1D-D6DB15A7C38C}"
EndProject
Project("{9A19103F-16F7-4668-BE54-9A1E7A4F7556}") = "GFF00900SERVICES", "..\..\BS Shared Form\SOURCE\SERVICES\GFF00900SERVICES\GFF00900SERVICES.csproj", "{06B378C6-6BB4-4784-88DA-96BF17F7979E}"
EndProject
Project("{2150E333-8FDC-42A3-9474-1A3956D46DE8}") = "GST00500", "GST00500", "{18FF1507-3B25-4FF4-9854-11CD506F42BE}"
EndProject
Project("{9A19103F-16F7-4668-BE54-9A1E7A4F7556}") = "GST00500Common", "COMMON\GS\GST00500Common\GST00500Common.csproj", "{D1484BD3-C15A-4D19-8F33-36ED3F9202F9}"
EndProject
Project("{2150E333-8FDC-42A3-9474-1A3956D46DE8}") = "GST00500", "GST00500", "{C5CEA3C8-B007-4E92-B975-E866C66C3E8A}"
EndProject
Project("{9A19103F-16F7-4668-BE54-9A1E7A4F7556}") = "GST00500Back", "BACK\GS\GST00500Back\GST00500Back.csproj", "{590FBE86-C171-4C09-8B8C-42B994E431D4}"
EndProject
Project("{9A19103F-16F7-4668-BE54-9A1E7A4F7556}") = "GST00500Service", "SERVICE\GS\GST00500Service\GST00500Service.csproj", "{FEFECD4D-E4D1-482E-94F9-FDB413D8EE90}"
EndProject
Project("{2150E333-8FDC-42A3-9474-1A3956D46DE8}") = "GL", "GL", "{F592CD42-1678-4F2F-9CF6-0286E0590825}"
EndProject
Project("{2150E333-8FDC-42A3-9474-1A3956D46DE8}") = "GLB00200", "GLB00200", "{F8B840DE-D007-4921-A72D-09938E67985F}"
EndProject
Project("{9A19103F-16F7-4668-BE54-9A1E7A4F7556}") = "GLB00200Common", "COMMON\GL\GLB00200Common\GLB00200Common.csproj", "{E238D048-0CE8-4AE7-89B2-09FE038A7F5E}"
EndProject
Project("{2150E333-8FDC-42A3-9474-1A3956D46DE8}") = "GL", "GL", "{835AD4DE-7CAC-4C94-B234-C584723EAC56}"
EndProject
Project("{2150E333-8FDC-42A3-9474-1A3956D46DE8}") = "GLB00200", "GLB00200", "{06DBC060-0C52-4306-8ACE-75E2A97C179C}"
EndProject
Project("{9A19103F-16F7-4668-BE54-9A1E7A4F7556}") = "GLB00200Back", "BACK\GL\GLB00200Back\GLB00200Back.csproj", "{34BF5A2D-9F3C-45A2-8F56-DC30958553B3}"
EndProject
Project("{2150E333-8FDC-42A3-9474-1A3956D46DE8}") = "GL", "GL", "{AF7754A8-B82F-4EFB-AB0F-7CD8766F976F}"
EndProject
Project("{9A19103F-16F7-4668-BE54-9A1E7A4F7556}") = "GLB00200Service", "SERVICE\GL\GLB00200Service\GLB00200Service.csproj", "{AF1F170A-B343-4570-A4FA-F94027A3AEF9}"
EndProject
Project("{9A19103F-16F7-4668-BE54-9A1E7A4F7556}") = "BIMASAKTI_GL_API", "API\GL\BIMASAKTI_GL_API\BIMASAKTI_GL_API.csproj", "{F7A6EC89-157E-4779-B228-3E74022277AC}"
EndProject
Project("{2150E333-8FDC-42A3-9474-1A3956D46DE8}") = "GLR00300", "GLR00300", "{3CAAED3F-20C7-4167-9362-998ED977B3EB}"
EndProject
Project("{9A19103F-16F7-4668-BE54-9A1E7A4F7556}") = "GLR00300Common", "COMMON\GL\GLR00300Common\GLR00300Common.csproj", "{CC7CDDD4-26D6-48D3-8D51-CC4C0E69E5AF}"
EndProject
Project("{2150E333-8FDC-42A3-9474-1A3956D46DE8}") = "GLR00300", "GLR00300", "{212401AA-94D7-4858-A4B8-9781650AD4A6}"
EndProject
Project("{9A19103F-16F7-4668-BE54-9A1E7A4F7556}") = "GLR00300Back", "BACK\GL\GLR00300Back\GLR00300Back.csproj", "{931819D0-1D16-4EF4-9F4E-155713D8F38C}"
EndProject
Project("{9A19103F-16F7-4668-BE54-9A1E7A4F7556}") = "GLR00300Service", "SERVICE\GL\GLR00300Service\GLR00300Service.csproj", "{9700329C-A9D2-4C21-8FF1-560730DCFACE}"
EndProject
Project("{9A19103F-16F7-4668-BE54-9A1E7A4F7556}") = "RSP_GS_MAINTAIN_JOURNAL_GROUPResources", "BACK\GS\GS_SPR\RSP_GS_MAINTAIN_JOURNAL_GROUPResources\RSP_GS_MAINTAIN_JOURNAL_GROUPResources.csproj", "{3600A641-7173-42D6-A642-C2E9A06B772C}"
EndProject
Project("{9A19103F-16F7-4668-BE54-9A1E7A4F7556}") = "RSP_GS_MAINTAIN_JOURNAL_GROUP_ACCOUNT_DEPTResources", "BACK\GS\GS_SPR\RSP_GS_MAINTAIN_JOURNAL_GROUP_ACCOUNT_DEPTResources\RSP_GS_MAINTAIN_JOURNAL_GROUP_ACCOUNT_DEPTResources.csproj", "{9E57AF4C-0077-48C5-BD97-0F06711E0DC3}"
EndProject
Project("{2150E333-8FDC-42A3-9474-1A3956D46DE8}") = "GFF0900", "GFF0900", "{8E05AF26-0952-478E-A7AB-CDB134DF54BD}"
EndProject
Project("{9A19103F-16F7-4668-BE54-9A1E7A4F7556}") = "RSP_ACTIVITY_VALIDITYResources", "BACK\GS\GS_SPR\RSP_ACTIVITY_VALIDITYResources\RSP_ACTIVITY_VALIDITYResources.csproj", "{3A37402F-CA82-41E2-AA78-92BE2051ABF9}"
EndProject
Project("{9A19103F-16F7-4668-BE54-9A1E7A4F7556}") = "RSP_GS_VALIDATE_USER_ACT_APPRResources", "BACK\GS\GS_SPR\RSP_GS_VALIDATE_USER_ACT_APPRResources\RSP_GS_VALIDATE_USER_ACT_APPRResources.csproj", "{D8FFBC69-AE1B-4AB3-81F6-2EA4E809BC5E}"
EndProject
Project("{2150E333-8FDC-42A3-9474-1A3956D46DE8}") = "DESIGN", "DESIGN", "{BD6A94C3-34F0-4705-B9BA-3CA3452EDE09}"
EndProject
Project("{2150E333-8FDC-42A3-9474-1A3956D46DE8}") = "GL", "GL", "{185409E7-E4A4-492B-B2A4-FD0D2424CB71}"
EndProject
Project("{2150E333-8FDC-42A3-9474-1A3956D46DE8}") = "GLR00300AccountTrialBalance", "GLR00300AccountTrialBalance", "{39FF3895-854A-450A-AAE9-8B2ABEAF7E34}"
EndProject
Project("{9A19103F-16F7-4668-BE54-9A1E7A4F7556}") = "DesignFormGL", "DESIGN\GL\GLR00300\GLDesainReport\DesignFormGL\DesignFormGL.csproj", "{254DA463-81D9-4313-A41A-490E14E8D99A}"
EndProject
Project("{FAE04EC0-301F-11D3-BF4B-00C04F79EFBC}") = "RSP_GL_PROCESS_REVERSING_JRNResources", "BACK\GL\GL_SPR\RSP_GL_PROCESS_REVERSING_JRNResources\RSP_GL_PROCESS_REVERSING_JRNResources.csproj", "{4DE1E1FA-D489-414E-9228-5E689AF2D620}"
EndProject
Project("{FAE04EC0-301F-11D3-BF4B-00C04F79EFBC}") = "BaseHeaderReportCommon", "COMMON\GL\BaseHeaderReportCommon\BaseHeaderReportCommon.csproj", "{5B5F7CEA-2CD9-48DB-BC69-84386F6F7902}"
EndProject
Global
	GlobalSection(SolutionConfigurationPlatforms) = preSolution
		Debug|Any CPU = Debug|Any CPU
		Release|Any CPU = Release|Any CPU
	EndGlobalSection
	GlobalSection(ProjectConfigurationPlatforms) = postSolution
		{B39B82B8-79EA-4E46-A0E6-773A908ED7E1}.Debug|Any CPU.ActiveCfg = Debug|Any CPU
		{B39B82B8-79EA-4E46-A0E6-773A908ED7E1}.Debug|Any CPU.Build.0 = Debug|Any CPU
		{B39B82B8-79EA-4E46-A0E6-773A908ED7E1}.Release|Any CPU.ActiveCfg = Release|Any CPU
		{B39B82B8-79EA-4E46-A0E6-773A908ED7E1}.Release|Any CPU.Build.0 = Release|Any CPU
		{A89F6408-4284-47DE-AF66-EFA5EEDC282A}.Debug|Any CPU.ActiveCfg = Debug|Any CPU
		{A89F6408-4284-47DE-AF66-EFA5EEDC282A}.Debug|Any CPU.Build.0 = Debug|Any CPU
		{A89F6408-4284-47DE-AF66-EFA5EEDC282A}.Release|Any CPU.ActiveCfg = Release|Any CPU
		{A89F6408-4284-47DE-AF66-EFA5EEDC282A}.Release|Any CPU.Build.0 = Release|Any CPU
		{4C79EBF6-8281-4F29-97F0-7C633690548F}.Debug|Any CPU.ActiveCfg = Debug|Any CPU
		{4C79EBF6-8281-4F29-97F0-7C633690548F}.Debug|Any CPU.Build.0 = Debug|Any CPU
		{4C79EBF6-8281-4F29-97F0-7C633690548F}.Release|Any CPU.ActiveCfg = Release|Any CPU
		{4C79EBF6-8281-4F29-97F0-7C633690548F}.Release|Any CPU.Build.0 = Release|Any CPU
		{E1A1C36B-6C10-49D7-95F9-7261B2351064}.Debug|Any CPU.ActiveCfg = Debug|Any CPU
		{E1A1C36B-6C10-49D7-95F9-7261B2351064}.Debug|Any CPU.Build.0 = Debug|Any CPU
		{E1A1C36B-6C10-49D7-95F9-7261B2351064}.Release|Any CPU.ActiveCfg = Release|Any CPU
		{E1A1C36B-6C10-49D7-95F9-7261B2351064}.Release|Any CPU.Build.0 = Release|Any CPU
		{6CE6BF64-0EFA-4F80-9733-76DA715AC016}.Debug|Any CPU.ActiveCfg = Debug|Any CPU
		{6CE6BF64-0EFA-4F80-9733-76DA715AC016}.Debug|Any CPU.Build.0 = Debug|Any CPU
		{6CE6BF64-0EFA-4F80-9733-76DA715AC016}.Release|Any CPU.ActiveCfg = Release|Any CPU
		{6CE6BF64-0EFA-4F80-9733-76DA715AC016}.Release|Any CPU.Build.0 = Release|Any CPU
		{98AFD3EF-6404-4E53-A6D1-609D75BA607A}.Debug|Any CPU.ActiveCfg = Debug|Any CPU
		{98AFD3EF-6404-4E53-A6D1-609D75BA607A}.Debug|Any CPU.Build.0 = Debug|Any CPU
		{98AFD3EF-6404-4E53-A6D1-609D75BA607A}.Release|Any CPU.ActiveCfg = Release|Any CPU
		{98AFD3EF-6404-4E53-A6D1-609D75BA607A}.Release|Any CPU.Build.0 = Release|Any CPU
		{319C9ECB-4FDC-4005-ADBB-F6EFA1F6F840}.Debug|Any CPU.ActiveCfg = Debug|Any CPU
		{319C9ECB-4FDC-4005-ADBB-F6EFA1F6F840}.Debug|Any CPU.Build.0 = Debug|Any CPU
		{319C9ECB-4FDC-4005-ADBB-F6EFA1F6F840}.Release|Any CPU.ActiveCfg = Release|Any CPU
		{319C9ECB-4FDC-4005-ADBB-F6EFA1F6F840}.Release|Any CPU.Build.0 = Release|Any CPU
		{D24DFCCC-9F27-45A9-A13E-76868AD37CC3}.Debug|Any CPU.ActiveCfg = Debug|Any CPU
		{D24DFCCC-9F27-45A9-A13E-76868AD37CC3}.Debug|Any CPU.Build.0 = Debug|Any CPU
		{D24DFCCC-9F27-45A9-A13E-76868AD37CC3}.Release|Any CPU.ActiveCfg = Release|Any CPU
		{D24DFCCC-9F27-45A9-A13E-76868AD37CC3}.Release|Any CPU.Build.0 = Release|Any CPU
		{0D476E59-8002-49C9-A31F-E4D07B6EA69F}.Debug|Any CPU.ActiveCfg = Debug|Any CPU
		{0D476E59-8002-49C9-A31F-E4D07B6EA69F}.Debug|Any CPU.Build.0 = Debug|Any CPU
		{0D476E59-8002-49C9-A31F-E4D07B6EA69F}.Release|Any CPU.ActiveCfg = Release|Any CPU
		{0D476E59-8002-49C9-A31F-E4D07B6EA69F}.Release|Any CPU.Build.0 = Release|Any CPU
		{F4E5AC81-5B57-4FA9-A068-918384E4FAA9}.Debug|Any CPU.ActiveCfg = Debug|Any CPU
		{F4E5AC81-5B57-4FA9-A068-918384E4FAA9}.Debug|Any CPU.Build.0 = Debug|Any CPU
		{F4E5AC81-5B57-4FA9-A068-918384E4FAA9}.Release|Any CPU.ActiveCfg = Release|Any CPU
		{F4E5AC81-5B57-4FA9-A068-918384E4FAA9}.Release|Any CPU.Build.0 = Release|Any CPU
		{346EA8DB-B047-4F1C-ADE4-61FEB07CF09E}.Debug|Any CPU.ActiveCfg = Debug|Any CPU
		{346EA8DB-B047-4F1C-ADE4-61FEB07CF09E}.Debug|Any CPU.Build.0 = Debug|Any CPU
		{346EA8DB-B047-4F1C-ADE4-61FEB07CF09E}.Release|Any CPU.ActiveCfg = Release|Any CPU
		{346EA8DB-B047-4F1C-ADE4-61FEB07CF09E}.Release|Any CPU.Build.0 = Release|Any CPU
		{086327FC-E8F4-4490-BCF5-F7C6E980EFA6}.Debug|Any CPU.ActiveCfg = Debug|Any CPU
		{086327FC-E8F4-4490-BCF5-F7C6E980EFA6}.Debug|Any CPU.Build.0 = Debug|Any CPU
		{086327FC-E8F4-4490-BCF5-F7C6E980EFA6}.Release|Any CPU.ActiveCfg = Release|Any CPU
		{086327FC-E8F4-4490-BCF5-F7C6E980EFA6}.Release|Any CPU.Build.0 = Release|Any CPU
		{C3BB8E6D-A2FC-4A33-B84D-B8972F30BA6E}.Debug|Any CPU.ActiveCfg = Debug|Any CPU
		{C3BB8E6D-A2FC-4A33-B84D-B8972F30BA6E}.Debug|Any CPU.Build.0 = Debug|Any CPU
		{C3BB8E6D-A2FC-4A33-B84D-B8972F30BA6E}.Release|Any CPU.ActiveCfg = Release|Any CPU
		{C3BB8E6D-A2FC-4A33-B84D-B8972F30BA6E}.Release|Any CPU.Build.0 = Release|Any CPU
		{1A4FEC72-78BD-45C8-B14D-91DC113A9FFF}.Debug|Any CPU.ActiveCfg = Debug|Any CPU
		{1A4FEC72-78BD-45C8-B14D-91DC113A9FFF}.Debug|Any CPU.Build.0 = Debug|Any CPU
		{1A4FEC72-78BD-45C8-B14D-91DC113A9FFF}.Release|Any CPU.ActiveCfg = Release|Any CPU
		{1A4FEC72-78BD-45C8-B14D-91DC113A9FFF}.Release|Any CPU.Build.0 = Release|Any CPU
		{8513AD5B-8335-4ADB-B285-44DE2BB0CB2C}.Debug|Any CPU.ActiveCfg = Debug|Any CPU
		{8513AD5B-8335-4ADB-B285-44DE2BB0CB2C}.Debug|Any CPU.Build.0 = Debug|Any CPU
		{8513AD5B-8335-4ADB-B285-44DE2BB0CB2C}.Release|Any CPU.ActiveCfg = Release|Any CPU
		{8513AD5B-8335-4ADB-B285-44DE2BB0CB2C}.Release|Any CPU.Build.0 = Release|Any CPU
		{544DE308-65A1-4698-AD9B-D008D14B89EE}.Debug|Any CPU.ActiveCfg = Debug|Any CPU
		{544DE308-65A1-4698-AD9B-D008D14B89EE}.Debug|Any CPU.Build.0 = Debug|Any CPU
		{544DE308-65A1-4698-AD9B-D008D14B89EE}.Release|Any CPU.ActiveCfg = Release|Any CPU
		{544DE308-65A1-4698-AD9B-D008D14B89EE}.Release|Any CPU.Build.0 = Release|Any CPU
		{C834A099-FFF2-43AF-B3D1-2A5D2BB59AA8}.Debug|Any CPU.ActiveCfg = Debug|Any CPU
		{C834A099-FFF2-43AF-B3D1-2A5D2BB59AA8}.Debug|Any CPU.Build.0 = Debug|Any CPU
		{C834A099-FFF2-43AF-B3D1-2A5D2BB59AA8}.Release|Any CPU.ActiveCfg = Release|Any CPU
		{C834A099-FFF2-43AF-B3D1-2A5D2BB59AA8}.Release|Any CPU.Build.0 = Release|Any CPU
		{9FC1F845-1AA1-459D-921A-3F4310AD3202}.Debug|Any CPU.ActiveCfg = Debug|Any CPU
		{9FC1F845-1AA1-459D-921A-3F4310AD3202}.Debug|Any CPU.Build.0 = Debug|Any CPU
		{9FC1F845-1AA1-459D-921A-3F4310AD3202}.Release|Any CPU.ActiveCfg = Release|Any CPU
		{9FC1F845-1AA1-459D-921A-3F4310AD3202}.Release|Any CPU.Build.0 = Release|Any CPU
		{EF002C3E-C8CC-4652-AD9B-50AF9B91C848}.Debug|Any CPU.ActiveCfg = Debug|Any CPU
		{EF002C3E-C8CC-4652-AD9B-50AF9B91C848}.Debug|Any CPU.Build.0 = Debug|Any CPU
		{EF002C3E-C8CC-4652-AD9B-50AF9B91C848}.Release|Any CPU.ActiveCfg = Release|Any CPU
		{EF002C3E-C8CC-4652-AD9B-50AF9B91C848}.Release|Any CPU.Build.0 = Release|Any CPU
		{03192B23-214B-4695-B1E3-7172B1422D07}.Debug|Any CPU.ActiveCfg = Debug|Any CPU
		{03192B23-214B-4695-B1E3-7172B1422D07}.Debug|Any CPU.Build.0 = Debug|Any CPU
		{03192B23-214B-4695-B1E3-7172B1422D07}.Release|Any CPU.ActiveCfg = Release|Any CPU
		{03192B23-214B-4695-B1E3-7172B1422D07}.Release|Any CPU.Build.0 = Release|Any CPU
		{D9D91787-4CE9-4E54-82EE-FDA6A26EAA1F}.Debug|Any CPU.ActiveCfg = Debug|Any CPU
		{D9D91787-4CE9-4E54-82EE-FDA6A26EAA1F}.Debug|Any CPU.Build.0 = Debug|Any CPU
		{D9D91787-4CE9-4E54-82EE-FDA6A26EAA1F}.Release|Any CPU.ActiveCfg = Release|Any CPU
		{D9D91787-4CE9-4E54-82EE-FDA6A26EAA1F}.Release|Any CPU.Build.0 = Release|Any CPU
		{9A383838-58D2-4D79-8A1C-C1278EFB8B31}.Debug|Any CPU.ActiveCfg = Debug|Any CPU
		{9A383838-58D2-4D79-8A1C-C1278EFB8B31}.Debug|Any CPU.Build.0 = Debug|Any CPU
		{9A383838-58D2-4D79-8A1C-C1278EFB8B31}.Release|Any CPU.ActiveCfg = Release|Any CPU
		{9A383838-58D2-4D79-8A1C-C1278EFB8B31}.Release|Any CPU.Build.0 = Release|Any CPU
		{87E048A5-092E-4B6B-9C74-6D304CCF3E66}.Debug|Any CPU.ActiveCfg = Debug|Any CPU
		{87E048A5-092E-4B6B-9C74-6D304CCF3E66}.Debug|Any CPU.Build.0 = Debug|Any CPU
		{87E048A5-092E-4B6B-9C74-6D304CCF3E66}.Release|Any CPU.ActiveCfg = Release|Any CPU
		{87E048A5-092E-4B6B-9C74-6D304CCF3E66}.Release|Any CPU.Build.0 = Release|Any CPU
		{F6F1FC5A-0026-4AB9-969F-92D6C1E58CA8}.Debug|Any CPU.ActiveCfg = Debug|Any CPU
		{F6F1FC5A-0026-4AB9-969F-92D6C1E58CA8}.Debug|Any CPU.Build.0 = Debug|Any CPU
		{F6F1FC5A-0026-4AB9-969F-92D6C1E58CA8}.Release|Any CPU.ActiveCfg = Release|Any CPU
		{F6F1FC5A-0026-4AB9-969F-92D6C1E58CA8}.Release|Any CPU.Build.0 = Release|Any CPU
		{292A6078-E2CE-4F80-A84F-5916823730CA}.Debug|Any CPU.ActiveCfg = Debug|Any CPU
		{292A6078-E2CE-4F80-A84F-5916823730CA}.Debug|Any CPU.Build.0 = Debug|Any CPU
		{292A6078-E2CE-4F80-A84F-5916823730CA}.Release|Any CPU.ActiveCfg = Release|Any CPU
		{292A6078-E2CE-4F80-A84F-5916823730CA}.Release|Any CPU.Build.0 = Release|Any CPU
		{1E9B2848-915B-41A4-A9A3-7FC9429A664D}.Debug|Any CPU.ActiveCfg = Debug|Any CPU
		{1E9B2848-915B-41A4-A9A3-7FC9429A664D}.Debug|Any CPU.Build.0 = Debug|Any CPU
		{1E9B2848-915B-41A4-A9A3-7FC9429A664D}.Release|Any CPU.ActiveCfg = Release|Any CPU
		{1E9B2848-915B-41A4-A9A3-7FC9429A664D}.Release|Any CPU.Build.0 = Release|Any CPU
		{5F0333A7-9100-4A61-846E-3F1E03E15ECE}.Debug|Any CPU.ActiveCfg = Debug|Any CPU
		{5F0333A7-9100-4A61-846E-3F1E03E15ECE}.Debug|Any CPU.Build.0 = Debug|Any CPU
		{5F0333A7-9100-4A61-846E-3F1E03E15ECE}.Release|Any CPU.ActiveCfg = Release|Any CPU
		{5F0333A7-9100-4A61-846E-3F1E03E15ECE}.Release|Any CPU.Build.0 = Release|Any CPU
		{BD4C99A8-0347-4311-AB1D-D6DB15A7C38C}.Debug|Any CPU.ActiveCfg = Debug|Any CPU
		{BD4C99A8-0347-4311-AB1D-D6DB15A7C38C}.Debug|Any CPU.Build.0 = Debug|Any CPU
		{BD4C99A8-0347-4311-AB1D-D6DB15A7C38C}.Release|Any CPU.ActiveCfg = Release|Any CPU
		{BD4C99A8-0347-4311-AB1D-D6DB15A7C38C}.Release|Any CPU.Build.0 = Release|Any CPU
		{06B378C6-6BB4-4784-88DA-96BF17F7979E}.Debug|Any CPU.ActiveCfg = Debug|Any CPU
		{06B378C6-6BB4-4784-88DA-96BF17F7979E}.Debug|Any CPU.Build.0 = Debug|Any CPU
		{06B378C6-6BB4-4784-88DA-96BF17F7979E}.Release|Any CPU.ActiveCfg = Release|Any CPU
		{06B378C6-6BB4-4784-88DA-96BF17F7979E}.Release|Any CPU.Build.0 = Release|Any CPU
		{D1484BD3-C15A-4D19-8F33-36ED3F9202F9}.Debug|Any CPU.ActiveCfg = Debug|Any CPU
		{D1484BD3-C15A-4D19-8F33-36ED3F9202F9}.Debug|Any CPU.Build.0 = Debug|Any CPU
		{D1484BD3-C15A-4D19-8F33-36ED3F9202F9}.Release|Any CPU.ActiveCfg = Release|Any CPU
		{D1484BD3-C15A-4D19-8F33-36ED3F9202F9}.Release|Any CPU.Build.0 = Release|Any CPU
		{590FBE86-C171-4C09-8B8C-42B994E431D4}.Debug|Any CPU.ActiveCfg = Debug|Any CPU
		{590FBE86-C171-4C09-8B8C-42B994E431D4}.Debug|Any CPU.Build.0 = Debug|Any CPU
		{590FBE86-C171-4C09-8B8C-42B994E431D4}.Release|Any CPU.ActiveCfg = Release|Any CPU
		{590FBE86-C171-4C09-8B8C-42B994E431D4}.Release|Any CPU.Build.0 = Release|Any CPU
		{FEFECD4D-E4D1-482E-94F9-FDB413D8EE90}.Debug|Any CPU.ActiveCfg = Debug|Any CPU
		{FEFECD4D-E4D1-482E-94F9-FDB413D8EE90}.Debug|Any CPU.Build.0 = Debug|Any CPU
		{FEFECD4D-E4D1-482E-94F9-FDB413D8EE90}.Release|Any CPU.ActiveCfg = Release|Any CPU
		{FEFECD4D-E4D1-482E-94F9-FDB413D8EE90}.Release|Any CPU.Build.0 = Release|Any CPU
		{E238D048-0CE8-4AE7-89B2-09FE038A7F5E}.Debug|Any CPU.ActiveCfg = Debug|Any CPU
		{E238D048-0CE8-4AE7-89B2-09FE038A7F5E}.Debug|Any CPU.Build.0 = Debug|Any CPU
		{E238D048-0CE8-4AE7-89B2-09FE038A7F5E}.Release|Any CPU.ActiveCfg = Release|Any CPU
		{E238D048-0CE8-4AE7-89B2-09FE038A7F5E}.Release|Any CPU.Build.0 = Release|Any CPU
		{34BF5A2D-9F3C-45A2-8F56-DC30958553B3}.Debug|Any CPU.ActiveCfg = Debug|Any CPU
		{34BF5A2D-9F3C-45A2-8F56-DC30958553B3}.Debug|Any CPU.Build.0 = Debug|Any CPU
		{34BF5A2D-9F3C-45A2-8F56-DC30958553B3}.Release|Any CPU.ActiveCfg = Release|Any CPU
		{34BF5A2D-9F3C-45A2-8F56-DC30958553B3}.Release|Any CPU.Build.0 = Release|Any CPU
		{AF1F170A-B343-4570-A4FA-F94027A3AEF9}.Debug|Any CPU.ActiveCfg = Debug|Any CPU
		{AF1F170A-B343-4570-A4FA-F94027A3AEF9}.Debug|Any CPU.Build.0 = Debug|Any CPU
		{AF1F170A-B343-4570-A4FA-F94027A3AEF9}.Release|Any CPU.ActiveCfg = Release|Any CPU
		{AF1F170A-B343-4570-A4FA-F94027A3AEF9}.Release|Any CPU.Build.0 = Release|Any CPU
		{F7A6EC89-157E-4779-B228-3E74022277AC}.Debug|Any CPU.ActiveCfg = Debug|Any CPU
		{F7A6EC89-157E-4779-B228-3E74022277AC}.Debug|Any CPU.Build.0 = Debug|Any CPU
		{F7A6EC89-157E-4779-B228-3E74022277AC}.Release|Any CPU.ActiveCfg = Release|Any CPU
		{F7A6EC89-157E-4779-B228-3E74022277AC}.Release|Any CPU.Build.0 = Release|Any CPU
		{CC7CDDD4-26D6-48D3-8D51-CC4C0E69E5AF}.Debug|Any CPU.ActiveCfg = Debug|Any CPU
		{CC7CDDD4-26D6-48D3-8D51-CC4C0E69E5AF}.Debug|Any CPU.Build.0 = Debug|Any CPU
		{CC7CDDD4-26D6-48D3-8D51-CC4C0E69E5AF}.Release|Any CPU.ActiveCfg = Release|Any CPU
		{CC7CDDD4-26D6-48D3-8D51-CC4C0E69E5AF}.Release|Any CPU.Build.0 = Release|Any CPU
		{931819D0-1D16-4EF4-9F4E-155713D8F38C}.Debug|Any CPU.ActiveCfg = Debug|Any CPU
		{931819D0-1D16-4EF4-9F4E-155713D8F38C}.Debug|Any CPU.Build.0 = Debug|Any CPU
		{931819D0-1D16-4EF4-9F4E-155713D8F38C}.Release|Any CPU.ActiveCfg = Release|Any CPU
		{931819D0-1D16-4EF4-9F4E-155713D8F38C}.Release|Any CPU.Build.0 = Release|Any CPU
		{9700329C-A9D2-4C21-8FF1-560730DCFACE}.Debug|Any CPU.ActiveCfg = Debug|Any CPU
		{9700329C-A9D2-4C21-8FF1-560730DCFACE}.Debug|Any CPU.Build.0 = Debug|Any CPU
		{9700329C-A9D2-4C21-8FF1-560730DCFACE}.Release|Any CPU.ActiveCfg = Release|Any CPU
		{9700329C-A9D2-4C21-8FF1-560730DCFACE}.Release|Any CPU.Build.0 = Release|Any CPU
		{3600A641-7173-42D6-A642-C2E9A06B772C}.Debug|Any CPU.ActiveCfg = Debug|Any CPU
		{3600A641-7173-42D6-A642-C2E9A06B772C}.Debug|Any CPU.Build.0 = Debug|Any CPU
		{3600A641-7173-42D6-A642-C2E9A06B772C}.Release|Any CPU.ActiveCfg = Release|Any CPU
		{3600A641-7173-42D6-A642-C2E9A06B772C}.Release|Any CPU.Build.0 = Release|Any CPU
		{9E57AF4C-0077-48C5-BD97-0F06711E0DC3}.Debug|Any CPU.ActiveCfg = Debug|Any CPU
		{9E57AF4C-0077-48C5-BD97-0F06711E0DC3}.Debug|Any CPU.Build.0 = Debug|Any CPU
		{9E57AF4C-0077-48C5-BD97-0F06711E0DC3}.Release|Any CPU.ActiveCfg = Release|Any CPU
		{9E57AF4C-0077-48C5-BD97-0F06711E0DC3}.Release|Any CPU.Build.0 = Release|Any CPU
		{3A37402F-CA82-41E2-AA78-92BE2051ABF9}.Debug|Any CPU.ActiveCfg = Debug|Any CPU
		{3A37402F-CA82-41E2-AA78-92BE2051ABF9}.Debug|Any CPU.Build.0 = Debug|Any CPU
		{3A37402F-CA82-41E2-AA78-92BE2051ABF9}.Release|Any CPU.ActiveCfg = Release|Any CPU
		{3A37402F-CA82-41E2-AA78-92BE2051ABF9}.Release|Any CPU.Build.0 = Release|Any CPU
		{D8FFBC69-AE1B-4AB3-81F6-2EA4E809BC5E}.Debug|Any CPU.ActiveCfg = Debug|Any CPU
		{D8FFBC69-AE1B-4AB3-81F6-2EA4E809BC5E}.Debug|Any CPU.Build.0 = Debug|Any CPU
		{D8FFBC69-AE1B-4AB3-81F6-2EA4E809BC5E}.Release|Any CPU.ActiveCfg = Release|Any CPU
		{D8FFBC69-AE1B-4AB3-81F6-2EA4E809BC5E}.Release|Any CPU.Build.0 = Release|Any CPU
		{254DA463-81D9-4313-A41A-490E14E8D99A}.Debug|Any CPU.ActiveCfg = Debug|Any CPU
		{254DA463-81D9-4313-A41A-490E14E8D99A}.Debug|Any CPU.Build.0 = Debug|Any CPU
		{254DA463-81D9-4313-A41A-490E14E8D99A}.Release|Any CPU.ActiveCfg = Release|Any CPU
		{254DA463-81D9-4313-A41A-490E14E8D99A}.Release|Any CPU.Build.0 = Release|Any CPU
		{4DE1E1FA-D489-414E-9228-5E689AF2D620}.Debug|Any CPU.ActiveCfg = Debug|Any CPU
		{4DE1E1FA-D489-414E-9228-5E689AF2D620}.Debug|Any CPU.Build.0 = Debug|Any CPU
		{4DE1E1FA-D489-414E-9228-5E689AF2D620}.Release|Any CPU.ActiveCfg = Release|Any CPU
		{4DE1E1FA-D489-414E-9228-5E689AF2D620}.Release|Any CPU.Build.0 = Release|Any CPU
		{5B5F7CEA-2CD9-48DB-BC69-84386F6F7902}.Debug|Any CPU.ActiveCfg = Debug|Any CPU
		{5B5F7CEA-2CD9-48DB-BC69-84386F6F7902}.Debug|Any CPU.Build.0 = Debug|Any CPU
		{5B5F7CEA-2CD9-48DB-BC69-84386F6F7902}.Release|Any CPU.ActiveCfg = Release|Any CPU
		{5B5F7CEA-2CD9-48DB-BC69-84386F6F7902}.Release|Any CPU.Build.0 = Release|Any CPU
	EndGlobalSection
	GlobalSection(SolutionProperties) = preSolution
		HideSolutionNode = FALSE
	EndGlobalSection
	GlobalSection(NestedProjects) = preSolution
		{806DD40D-0D09-44F7-A304-C547B7FF5878} = {9A88ACE1-E08A-4650-93AD-A84642F274BB}
		{B39B82B8-79EA-4E46-A0E6-773A908ED7E1} = {C3EAE219-7C8B-4C0B-B9AA-C36E59A59874}
		{A89F6408-4284-47DE-AF66-EFA5EEDC282A} = {D8160E29-F9D6-40DC-AAB4-36151F5F7606}
		{4C79EBF6-8281-4F29-97F0-7C633690548F} = {D8160E29-F9D6-40DC-AAB4-36151F5F7606}
		{E1A1C36B-6C10-49D7-95F9-7261B2351064} = {D8160E29-F9D6-40DC-AAB4-36151F5F7606}
		{6CE6BF64-0EFA-4F80-9733-76DA715AC016} = {806DD40D-0D09-44F7-A304-C547B7FF5878}
		{98AFD3EF-6404-4E53-A6D1-609D75BA607A} = {D8160E29-F9D6-40DC-AAB4-36151F5F7606}
		{319C9ECB-4FDC-4005-ADBB-F6EFA1F6F840} = {D12B27F0-88C9-49F8-B608-093ADD5CFBC1}
		{D24DFCCC-9F27-45A9-A13E-76868AD37CC3} = {C3727664-10D4-4878-8F6D-870A31C65C88}
		{940E308B-6B9F-458A-941C-23C9F05D7470} = {9A88ACE1-E08A-4650-93AD-A84642F274BB}
		{0D476E59-8002-49C9-A31F-E4D07B6EA69F} = {940E308B-6B9F-458A-941C-23C9F05D7470}
		{F4E5AC81-5B57-4FA9-A068-918384E4FAA9} = {3F304EDC-E2D8-4A01-B168-01114FDF0335}
		{346EA8DB-B047-4F1C-ADE4-61FEB07CF09E} = {940E308B-6B9F-458A-941C-23C9F05D7470}
		{086327FC-E8F4-4490-BCF5-F7C6E980EFA6} = {A42169E6-0B58-4410-9CC3-F27BA895689D}
		{BC1D3A7A-57E8-40D3-926F-9710D7822969} = {9A88ACE1-E08A-4650-93AD-A84642F274BB}
		{C3BB8E6D-A2FC-4A33-B84D-B8972F30BA6E} = {BC1D3A7A-57E8-40D3-926F-9710D7822969}
		{1A4FEC72-78BD-45C8-B14D-91DC113A9FFF} = {3F304EDC-E2D8-4A01-B168-01114FDF0335}
		{40E1D506-BF82-4190-B7F5-39F4A5B9C0D7} = {FA3B4DBA-EFD5-431A-B5F8-074975E4D91B}
		{D8160E29-F9D6-40DC-AAB4-36151F5F7606} = {FA3B4DBA-EFD5-431A-B5F8-074975E4D91B}
		{C3727664-10D4-4878-8F6D-870A31C65C88} = {FA3B4DBA-EFD5-431A-B5F8-074975E4D91B}
		{A42169E6-0B58-4410-9CC3-F27BA895689D} = {FA3B4DBA-EFD5-431A-B5F8-074975E4D91B}
		{D12B27F0-88C9-49F8-B608-093ADD5CFBC1} = {3F304EDC-E2D8-4A01-B168-01114FDF0335}
		{CAC46EB3-E3B9-4F41-A72E-D7476834CDAA} = {3F304EDC-E2D8-4A01-B168-01114FDF0335}
		{8513AD5B-8335-4ADB-B285-44DE2BB0CB2C} = {CAC46EB3-E3B9-4F41-A72E-D7476834CDAA}
		{475CB40F-6D46-4F8C-83DB-B7888CE2B71A} = {9A88ACE1-E08A-4650-93AD-A84642F274BB}
		{544DE308-65A1-4698-AD9B-D008D14B89EE} = {475CB40F-6D46-4F8C-83DB-B7888CE2B71A}
		{C834A099-FFF2-43AF-B3D1-2A5D2BB59AA8} = {475CB40F-6D46-4F8C-83DB-B7888CE2B71A}
		{9FC1F845-1AA1-459D-921A-3F4310AD3202} = {40E1D506-BF82-4190-B7F5-39F4A5B9C0D7}
		{25ADF691-46E0-4F81-B6B5-B659D7AE93D4} = {FA3B4DBA-EFD5-431A-B5F8-074975E4D91B}
		{EF002C3E-C8CC-4652-AD9B-50AF9B91C848} = {C3EAE219-7C8B-4C0B-B9AA-C36E59A59874}
		{03192B23-214B-4695-B1E3-7172B1422D07} = {25ADF691-46E0-4F81-B6B5-B659D7AE93D4}
		{917E49B2-8912-4894-937F-2FE6F41B3115} = {9A88ACE1-E08A-4650-93AD-A84642F274BB}
		{72208F4A-B7A0-4C7F-8392-E77E060C7FD3} = {917E49B2-8912-4894-937F-2FE6F41B3115}
		{D9D91787-4CE9-4E54-82EE-FDA6A26EAA1F} = {72208F4A-B7A0-4C7F-8392-E77E060C7FD3}
		{6700A3E4-E0A8-4EFC-97E9-2F041666EB03} = {3F304EDC-E2D8-4A01-B168-01114FDF0335}
		{9A383838-58D2-4D79-8A1C-C1278EFB8B31} = {6700A3E4-E0A8-4EFC-97E9-2F041666EB03}
		{87E048A5-092E-4B6B-9C74-6D304CCF3E66} = {40E1D506-BF82-4190-B7F5-39F4A5B9C0D7}
		{F6F1FC5A-0026-4AB9-969F-92D6C1E58CA8} = {475CB40F-6D46-4F8C-83DB-B7888CE2B71A}
		{292A6078-E2CE-4F80-A84F-5916823730CA} = {475CB40F-6D46-4F8C-83DB-B7888CE2B71A}
		{1E9B2848-915B-41A4-A9A3-7FC9429A664D} = {CAC46EB3-E3B9-4F41-A72E-D7476834CDAA}
		{5F0333A7-9100-4A61-846E-3F1E03E15ECE} = {FA3B4DBA-EFD5-431A-B5F8-074975E4D91B}
		{BD4C99A8-0347-4311-AB1D-D6DB15A7C38C} = {8E05AF26-0952-478E-A7AB-CDB134DF54BD}
		{06B378C6-6BB4-4784-88DA-96BF17F7979E} = {3F304EDC-E2D8-4A01-B168-01114FDF0335}
		{18FF1507-3B25-4FF4-9854-11CD506F42BE} = {FA3B4DBA-EFD5-431A-B5F8-074975E4D91B}
		{D1484BD3-C15A-4D19-8F33-36ED3F9202F9} = {18FF1507-3B25-4FF4-9854-11CD506F42BE}
		{C5CEA3C8-B007-4E92-B975-E866C66C3E8A} = {9A88ACE1-E08A-4650-93AD-A84642F274BB}
		{590FBE86-C171-4C09-8B8C-42B994E431D4} = {C5CEA3C8-B007-4E92-B975-E866C66C3E8A}
		{FEFECD4D-E4D1-482E-94F9-FDB413D8EE90} = {3F304EDC-E2D8-4A01-B168-01114FDF0335}
		{F592CD42-1678-4F2F-9CF6-0286E0590825} = {FA3B4DBA-EFD5-431A-B5F8-074975E4D91B}
		{F8B840DE-D007-4921-A72D-09938E67985F} = {F592CD42-1678-4F2F-9CF6-0286E0590825}
		{E238D048-0CE8-4AE7-89B2-09FE038A7F5E} = {F8B840DE-D007-4921-A72D-09938E67985F}
		{835AD4DE-7CAC-4C94-B234-C584723EAC56} = {9A88ACE1-E08A-4650-93AD-A84642F274BB}
		{06DBC060-0C52-4306-8ACE-75E2A97C179C} = {835AD4DE-7CAC-4C94-B234-C584723EAC56}
		{34BF5A2D-9F3C-45A2-8F56-DC30958553B3} = {06DBC060-0C52-4306-8ACE-75E2A97C179C}
		{AF7754A8-B82F-4EFB-AB0F-7CD8766F976F} = {3F304EDC-E2D8-4A01-B168-01114FDF0335}
		{AF1F170A-B343-4570-A4FA-F94027A3AEF9} = {AF7754A8-B82F-4EFB-AB0F-7CD8766F976F}
		{F7A6EC89-157E-4779-B228-3E74022277AC} = {C3EAE219-7C8B-4C0B-B9AA-C36E59A59874}
		{3CAAED3F-20C7-4167-9362-998ED977B3EB} = {F592CD42-1678-4F2F-9CF6-0286E0590825}
		{CC7CDDD4-26D6-48D3-8D51-CC4C0E69E5AF} = {3CAAED3F-20C7-4167-9362-998ED977B3EB}
		{212401AA-94D7-4858-A4B8-9781650AD4A6} = {835AD4DE-7CAC-4C94-B234-C584723EAC56}
		{931819D0-1D16-4EF4-9F4E-155713D8F38C} = {212401AA-94D7-4858-A4B8-9781650AD4A6}
		{9700329C-A9D2-4C21-8FF1-560730DCFACE} = {AF7754A8-B82F-4EFB-AB0F-7CD8766F976F}
		{3600A641-7173-42D6-A642-C2E9A06B772C} = {BC1D3A7A-57E8-40D3-926F-9710D7822969}
		{9E57AF4C-0077-48C5-BD97-0F06711E0DC3} = {BC1D3A7A-57E8-40D3-926F-9710D7822969}
		{8E05AF26-0952-478E-A7AB-CDB134DF54BD} = {9A88ACE1-E08A-4650-93AD-A84642F274BB}
		{3A37402F-CA82-41E2-AA78-92BE2051ABF9} = {8E05AF26-0952-478E-A7AB-CDB134DF54BD}
		{D8FFBC69-AE1B-4AB3-81F6-2EA4E809BC5E} = {8E05AF26-0952-478E-A7AB-CDB134DF54BD}
		{185409E7-E4A4-492B-B2A4-FD0D2424CB71} = {BD6A94C3-34F0-4705-B9BA-3CA3452EDE09}
		{39FF3895-854A-450A-AAE9-8B2ABEAF7E34} = {185409E7-E4A4-492B-B2A4-FD0D2424CB71}
		{254DA463-81D9-4313-A41A-490E14E8D99A} = {39FF3895-854A-450A-AAE9-8B2ABEAF7E34}
		{4DE1E1FA-D489-414E-9228-5E689AF2D620} = {06DBC060-0C52-4306-8ACE-75E2A97C179C}
		{5B5F7CEA-2CD9-48DB-BC69-84386F6F7902} = {F592CD42-1678-4F2F-9CF6-0286E0590825}
	EndGlobalSection
	GlobalSection(ExtensibilityGlobals) = postSolution
		SolutionGuid = {6A751E6C-1C1A-4FEE-8275-65D8FEC8B542}
	EndGlobalSection
EndGlobal
