
Microsoft Visual Studio Solution File, Format Version 12.00
# Visual Studio Version 17
VisualStudioVersion = 17.5.33627.172
MinimumVisualStudioVersion = 10.0.40219.1
Project("{2150E333-8FDC-42A3-9474-1A3956D46DE8}") = "FRONT", "FRONT", "{9BD97A2C-C82E-4BBB-8BF5-E82C5821EDD7}"
EndProject
Project("{2150E333-8FDC-42A3-9474-1A3956D46DE8}") = "MENU", "MENU", "{1BB944C9-68E3-4F02-BDC0-5A4C7571308D}"
EndProject
Project("{2150E333-8FDC-42A3-9474-1A3956D46DE8}") = "GSM06500", "GSM06500", "{904995DD-2CB2-4E1C-A07F-6CF45143360F}"
EndProject
Project("{9A19103F-16F7-4668-BE54-9A1E7A4F7556}") = "GSM06500Common", "COMMON\GS\GSM06500Common\GSM06500Common.csproj", "{7163CC8F-965D-469B-AE49-151395AA5A97}"
EndProject
Project("{9A19103F-16F7-4668-BE54-9A1E7A4F7556}") = "GSM06500Model", "FRONT\GSM06500Model\GSM06500Model.csproj", "{21180674-E6FD-4644-8EC3-E3AAAAFD412D}"
EndProject
Project("{9A19103F-16F7-4668-BE54-9A1E7A4F7556}") = "GSM06500Front", "FRONT\GSM06500Front\GSM06500Front.csproj", "{648FCEFD-873D-46B3-B975-38FC6A18E1BB}"
EndProject
Project("{2150E333-8FDC-42A3-9474-1A3956D46DE8}") = "GSM04500", "GSM04500", "{A24DBD3E-0A62-44D8-9074-687C8DA51809}"
EndProject
Project("{2150E333-8FDC-42A3-9474-1A3956D46DE8}") = "VLOOKUP", "VLOOKUP", "{942950A7-BE00-4F7B-9FD7-26C4F9E8DBA5}"
EndProject
Project("{2150E333-8FDC-42A3-9474-1A3956D46DE8}") = "COMMON", "COMMON", "{9429A92D-049E-44BF-A91C-329F6E16B0F6}"
EndProject
Project("{2150E333-8FDC-42A3-9474-1A3956D46DE8}") = "VLOOKUP", "VLOOKUP", "{92880144-93A9-42A9-9185-93A34EC50920}"
EndProject
Project("{9A19103F-16F7-4668-BE54-9A1E7A4F7556}") = "Lookup_GSFRONT", "..\..\BS Shared Form\SOURCE\FRONT\Lookup_GSFRONT\Lookup_GSFRONT.csproj", "{1873F8B4-09AB-448F-81DF-CED559AA06C7}"
EndProject
Project("{9A19103F-16F7-4668-BE54-9A1E7A4F7556}") = "Lookup_GSFrontResources", "..\..\BS Shared Form\SOURCE\FRONT\Lookup_GSFrontResources\Lookup_GSFrontResources.csproj", "{69253435-87F2-45CA-B62C-B49F63BD7F90}"
EndProject
Project("{2150E333-8FDC-42A3-9474-1A3956D46DE8}") = "GSM04500", "GSM04500", "{8F1543B1-3B64-41CB-832E-B1B806E2F08B}"
EndProject
Project("{2150E333-8FDC-42A3-9474-1A3956D46DE8}") = "GSM06500", "GSM06500", "{DE3E6345-7953-4405-859B-C295CD2F125E}"
EndProject
Project("{9A19103F-16F7-4668-BE54-9A1E7A4F7556}") = "Lookup_GSCOMMON", "..\..\BS Shared Form\SOURCE\BACK\Lookup_GSCOMMON\Lookup_GSCOMMON.csproj", "{DAD81BB2-97FB-4ED3-A414-33699CE3DA8A}"
EndProject
Project("{9A19103F-16F7-4668-BE54-9A1E7A4F7556}") = "Lookup_GSModel", "..\..\BS Shared Form\SOURCE\FRONT\Lookup_GSModel\Lookup_GSModel.csproj", "{3C97FC43-4BCF-4526-AE06-3E8BAAFE32A8}"
EndProject
Project("{9A19103F-16F7-4668-BE54-9A1E7A4F7556}") = "BlazorMenu", "..\..\SYSTEM\SOURCE\Menu\BlazorMenu\BlazorMenu.csproj", "{B04D6528-769E-4740-8326-B6F6DA4B1755}"
EndProject
Project("{2150E333-8FDC-42A3-9474-1A3956D46DE8}") = "LM", "LM", "{9DF492E6-4A77-4DE6-99B4-4E01DBE49F9D}"
EndProject
Project("{2150E333-8FDC-42A3-9474-1A3956D46DE8}") = "LMM06000", "LMM06000", "{ED5C119A-64D4-4BD8-9183-63C270B944D4}"
EndProject
Project("{9A19103F-16F7-4668-BE54-9A1E7A4F7556}") = "LMM06000Model", "FRONT\LMM06000Model\LMM06000Model.csproj", "{688B5052-6DB4-4E6D-9D8C-621D4C4675DF}"
EndProject
Project("{9A19103F-16F7-4668-BE54-9A1E7A4F7556}") = "LMM06000Common", "COMMON\LM\LMM06000Common\LMM06000Common.csproj", "{AB46FCA3-4D2F-47A3-94D0-6969A8858435}"
EndProject
Project("{2150E333-8FDC-42A3-9474-1A3956D46DE8}") = "LM", "LM", "{A57CAEA2-0E8A-47B5-B356-DF681CA553F3}"
EndProject
Project("{2150E333-8FDC-42A3-9474-1A3956D46DE8}") = "LMM06000", "LMM06000", "{BE4674EF-7690-4645-A5BF-A0615508C0ED}"
EndProject
Project("{9A19103F-16F7-4668-BE54-9A1E7A4F7556}") = "LMM06000Front", "FRONT\LMM06000Front\LMM06000Front.csproj", "{B988B54F-A297-4CFF-B57F-FD34A8DA4DFE}"
EndProject
Project("{9A19103F-16F7-4668-BE54-9A1E7A4F7556}") = "Lookup_LMCOMMON", "..\..\BS Shared Form\SOURCE\BACK\Lookup_LMCOMMON\Lookup_LMCOMMON.csproj", "{7E2A6E42-E51C-496C-A9EA-6360EE75644A}"
EndProject
Project("{9A19103F-16F7-4668-BE54-9A1E7A4F7556}") = "Lookup_LMModel", "..\..\BS Shared Form\SOURCE\FRONT\Lookup_LMModel\Lookup_LMModel.csproj", "{3F9354B1-1FF0-4A21-8BE9-6E6D3ACC0081}"
EndProject
Project("{2150E333-8FDC-42A3-9474-1A3956D46DE8}") = "ActiveInactive", "ActiveInactive", "{13967EC9-6B6A-4783-848C-5AFBE65B235F}"
EndProject
Project("{9A19103F-16F7-4668-BE54-9A1E7A4F7556}") = "GFF00900Model", "..\..\BS Shared Form\SOURCE\FRONT\GFF00900Model\GFF00900Model.csproj", "{B793AE3E-5119-49B4-8F43-CACDA661DE39}"
EndProject
Project("{9A19103F-16F7-4668-BE54-9A1E7A4F7556}") = "GFF00900FRONT", "..\..\BS Shared Form\SOURCE\FRONT\GFF00900FRONT\GFF00900FRONT.csproj", "{6D544E55-8F7C-4621-B9BE-1BC951D438F6}"
EndProject
Project("{9A19103F-16F7-4668-BE54-9A1E7A4F7556}") = "GFF00900COMMON", "..\..\BS Shared Form\SOURCE\BACK\GFF00900COMMON\GFF00900COMMON.csproj", "{FE3FFCC9-059F-4CDD-8BAA-E9DADCFDF010}"
EndProject
Project("{2150E333-8FDC-42A3-9474-1A3956D46DE8}") = "GST00500", "GST00500", "{A01DF01C-0ED7-422F-8E0B-17EDB5D3E552}"
EndProject
Project("{9A19103F-16F7-4668-BE54-9A1E7A4F7556}") = "GST00500Model", "FRONT\GST00500Model\GST00500Model.csproj", "{AD8FA8A3-267B-498F-8410-0447A3B66713}"
EndProject
Project("{2150E333-8FDC-42A3-9474-1A3956D46DE8}") = "GST00500", "GST00500", "{01FC59C1-610F-4637-8352-4F441C245FA7}"
EndProject
Project("{9A19103F-16F7-4668-BE54-9A1E7A4F7556}") = "GST00500Common", "COMMON\GS\GST00500Common\GST00500Common.csproj", "{D2EC1823-732E-470E-AA26-71A42D72EC85}"
EndProject
Project("{9A19103F-16F7-4668-BE54-9A1E7A4F7556}") = "GST00500Front", "FRONT\GST00500Front\GST00500Front.csproj", "{B37BA78C-66EB-44A5-A717-9C6B507A0BC7}"
EndProject
Project("{2150E333-8FDC-42A3-9474-1A3956D46DE8}") = "GS", "GS", "{C8AEDF88-EB40-4F0C-8A29-AD0668E40D73}"
EndProject
Project("{2150E333-8FDC-42A3-9474-1A3956D46DE8}") = "LM", "LM", "{FAD85CC7-D0FD-4EA8-8EAD-015CCB373CCB}"
EndProject
Project("{2150E333-8FDC-42A3-9474-1A3956D46DE8}") = "GL", "GL", "{001BFC1E-B3FE-41A4-A7AC-92C38D66C128}"
EndProject
Project("{2150E333-8FDC-42A3-9474-1A3956D46DE8}") = "GLB00200", "GLB00200", "{E37C7517-7931-4AC4-A729-81BD3025171C}"
EndProject
Project("{9A19103F-16F7-4668-BE54-9A1E7A4F7556}") = "GLB00200Common", "COMMON\GL\GLB00200Common\GLB00200Common.csproj", "{9BDB36B6-8B37-4F79-A7C2-E1323DB052BF}"
EndProject
Project("{2150E333-8FDC-42A3-9474-1A3956D46DE8}") = "GL", "GL", "{0B4349E2-B40E-4E52-B04E-91E7F3250B29}"
EndProject
Project("{2150E333-8FDC-42A3-9474-1A3956D46DE8}") = "GLB00200", "GLB00200", "{F837CE32-AE6A-42DB-8A31-321381DE381A}"
EndProject
Project("{9A19103F-16F7-4668-BE54-9A1E7A4F7556}") = "GLB00200Model", "FRONT\GLB00200Model\GLB00200Model.csproj", "{1192762F-881F-48D7-8774-8D3032FF3945}"
EndProject
Project("{9A19103F-16F7-4668-BE54-9A1E7A4F7556}") = "GLB00200Front", "FRONT\GLB00200Front\GLB00200Front.csproj", "{C42669CF-619D-4E31-ADDC-2D806A461BC9}"
EndProject
Project("{2150E333-8FDC-42A3-9474-1A3956D46DE8}") = "GLR00300", "GLR00300", "{A627C000-FCD2-4B29-A8FF-458460DCF851}"
EndProject
Project("{9A19103F-16F7-4668-BE54-9A1E7A4F7556}") = "GLR00300Common", "COMMON\GL\GLR00300Common\GLR00300Common.csproj", "{C756BBEA-FCD8-41E8-B85C-3E41C36198DC}"
EndProject
Project("{2150E333-8FDC-42A3-9474-1A3956D46DE8}") = "GLR00300", "GLR00300", "{8B92C022-D68F-4A22-84EC-287F72B3BF7A}"
EndProject
Project("{9A19103F-16F7-4668-BE54-9A1E7A4F7556}") = "GLR00300Front", "FRONT\GLR00300Front\GLR00300Front.csproj", "{66F49B21-4A08-4DE2-80A0-46AD5907E9BD}"
EndProject
Project("{9A19103F-16F7-4668-BE54-9A1E7A4F7556}") = "GLR00300Model", "FRONT\GLR00300Model\GLR00300Model.csproj", "{9E413F46-02DE-41B0-BA98-98EF81826211}"
EndProject
Project("{2150E333-8FDC-42A3-9474-1A3956D46DE8}") = "GS", "GS", "{78295904-4FEC-45CE-99A6-5C0FF50DCD7C}"
EndProject
Project("{2150E333-8FDC-42A3-9474-1A3956D46DE8}") = "GSM02000", "GSM02000", "{C38F1472-9C75-4ED6-B924-1E73FEDA90B0}"
EndProject
Project("{2150E333-8FDC-42A3-9474-1A3956D46DE8}") = "GS", "GS", "{1604A0B5-BBCB-4B12-AB22-125FCE6C3111}"
EndProject
Project("{2150E333-8FDC-42A3-9474-1A3956D46DE8}") = "GSM02000", "GSM02000", "{D2B59B6F-9C5F-4D23-A225-6BECB483B6D9}"
EndProject
Project("{9A19103F-16F7-4668-BE54-9A1E7A4F7556}") = "GSM02000Common", "COMMON\GS\GSM02000Common\GSM02000Common.csproj", "{13F386C9-E4A7-4739-AEA2-AD766BF3166C}"
EndProject
Project("{9A19103F-16F7-4668-BE54-9A1E7A4F7556}") = "GSM02000Front", "FRONT\GSM02000FRONT\GSM02000Front.csproj", "{36413C00-66DC-4AA1-B5F1-B486881BE820}"
EndProject
Project("{9A19103F-16F7-4668-BE54-9A1E7A4F7556}") = "GSM02000Model", "FRONT\GSM02000MODEL\GSM02000Model.csproj", "{A0328DE9-3456-4806-BF78-705A98843693}"
EndProject
Project("{9A19103F-16F7-4668-BE54-9A1E7A4F7556}") = "GSM02000FrontResources", "FRONT\GSM02000FrontResources\GSM02000FrontResources.csproj", "{8ADCB176-5447-41BC-9E6B-887765566E4E}"
EndProject
Project("{9A19103F-16F7-4668-BE54-9A1E7A4F7556}") = "GSM04500Front", "FRONT\GSM04500Front\GSM04500Front.csproj", "{29454703-BEE8-4CCD-BFE7-8DB75C69A15D}"
EndProject
Project("{9A19103F-16F7-4668-BE54-9A1E7A4F7556}") = "GSM04500Model", "FRONT\GSM04500Model\GSM04500Model.csproj", "{453A3685-D32F-467B-A1E2-649298A05E25}"
EndProject
Project("{9A19103F-16F7-4668-BE54-9A1E7A4F7556}") = "GSM04500Common", "COMMON\GS\GSM04500COMMON\GSM04500Common.csproj", "{8ADC522F-84EC-4CFD-870E-FB52EBB9718A}"
EndProject
Project("{9A19103F-16F7-4668-BE54-9A1E7A4F7556}") = "GLR00300FrontResources", "FRONT\GLR00300FrontResources\GLR00300FrontResources.csproj", "{8FAFA4DA-4F1C-4CE4-BE9C-AEAFBFBC4BE2}"
EndProject
Project("{9A19103F-16F7-4668-BE54-9A1E7A4F7556}") = "GLB00200FrontResources", "FRONT\GLB00200FrontResources\GLB00200FrontResources.csproj", "{9548ECA3-E1F3-4640-A0F6-E9C72681567C}"
EndProject
Project("{9A19103F-16F7-4668-BE54-9A1E7A4F7556}") = "GSM06500FrontResources", "FRONT\GSM06500FrontResources\GSM06500FrontResources.csproj", "{4374E45A-F3D0-4EB5-AB02-379A543878A4}"
EndProject
Project("{9A19103F-16F7-4668-BE54-9A1E7A4F7556}") = "GST00500FrontResources", "FRONT\GST00500FrontResources\GST00500FrontResources.csproj", "{EDD7ACD2-80FA-4EC7-B8F2-0187DDFB7BDA}"
EndProject
Project("{9A19103F-16F7-4668-BE54-9A1E7A4F7556}") = "LMM06000FrontResources", "FRONT\LMM06000FrontResources\LMM06000FrontResources.csproj", "{F88E8A34-3CF4-4D66-A6AC-357591F59984}"
EndProject
Project("{9A19103F-16F7-4668-BE54-9A1E7A4F7556}") = "GSM04500FrontResources", "FRONT\GSM04500FrontResources\GSM04500FrontResources.csproj", "{7A69AB01-8ED6-43BB-9A77-D6155156BC83}"
EndProject
Project("{2150E333-8FDC-42A3-9474-1A3956D46DE8}") = "AP", "AP", "{39B39624-B412-46BE-8434-6492C1CC03BA}"
EndProject
Project("{2150E333-8FDC-42A3-9474-1A3956D46DE8}") = "APT00100", "APT00100", "{EBD8D7E7-0992-434B-9C7F-755AE4D4824D}"
EndProject
Project("{9A19103F-16F7-4668-BE54-9A1E7A4F7556}") = "APT00100COMMON", "COMMON\AP\APT00100COMMON\APT00100COMMON.csproj", "{6746FCF4-C37A-47DC-8FB0-012A9179B8AE}"
EndProject
Project("{2150E333-8FDC-42A3-9474-1A3956D46DE8}") = "AP", "AP", "{94ABAB96-5809-4EBD-BA59-91516EFB8BAC}"
EndProject
Project("{2150E333-8FDC-42A3-9474-1A3956D46DE8}") = "APT00100", "APT00100", "{08206ED1-4FCB-45D3-BC21-77758157B361}"
EndProject
Project("{9A19103F-16F7-4668-BE54-9A1E7A4F7556}") = "APT00100MODEL", "FRONT\APT00100MODEL\APT00100MODEL.csproj", "{341BA9A9-33C2-4D45-AAB1-9A5151CF69EB}"
EndProject
Project("{9A19103F-16F7-4668-BE54-9A1E7A4F7556}") = "APT00100FrontResources", "FRONT\APT00100FrontResources\APT00100FrontResources.csproj", "{7AA5F5A3-C81B-4371-A7D0-B96CADA1F79F}"
EndProject
Project("{9A19103F-16F7-4668-BE54-9A1E7A4F7556}") = "APT00100FRONT", "FRONT\APT00100FRONT\APT00100FRONT.csproj", "{9AA87F8F-6AFD-4C11-95CF-E3A531C9B1C5}"
EndProject
Project("{2150E333-8FDC-42A3-9474-1A3956D46DE8}") = "AP", "AP", "{2D9AC664-8F7F-4531-8E7E-0DB4EC650878}"
EndProject
Project("{9A19103F-16F7-4668-BE54-9A1E7A4F7556}") = "Lookup_APCOMMON", "..\..\BS Shared Form\SOURCE\BACK\Lookup_APCOMMON\Lookup_APCOMMON.csproj", "{96FBBD36-6096-4788-8428-E2454DD69DB7}"
EndProject
Project("{9A19103F-16F7-4668-BE54-9A1E7A4F7556}") = "Lookup_APModel", "..\..\BS Shared Form\SOURCE\FRONT\Lookup_APModel\Lookup_APModel.csproj", "{F9CF22D3-C1B1-47FE-BEE2-C789B4BC0D28}"
EndProject
Project("{9A19103F-16F7-4668-BE54-9A1E7A4F7556}") = "Lookup_APFRONT", "..\..\BS Shared Form\SOURCE\FRONT\Lookup_APFRONT\Lookup_APFRONT.csproj", "{AF9E7232-7581-44A4-B3FB-893C330795B0}"
EndProject
Project("{2150E333-8FDC-42A3-9474-1A3956D46DE8}") = "LMM01500", "LMM01500", "{38A17292-95E4-492C-8C23-3CE2DE0FA0D9}"
EndProject
Project("{9A19103F-16F7-4668-BE54-9A1E7A4F7556}") = "LMM01500COMMON", "COMMON\LM\LMM01500COMMON\LMM01500COMMON.csproj", "{71427542-1890-430E-B265-ACDF407094AC}"
EndProject
Project("{2150E333-8FDC-42A3-9474-1A3956D46DE8}") = "LMM01500", "LMM01500", "{959BF419-1190-4E68-AC3B-082828028AB3}"
EndProject
Project("{9A19103F-16F7-4668-BE54-9A1E7A4F7556}") = "LMM01500Model", "FRONT\LMM01500Model\LMM01500Model.csproj", "{BF38AF9B-1635-4215-93B4-9036B27CC357}"
EndProject
Project("{9A19103F-16F7-4668-BE54-9A1E7A4F7556}") = "LMM01500Front", "FRONT\LMM01500Front\LMM01500Front.csproj", "{FA473630-ADAA-4691-8800-2EB3CC4AA824}"
EndProject
Project("{2150E333-8FDC-42A3-9474-1A3956D46DE8}") = "GSM05000", "GSM05000", "{9205A3EB-66B3-4E13-800B-ACE8215DC7FC}"
EndProject
Project("{9A19103F-16F7-4668-BE54-9A1E7A4F7556}") = "GSM05000Common", "COMMON\GS\GSM05000Common\GSM05000Common.csproj", "{121D99A4-895C-4120-81CC-DC22DC76254B}"
EndProject
Project("{2150E333-8FDC-42A3-9474-1A3956D46DE8}") = "GSM05000", "GSM05000", "{5C83A774-BE2A-4609-80F1-8A5CEF65028B}"
EndProject
Project("{9A19103F-16F7-4668-BE54-9A1E7A4F7556}") = "GSM05000Front", "FRONT\GSM05000Front\GSM05000Front.csproj", "{175D3B03-98E9-4F40-B3B6-8B25F8385481}"
EndProject
Project("{9A19103F-16F7-4668-BE54-9A1E7A4F7556}") = "GSM05000Model", "FRONT\GSM05000Model\GSM05000Model.csproj", "{29AFE5E3-9CC7-4222-953B-83815D6B53E4}"
EndProject
Project("{2150E333-8FDC-42A3-9474-1A3956D46DE8}") = "LMM03700", "LMM03700", "{6E41B0FC-313A-4CE7-BC9E-1B79E5A9D0E2}"
EndProject
Project("{9A19103F-16F7-4668-BE54-9A1E7A4F7556}") = "LMM03700Model", "FRONT\LMM03700Model\LMM03700Model.csproj", "{26E14FED-C9E0-4459-B1E9-8FDF7771EDA1}"
EndProject
Project("{2150E333-8FDC-42A3-9474-1A3956D46DE8}") = "LMM03700", "LMM03700", "{3B486130-78EC-4785-BF79-2DF960851184}"
EndProject
Project("{9A19103F-16F7-4668-BE54-9A1E7A4F7556}") = "LMM03700Common", "COMMON\LM\LMM03700Common\LMM03700Common.csproj", "{92DEE9B3-9086-4926-9BC3-BA9ADA8DCB26}"
EndProject
Project("{9A19103F-16F7-4668-BE54-9A1E7A4F7556}") = "LMM03700Front", "FRONT\LMM03700Front\LMM03700Front.csproj", "{26C684ED-0F34-4A5F-8898-1AD641A51591}"
EndProject
Project("{2150E333-8FDC-42A3-9474-1A3956D46DE8}") = "GLT00100", "GLT00100", "{E5026964-C0FA-4A40-9790-60FA6BE411DF}"
EndProject
Project("{2150E333-8FDC-42A3-9474-1A3956D46DE8}") = "GLT00100", "GLT00100", "{E97941F4-5304-40AE-ABA2-723B73AECD16}"
EndProject
Project("{9A19103F-16F7-4668-BE54-9A1E7A4F7556}") = "GLT00100Model", "FRONT\GLT00100Model\GLT00100Model.csproj", "{FDA4C13D-150B-4D34-BD40-3D6A1EFA732C}"
EndProject
Project("{9A19103F-16F7-4668-BE54-9A1E7A4F7556}") = "GLT00100Common", "COMMON\GL\GLT00100COMMON\GLT00100Common.csproj", "{4DA45602-2E7D-44EC-B0D7-CABF79957823}"
EndProject
Project("{9A19103F-16F7-4668-BE54-9A1E7A4F7556}") = "GLT00100Front", "FRONT\GLT00100Front\GLT00100Front.csproj", "{811B0143-9FC3-4FB3-BBED-53D1F4EDEDE3}"
EndProject
Project("{2150E333-8FDC-42A3-9474-1A3956D46DE8}") = "LMM02500", "LMM02500", "{2DB4C79B-C7AE-428E-B1D9-35F1056A1087}"
EndProject
Project("{2150E333-8FDC-42A3-9474-1A3956D46DE8}") = "LMM02500", "LMM02500", "{FF68A215-6B8F-42FF-ABC9-C9C7D4AD40D1}"
EndProject
Project("{9A19103F-16F7-4668-BE54-9A1E7A4F7556}") = "LMM02500Common", "COMMON\LM\LMM02500COMMON\LMM02500Common.csproj", "{642BDCD1-9BCB-4F4F-BAFB-8C6347882241}"
EndProject
Project("{9A19103F-16F7-4668-BE54-9A1E7A4F7556}") = "LMM02500Model", "FRONT\LMM02500MODEL\LMM02500Model.csproj", "{80CF6EA1-9EBC-41A2-8FD8-391A08387D5E}"
EndProject
Project("{9A19103F-16F7-4668-BE54-9A1E7A4F7556}") = "LMM02500Front", "FRONT\LMM02500FRONT\LMM02500Front.csproj", "{B175EA2E-C34F-4F75-B2F9-8C54D8428030}"
EndProject
Project("{9A19103F-16F7-4668-BE54-9A1E7A4F7556}") = "LMM02500FrontResources", "FRONT\LMM02500FrontResources\LMM02500FrontResources.csproj", "{9FC48D94-157C-4BEE-97A7-7692FDEA1873}"
EndProject
Project("{2150E333-8FDC-42A3-9474-1A3956D46DE8}") = "LMT01500", "LMT01500", "{AE08DC58-F65E-4DBB-97BA-064DE13381E4}"
EndProject
Project("{2150E333-8FDC-42A3-9474-1A3956D46DE8}") = "LMT01500", "LMT01500", "{29F810F9-94B7-4055-99A1-03855F038977}"
EndProject
Project("{9A19103F-16F7-4668-BE54-9A1E7A4F7556}") = "LMT01500FrontResources", "FRONT\LMT01500FrontResources\LMT01500FrontResources.csproj", "{CC66F6DD-6D25-45F6-BF03-ABB20EEA0931}"
EndProject
Project("{9A19103F-16F7-4668-BE54-9A1E7A4F7556}") = "LMT01500Front", "FRONT\LMT01500Front\LMT01500Front.csproj", "{2AC939C7-AFA1-4896-BB4C-2512E55EE5FF}"
EndProject
Project("{9A19103F-16F7-4668-BE54-9A1E7A4F7556}") = "LMT01500Model", "FRONT\LMT01500Model\LMT01500Model.csproj", "{5180A52F-3B5F-441A-97D1-7F1D88A3E809}"
EndProject
Project("{9A19103F-16F7-4668-BE54-9A1E7A4F7556}") = "LMT01500Common", "COMMON\LM\LMT01500Common\LMT01500Common.csproj", "{9251CAEF-F243-494A-AA76-A8CC5C052E46}"
EndProject
Project("{2150E333-8FDC-42A3-9474-1A3956D46DE8}") = "LMT05500", "LMT05500", "{F308B565-77B3-4A07-92ED-4FAF8B7DFA53}"
EndProject
Project("{2150E333-8FDC-42A3-9474-1A3956D46DE8}") = "LMT05500", "LMT05500", "{E5F26657-FC8C-4D2A-A476-E15F2E6CF800}"
EndProject
Project("{9A19103F-16F7-4668-BE54-9A1E7A4F7556}") = "LMT05500Common", "COMMON\LM\LMT05500Common\LMT05500Common.csproj", "{D220443A-B448-468D-82A2-F45485AEEC91}"
EndProject
Project("{9A19103F-16F7-4668-BE54-9A1E7A4F7556}") = "LMT05500Model", "FRONT\LMT05500Model\LMT05500Model.csproj", "{7C050F85-89F8-499A-A11F-DBDFA48CD1C6}"
EndProject
Project("{9A19103F-16F7-4668-BE54-9A1E7A4F7556}") = "LMT05500Front", "FRONT\LMT05500Front\LMT05500Front.csproj", "{749DB200-FAC3-4E2D-AC49-0EE857635B86}"
EndProject
Project("{9A19103F-16F7-4668-BE54-9A1E7A4F7556}") = "LMT05500FrontResources", "FRONT\LMT05500FrontResources\LMT05500FrontResources.csproj", "{07F73714-96DD-41D7-8228-ADB0EEE0DFF1}"
EndProject
Project("{FAE04EC0-301F-11D3-BF4B-00C04F79EFBC}") = "Lookup_LMFRONT", "..\..\BS Shared Form\SOURCE\FRONT\Lookup_LMFRONT\Lookup_LMFRONT.csproj", "{732369A2-B81F-4227-BAD9-4A87EFF2DD7D}"
EndProject
Project("{9A19103F-16F7-4668-BE54-9A1E7A4F7556}") = "LookupLMFrontResources", "..\..\BS Shared Form\SOURCE\FRONT\Lookup_LMFrontResources\LookupLMFrontResources.csproj", "{82A22ED3-8384-4C7A-AC00-C9831C897EC1}"
EndProject
Global
	GlobalSection(SolutionConfigurationPlatforms) = preSolution
		Debug|Any CPU = Debug|Any CPU
		Release|Any CPU = Release|Any CPU
		Report|Any CPU = Report|Any CPU
		X|Any CPU = X|Any CPU
	EndGlobalSection
	GlobalSection(ProjectConfigurationPlatforms) = postSolution
		{7163CC8F-965D-469B-AE49-151395AA5A97}.Debug|Any CPU.ActiveCfg = Debug|Any CPU
		{7163CC8F-965D-469B-AE49-151395AA5A97}.Debug|Any CPU.Build.0 = Debug|Any CPU
		{7163CC8F-965D-469B-AE49-151395AA5A97}.Release|Any CPU.ActiveCfg = Release|Any CPU
		{7163CC8F-965D-469B-AE49-151395AA5A97}.Release|Any CPU.Build.0 = Release|Any CPU
		{7163CC8F-965D-469B-AE49-151395AA5A97}.Report|Any CPU.ActiveCfg = Release|Any CPU
		{7163CC8F-965D-469B-AE49-151395AA5A97}.Report|Any CPU.Build.0 = Release|Any CPU
		{7163CC8F-965D-469B-AE49-151395AA5A97}.X|Any CPU.ActiveCfg = Release|Any CPU
		{7163CC8F-965D-469B-AE49-151395AA5A97}.X|Any CPU.Build.0 = Release|Any CPU
		{21180674-E6FD-4644-8EC3-E3AAAAFD412D}.Debug|Any CPU.ActiveCfg = Debug|Any CPU
		{21180674-E6FD-4644-8EC3-E3AAAAFD412D}.Debug|Any CPU.Build.0 = Debug|Any CPU
		{21180674-E6FD-4644-8EC3-E3AAAAFD412D}.Release|Any CPU.ActiveCfg = Release|Any CPU
		{21180674-E6FD-4644-8EC3-E3AAAAFD412D}.Release|Any CPU.Build.0 = Release|Any CPU
		{21180674-E6FD-4644-8EC3-E3AAAAFD412D}.Report|Any CPU.ActiveCfg = Release|Any CPU
		{21180674-E6FD-4644-8EC3-E3AAAAFD412D}.Report|Any CPU.Build.0 = Release|Any CPU
		{21180674-E6FD-4644-8EC3-E3AAAAFD412D}.X|Any CPU.ActiveCfg = Release|Any CPU
		{21180674-E6FD-4644-8EC3-E3AAAAFD412D}.X|Any CPU.Build.0 = Release|Any CPU
		{648FCEFD-873D-46B3-B975-38FC6A18E1BB}.Debug|Any CPU.ActiveCfg = Debug|Any CPU
		{648FCEFD-873D-46B3-B975-38FC6A18E1BB}.Debug|Any CPU.Build.0 = Debug|Any CPU
		{648FCEFD-873D-46B3-B975-38FC6A18E1BB}.Release|Any CPU.ActiveCfg = Release|Any CPU
		{648FCEFD-873D-46B3-B975-38FC6A18E1BB}.Release|Any CPU.Build.0 = Release|Any CPU
		{648FCEFD-873D-46B3-B975-38FC6A18E1BB}.Report|Any CPU.ActiveCfg = Release|Any CPU
		{648FCEFD-873D-46B3-B975-38FC6A18E1BB}.Report|Any CPU.Build.0 = Release|Any CPU
		{648FCEFD-873D-46B3-B975-38FC6A18E1BB}.X|Any CPU.ActiveCfg = Release|Any CPU
		{648FCEFD-873D-46B3-B975-38FC6A18E1BB}.X|Any CPU.Build.0 = Release|Any CPU
		{1873F8B4-09AB-448F-81DF-CED559AA06C7}.Debug|Any CPU.ActiveCfg = Debug|Any CPU
		{1873F8B4-09AB-448F-81DF-CED559AA06C7}.Debug|Any CPU.Build.0 = Debug|Any CPU
		{1873F8B4-09AB-448F-81DF-CED559AA06C7}.Release|Any CPU.ActiveCfg = Release|Any CPU
		{1873F8B4-09AB-448F-81DF-CED559AA06C7}.Release|Any CPU.Build.0 = Release|Any CPU
		{1873F8B4-09AB-448F-81DF-CED559AA06C7}.Report|Any CPU.ActiveCfg = Release|Any CPU
		{1873F8B4-09AB-448F-81DF-CED559AA06C7}.Report|Any CPU.Build.0 = Release|Any CPU
		{1873F8B4-09AB-448F-81DF-CED559AA06C7}.X|Any CPU.ActiveCfg = Release|Any CPU
		{1873F8B4-09AB-448F-81DF-CED559AA06C7}.X|Any CPU.Build.0 = Release|Any CPU
		{69253435-87F2-45CA-B62C-B49F63BD7F90}.Debug|Any CPU.ActiveCfg = Debug|Any CPU
		{69253435-87F2-45CA-B62C-B49F63BD7F90}.Debug|Any CPU.Build.0 = Debug|Any CPU
		{69253435-87F2-45CA-B62C-B49F63BD7F90}.Release|Any CPU.ActiveCfg = Release|Any CPU
		{69253435-87F2-45CA-B62C-B49F63BD7F90}.Release|Any CPU.Build.0 = Release|Any CPU
		{69253435-87F2-45CA-B62C-B49F63BD7F90}.Report|Any CPU.ActiveCfg = Release|Any CPU
		{69253435-87F2-45CA-B62C-B49F63BD7F90}.Report|Any CPU.Build.0 = Release|Any CPU
		{69253435-87F2-45CA-B62C-B49F63BD7F90}.X|Any CPU.ActiveCfg = Release|Any CPU
		{69253435-87F2-45CA-B62C-B49F63BD7F90}.X|Any CPU.Build.0 = Release|Any CPU
		{DAD81BB2-97FB-4ED3-A414-33699CE3DA8A}.Debug|Any CPU.ActiveCfg = Debug|Any CPU
		{DAD81BB2-97FB-4ED3-A414-33699CE3DA8A}.Debug|Any CPU.Build.0 = Debug|Any CPU
		{DAD81BB2-97FB-4ED3-A414-33699CE3DA8A}.Release|Any CPU.ActiveCfg = Release|Any CPU
		{DAD81BB2-97FB-4ED3-A414-33699CE3DA8A}.Release|Any CPU.Build.0 = Release|Any CPU
		{DAD81BB2-97FB-4ED3-A414-33699CE3DA8A}.Report|Any CPU.ActiveCfg = Release|Any CPU
		{DAD81BB2-97FB-4ED3-A414-33699CE3DA8A}.Report|Any CPU.Build.0 = Release|Any CPU
		{DAD81BB2-97FB-4ED3-A414-33699CE3DA8A}.X|Any CPU.ActiveCfg = Release|Any CPU
		{DAD81BB2-97FB-4ED3-A414-33699CE3DA8A}.X|Any CPU.Build.0 = Release|Any CPU
		{3C97FC43-4BCF-4526-AE06-3E8BAAFE32A8}.Debug|Any CPU.ActiveCfg = Debug|Any CPU
		{3C97FC43-4BCF-4526-AE06-3E8BAAFE32A8}.Debug|Any CPU.Build.0 = Debug|Any CPU
		{3C97FC43-4BCF-4526-AE06-3E8BAAFE32A8}.Release|Any CPU.ActiveCfg = Release|Any CPU
		{3C97FC43-4BCF-4526-AE06-3E8BAAFE32A8}.Release|Any CPU.Build.0 = Release|Any CPU
		{3C97FC43-4BCF-4526-AE06-3E8BAAFE32A8}.Report|Any CPU.ActiveCfg = Release|Any CPU
		{3C97FC43-4BCF-4526-AE06-3E8BAAFE32A8}.Report|Any CPU.Build.0 = Release|Any CPU
		{3C97FC43-4BCF-4526-AE06-3E8BAAFE32A8}.X|Any CPU.ActiveCfg = Release|Any CPU
		{3C97FC43-4BCF-4526-AE06-3E8BAAFE32A8}.X|Any CPU.Build.0 = Release|Any CPU
		{B04D6528-769E-4740-8326-B6F6DA4B1755}.Debug|Any CPU.ActiveCfg = Debug|Any CPU
		{B04D6528-769E-4740-8326-B6F6DA4B1755}.Debug|Any CPU.Build.0 = Debug|Any CPU
		{B04D6528-769E-4740-8326-B6F6DA4B1755}.Release|Any CPU.ActiveCfg = Release|Any CPU
		{B04D6528-769E-4740-8326-B6F6DA4B1755}.Release|Any CPU.Build.0 = Release|Any CPU
		{B04D6528-769E-4740-8326-B6F6DA4B1755}.Report|Any CPU.ActiveCfg = Release|Any CPU
		{B04D6528-769E-4740-8326-B6F6DA4B1755}.Report|Any CPU.Build.0 = Release|Any CPU
		{B04D6528-769E-4740-8326-B6F6DA4B1755}.X|Any CPU.ActiveCfg = Release|Any CPU
		{B04D6528-769E-4740-8326-B6F6DA4B1755}.X|Any CPU.Build.0 = Release|Any CPU
		{688B5052-6DB4-4E6D-9D8C-621D4C4675DF}.Debug|Any CPU.ActiveCfg = Debug|Any CPU
		{688B5052-6DB4-4E6D-9D8C-621D4C4675DF}.Debug|Any CPU.Build.0 = Debug|Any CPU
		{688B5052-6DB4-4E6D-9D8C-621D4C4675DF}.Release|Any CPU.ActiveCfg = Release|Any CPU
		{688B5052-6DB4-4E6D-9D8C-621D4C4675DF}.Release|Any CPU.Build.0 = Release|Any CPU
		{688B5052-6DB4-4E6D-9D8C-621D4C4675DF}.Report|Any CPU.ActiveCfg = Release|Any CPU
		{688B5052-6DB4-4E6D-9D8C-621D4C4675DF}.Report|Any CPU.Build.0 = Release|Any CPU
		{688B5052-6DB4-4E6D-9D8C-621D4C4675DF}.X|Any CPU.ActiveCfg = Release|Any CPU
		{688B5052-6DB4-4E6D-9D8C-621D4C4675DF}.X|Any CPU.Build.0 = Release|Any CPU
		{AB46FCA3-4D2F-47A3-94D0-6969A8858435}.Debug|Any CPU.ActiveCfg = Debug|Any CPU
		{AB46FCA3-4D2F-47A3-94D0-6969A8858435}.Debug|Any CPU.Build.0 = Debug|Any CPU
		{AB46FCA3-4D2F-47A3-94D0-6969A8858435}.Release|Any CPU.ActiveCfg = Release|Any CPU
		{AB46FCA3-4D2F-47A3-94D0-6969A8858435}.Release|Any CPU.Build.0 = Release|Any CPU
		{AB46FCA3-4D2F-47A3-94D0-6969A8858435}.Report|Any CPU.ActiveCfg = Release|Any CPU
		{AB46FCA3-4D2F-47A3-94D0-6969A8858435}.Report|Any CPU.Build.0 = Release|Any CPU
		{AB46FCA3-4D2F-47A3-94D0-6969A8858435}.X|Any CPU.ActiveCfg = Release|Any CPU
		{AB46FCA3-4D2F-47A3-94D0-6969A8858435}.X|Any CPU.Build.0 = Release|Any CPU
		{B988B54F-A297-4CFF-B57F-FD34A8DA4DFE}.Debug|Any CPU.ActiveCfg = Debug|Any CPU
		{B988B54F-A297-4CFF-B57F-FD34A8DA4DFE}.Debug|Any CPU.Build.0 = Debug|Any CPU
		{B988B54F-A297-4CFF-B57F-FD34A8DA4DFE}.Release|Any CPU.ActiveCfg = Release|Any CPU
		{B988B54F-A297-4CFF-B57F-FD34A8DA4DFE}.Release|Any CPU.Build.0 = Release|Any CPU
		{B988B54F-A297-4CFF-B57F-FD34A8DA4DFE}.Report|Any CPU.ActiveCfg = Release|Any CPU
		{B988B54F-A297-4CFF-B57F-FD34A8DA4DFE}.Report|Any CPU.Build.0 = Release|Any CPU
		{B988B54F-A297-4CFF-B57F-FD34A8DA4DFE}.X|Any CPU.ActiveCfg = Release|Any CPU
		{B988B54F-A297-4CFF-B57F-FD34A8DA4DFE}.X|Any CPU.Build.0 = Release|Any CPU
		{7E2A6E42-E51C-496C-A9EA-6360EE75644A}.Debug|Any CPU.ActiveCfg = Debug|Any CPU
		{7E2A6E42-E51C-496C-A9EA-6360EE75644A}.Debug|Any CPU.Build.0 = Debug|Any CPU
		{7E2A6E42-E51C-496C-A9EA-6360EE75644A}.Release|Any CPU.ActiveCfg = Release|Any CPU
		{7E2A6E42-E51C-496C-A9EA-6360EE75644A}.Release|Any CPU.Build.0 = Release|Any CPU
		{7E2A6E42-E51C-496C-A9EA-6360EE75644A}.Report|Any CPU.ActiveCfg = Release|Any CPU
		{7E2A6E42-E51C-496C-A9EA-6360EE75644A}.Report|Any CPU.Build.0 = Release|Any CPU
		{7E2A6E42-E51C-496C-A9EA-6360EE75644A}.X|Any CPU.ActiveCfg = Release|Any CPU
		{7E2A6E42-E51C-496C-A9EA-6360EE75644A}.X|Any CPU.Build.0 = Release|Any CPU
		{3F9354B1-1FF0-4A21-8BE9-6E6D3ACC0081}.Debug|Any CPU.ActiveCfg = Debug|Any CPU
		{3F9354B1-1FF0-4A21-8BE9-6E6D3ACC0081}.Debug|Any CPU.Build.0 = Debug|Any CPU
		{3F9354B1-1FF0-4A21-8BE9-6E6D3ACC0081}.Release|Any CPU.ActiveCfg = Release|Any CPU
		{3F9354B1-1FF0-4A21-8BE9-6E6D3ACC0081}.Release|Any CPU.Build.0 = Release|Any CPU
		{3F9354B1-1FF0-4A21-8BE9-6E6D3ACC0081}.Report|Any CPU.ActiveCfg = Release|Any CPU
		{3F9354B1-1FF0-4A21-8BE9-6E6D3ACC0081}.Report|Any CPU.Build.0 = Release|Any CPU
		{3F9354B1-1FF0-4A21-8BE9-6E6D3ACC0081}.X|Any CPU.ActiveCfg = Release|Any CPU
		{3F9354B1-1FF0-4A21-8BE9-6E6D3ACC0081}.X|Any CPU.Build.0 = Release|Any CPU
		{B793AE3E-5119-49B4-8F43-CACDA661DE39}.Debug|Any CPU.ActiveCfg = Debug|Any CPU
		{B793AE3E-5119-49B4-8F43-CACDA661DE39}.Debug|Any CPU.Build.0 = Debug|Any CPU
		{B793AE3E-5119-49B4-8F43-CACDA661DE39}.Release|Any CPU.ActiveCfg = Release|Any CPU
		{B793AE3E-5119-49B4-8F43-CACDA661DE39}.Release|Any CPU.Build.0 = Release|Any CPU
		{B793AE3E-5119-49B4-8F43-CACDA661DE39}.Report|Any CPU.ActiveCfg = Release|Any CPU
		{B793AE3E-5119-49B4-8F43-CACDA661DE39}.Report|Any CPU.Build.0 = Release|Any CPU
		{B793AE3E-5119-49B4-8F43-CACDA661DE39}.X|Any CPU.ActiveCfg = Release|Any CPU
		{B793AE3E-5119-49B4-8F43-CACDA661DE39}.X|Any CPU.Build.0 = Release|Any CPU
		{6D544E55-8F7C-4621-B9BE-1BC951D438F6}.Debug|Any CPU.ActiveCfg = Debug|Any CPU
		{6D544E55-8F7C-4621-B9BE-1BC951D438F6}.Debug|Any CPU.Build.0 = Debug|Any CPU
		{6D544E55-8F7C-4621-B9BE-1BC951D438F6}.Release|Any CPU.ActiveCfg = Release|Any CPU
		{6D544E55-8F7C-4621-B9BE-1BC951D438F6}.Release|Any CPU.Build.0 = Release|Any CPU
		{6D544E55-8F7C-4621-B9BE-1BC951D438F6}.Report|Any CPU.ActiveCfg = Release|Any CPU
		{6D544E55-8F7C-4621-B9BE-1BC951D438F6}.Report|Any CPU.Build.0 = Release|Any CPU
		{6D544E55-8F7C-4621-B9BE-1BC951D438F6}.X|Any CPU.ActiveCfg = Release|Any CPU
		{6D544E55-8F7C-4621-B9BE-1BC951D438F6}.X|Any CPU.Build.0 = Release|Any CPU
		{FE3FFCC9-059F-4CDD-8BAA-E9DADCFDF010}.Debug|Any CPU.ActiveCfg = Debug|Any CPU
		{FE3FFCC9-059F-4CDD-8BAA-E9DADCFDF010}.Debug|Any CPU.Build.0 = Debug|Any CPU
		{FE3FFCC9-059F-4CDD-8BAA-E9DADCFDF010}.Release|Any CPU.ActiveCfg = Release|Any CPU
		{FE3FFCC9-059F-4CDD-8BAA-E9DADCFDF010}.Release|Any CPU.Build.0 = Release|Any CPU
		{FE3FFCC9-059F-4CDD-8BAA-E9DADCFDF010}.Report|Any CPU.ActiveCfg = Release|Any CPU
		{FE3FFCC9-059F-4CDD-8BAA-E9DADCFDF010}.Report|Any CPU.Build.0 = Release|Any CPU
		{FE3FFCC9-059F-4CDD-8BAA-E9DADCFDF010}.X|Any CPU.ActiveCfg = Release|Any CPU
		{FE3FFCC9-059F-4CDD-8BAA-E9DADCFDF010}.X|Any CPU.Build.0 = Release|Any CPU
		{AD8FA8A3-267B-498F-8410-0447A3B66713}.Debug|Any CPU.ActiveCfg = Debug|Any CPU
		{AD8FA8A3-267B-498F-8410-0447A3B66713}.Debug|Any CPU.Build.0 = Debug|Any CPU
		{AD8FA8A3-267B-498F-8410-0447A3B66713}.Release|Any CPU.ActiveCfg = Release|Any CPU
		{AD8FA8A3-267B-498F-8410-0447A3B66713}.Release|Any CPU.Build.0 = Release|Any CPU
		{AD8FA8A3-267B-498F-8410-0447A3B66713}.Report|Any CPU.ActiveCfg = Release|Any CPU
		{AD8FA8A3-267B-498F-8410-0447A3B66713}.Report|Any CPU.Build.0 = Release|Any CPU
		{AD8FA8A3-267B-498F-8410-0447A3B66713}.X|Any CPU.ActiveCfg = Release|Any CPU
		{AD8FA8A3-267B-498F-8410-0447A3B66713}.X|Any CPU.Build.0 = Release|Any CPU
		{D2EC1823-732E-470E-AA26-71A42D72EC85}.Debug|Any CPU.ActiveCfg = Debug|Any CPU
		{D2EC1823-732E-470E-AA26-71A42D72EC85}.Debug|Any CPU.Build.0 = Debug|Any CPU
		{D2EC1823-732E-470E-AA26-71A42D72EC85}.Release|Any CPU.ActiveCfg = Release|Any CPU
		{D2EC1823-732E-470E-AA26-71A42D72EC85}.Release|Any CPU.Build.0 = Release|Any CPU
		{D2EC1823-732E-470E-AA26-71A42D72EC85}.Report|Any CPU.ActiveCfg = Release|Any CPU
		{D2EC1823-732E-470E-AA26-71A42D72EC85}.Report|Any CPU.Build.0 = Release|Any CPU
		{D2EC1823-732E-470E-AA26-71A42D72EC85}.X|Any CPU.ActiveCfg = Release|Any CPU
		{D2EC1823-732E-470E-AA26-71A42D72EC85}.X|Any CPU.Build.0 = Release|Any CPU
		{B37BA78C-66EB-44A5-A717-9C6B507A0BC7}.Debug|Any CPU.ActiveCfg = Debug|Any CPU
		{B37BA78C-66EB-44A5-A717-9C6B507A0BC7}.Debug|Any CPU.Build.0 = Debug|Any CPU
		{B37BA78C-66EB-44A5-A717-9C6B507A0BC7}.Release|Any CPU.ActiveCfg = Release|Any CPU
		{B37BA78C-66EB-44A5-A717-9C6B507A0BC7}.Release|Any CPU.Build.0 = Release|Any CPU
		{B37BA78C-66EB-44A5-A717-9C6B507A0BC7}.Report|Any CPU.ActiveCfg = Release|Any CPU
		{B37BA78C-66EB-44A5-A717-9C6B507A0BC7}.Report|Any CPU.Build.0 = Release|Any CPU
		{B37BA78C-66EB-44A5-A717-9C6B507A0BC7}.X|Any CPU.ActiveCfg = Release|Any CPU
		{B37BA78C-66EB-44A5-A717-9C6B507A0BC7}.X|Any CPU.Build.0 = Release|Any CPU
		{9BDB36B6-8B37-4F79-A7C2-E1323DB052BF}.Debug|Any CPU.ActiveCfg = Debug|Any CPU
		{9BDB36B6-8B37-4F79-A7C2-E1323DB052BF}.Debug|Any CPU.Build.0 = Debug|Any CPU
		{9BDB36B6-8B37-4F79-A7C2-E1323DB052BF}.Release|Any CPU.ActiveCfg = Release|Any CPU
		{9BDB36B6-8B37-4F79-A7C2-E1323DB052BF}.Release|Any CPU.Build.0 = Release|Any CPU
		{9BDB36B6-8B37-4F79-A7C2-E1323DB052BF}.Report|Any CPU.ActiveCfg = Release|Any CPU
		{9BDB36B6-8B37-4F79-A7C2-E1323DB052BF}.Report|Any CPU.Build.0 = Release|Any CPU
		{9BDB36B6-8B37-4F79-A7C2-E1323DB052BF}.X|Any CPU.ActiveCfg = Release|Any CPU
		{9BDB36B6-8B37-4F79-A7C2-E1323DB052BF}.X|Any CPU.Build.0 = Release|Any CPU
		{1192762F-881F-48D7-8774-8D3032FF3945}.Debug|Any CPU.ActiveCfg = Debug|Any CPU
		{1192762F-881F-48D7-8774-8D3032FF3945}.Debug|Any CPU.Build.0 = Debug|Any CPU
		{1192762F-881F-48D7-8774-8D3032FF3945}.Release|Any CPU.ActiveCfg = Release|Any CPU
		{1192762F-881F-48D7-8774-8D3032FF3945}.Release|Any CPU.Build.0 = Release|Any CPU
		{1192762F-881F-48D7-8774-8D3032FF3945}.Report|Any CPU.ActiveCfg = Release|Any CPU
		{1192762F-881F-48D7-8774-8D3032FF3945}.Report|Any CPU.Build.0 = Release|Any CPU
		{1192762F-881F-48D7-8774-8D3032FF3945}.X|Any CPU.ActiveCfg = Release|Any CPU
		{1192762F-881F-48D7-8774-8D3032FF3945}.X|Any CPU.Build.0 = Release|Any CPU
		{C42669CF-619D-4E31-ADDC-2D806A461BC9}.Debug|Any CPU.ActiveCfg = Debug|Any CPU
		{C42669CF-619D-4E31-ADDC-2D806A461BC9}.Debug|Any CPU.Build.0 = Debug|Any CPU
		{C42669CF-619D-4E31-ADDC-2D806A461BC9}.Release|Any CPU.ActiveCfg = Release|Any CPU
		{C42669CF-619D-4E31-ADDC-2D806A461BC9}.Release|Any CPU.Build.0 = Release|Any CPU
		{C42669CF-619D-4E31-ADDC-2D806A461BC9}.Report|Any CPU.ActiveCfg = Release|Any CPU
		{C42669CF-619D-4E31-ADDC-2D806A461BC9}.Report|Any CPU.Build.0 = Release|Any CPU
		{C42669CF-619D-4E31-ADDC-2D806A461BC9}.X|Any CPU.ActiveCfg = Release|Any CPU
		{C42669CF-619D-4E31-ADDC-2D806A461BC9}.X|Any CPU.Build.0 = Release|Any CPU
		{C756BBEA-FCD8-41E8-B85C-3E41C36198DC}.Debug|Any CPU.ActiveCfg = Debug|Any CPU
		{C756BBEA-FCD8-41E8-B85C-3E41C36198DC}.Debug|Any CPU.Build.0 = Debug|Any CPU
		{C756BBEA-FCD8-41E8-B85C-3E41C36198DC}.Release|Any CPU.ActiveCfg = Release|Any CPU
		{C756BBEA-FCD8-41E8-B85C-3E41C36198DC}.Release|Any CPU.Build.0 = Release|Any CPU
		{C756BBEA-FCD8-41E8-B85C-3E41C36198DC}.Report|Any CPU.ActiveCfg = Release|Any CPU
		{C756BBEA-FCD8-41E8-B85C-3E41C36198DC}.Report|Any CPU.Build.0 = Release|Any CPU
		{C756BBEA-FCD8-41E8-B85C-3E41C36198DC}.X|Any CPU.ActiveCfg = Release|Any CPU
		{C756BBEA-FCD8-41E8-B85C-3E41C36198DC}.X|Any CPU.Build.0 = Release|Any CPU
		{66F49B21-4A08-4DE2-80A0-46AD5907E9BD}.Debug|Any CPU.ActiveCfg = Debug|Any CPU
		{66F49B21-4A08-4DE2-80A0-46AD5907E9BD}.Debug|Any CPU.Build.0 = Debug|Any CPU
		{66F49B21-4A08-4DE2-80A0-46AD5907E9BD}.Release|Any CPU.ActiveCfg = Release|Any CPU
		{66F49B21-4A08-4DE2-80A0-46AD5907E9BD}.Release|Any CPU.Build.0 = Release|Any CPU
		{66F49B21-4A08-4DE2-80A0-46AD5907E9BD}.Report|Any CPU.ActiveCfg = Release|Any CPU
		{66F49B21-4A08-4DE2-80A0-46AD5907E9BD}.Report|Any CPU.Build.0 = Release|Any CPU
		{66F49B21-4A08-4DE2-80A0-46AD5907E9BD}.X|Any CPU.ActiveCfg = Release|Any CPU
		{66F49B21-4A08-4DE2-80A0-46AD5907E9BD}.X|Any CPU.Build.0 = Release|Any CPU
		{9E413F46-02DE-41B0-BA98-98EF81826211}.Debug|Any CPU.ActiveCfg = Debug|Any CPU
		{9E413F46-02DE-41B0-BA98-98EF81826211}.Debug|Any CPU.Build.0 = Debug|Any CPU
		{9E413F46-02DE-41B0-BA98-98EF81826211}.Release|Any CPU.ActiveCfg = Release|Any CPU
		{9E413F46-02DE-41B0-BA98-98EF81826211}.Release|Any CPU.Build.0 = Release|Any CPU
		{9E413F46-02DE-41B0-BA98-98EF81826211}.Report|Any CPU.ActiveCfg = Release|Any CPU
		{9E413F46-02DE-41B0-BA98-98EF81826211}.Report|Any CPU.Build.0 = Release|Any CPU
		{9E413F46-02DE-41B0-BA98-98EF81826211}.X|Any CPU.ActiveCfg = Release|Any CPU
		{9E413F46-02DE-41B0-BA98-98EF81826211}.X|Any CPU.Build.0 = Release|Any CPU
		{13F386C9-E4A7-4739-AEA2-AD766BF3166C}.Debug|Any CPU.ActiveCfg = Debug|Any CPU
		{13F386C9-E4A7-4739-AEA2-AD766BF3166C}.Debug|Any CPU.Build.0 = Debug|Any CPU
		{13F386C9-E4A7-4739-AEA2-AD766BF3166C}.Release|Any CPU.ActiveCfg = Release|Any CPU
		{13F386C9-E4A7-4739-AEA2-AD766BF3166C}.Release|Any CPU.Build.0 = Release|Any CPU
		{13F386C9-E4A7-4739-AEA2-AD766BF3166C}.Report|Any CPU.ActiveCfg = Release|Any CPU
		{13F386C9-E4A7-4739-AEA2-AD766BF3166C}.Report|Any CPU.Build.0 = Release|Any CPU
		{13F386C9-E4A7-4739-AEA2-AD766BF3166C}.X|Any CPU.ActiveCfg = Release|Any CPU
		{13F386C9-E4A7-4739-AEA2-AD766BF3166C}.X|Any CPU.Build.0 = Release|Any CPU
		{36413C00-66DC-4AA1-B5F1-B486881BE820}.Debug|Any CPU.ActiveCfg = Debug|Any CPU
		{36413C00-66DC-4AA1-B5F1-B486881BE820}.Debug|Any CPU.Build.0 = Debug|Any CPU
		{36413C00-66DC-4AA1-B5F1-B486881BE820}.Release|Any CPU.ActiveCfg = Release|Any CPU
		{36413C00-66DC-4AA1-B5F1-B486881BE820}.Release|Any CPU.Build.0 = Release|Any CPU
		{36413C00-66DC-4AA1-B5F1-B486881BE820}.Report|Any CPU.ActiveCfg = Release|Any CPU
		{36413C00-66DC-4AA1-B5F1-B486881BE820}.Report|Any CPU.Build.0 = Release|Any CPU
		{36413C00-66DC-4AA1-B5F1-B486881BE820}.X|Any CPU.ActiveCfg = Release|Any CPU
		{36413C00-66DC-4AA1-B5F1-B486881BE820}.X|Any CPU.Build.0 = Release|Any CPU
		{A0328DE9-3456-4806-BF78-705A98843693}.Debug|Any CPU.ActiveCfg = Debug|Any CPU
		{A0328DE9-3456-4806-BF78-705A98843693}.Debug|Any CPU.Build.0 = Debug|Any CPU
		{A0328DE9-3456-4806-BF78-705A98843693}.Release|Any CPU.ActiveCfg = Release|Any CPU
		{A0328DE9-3456-4806-BF78-705A98843693}.Release|Any CPU.Build.0 = Release|Any CPU
		{A0328DE9-3456-4806-BF78-705A98843693}.Report|Any CPU.ActiveCfg = Release|Any CPU
		{A0328DE9-3456-4806-BF78-705A98843693}.Report|Any CPU.Build.0 = Release|Any CPU
		{A0328DE9-3456-4806-BF78-705A98843693}.X|Any CPU.ActiveCfg = Release|Any CPU
		{A0328DE9-3456-4806-BF78-705A98843693}.X|Any CPU.Build.0 = Release|Any CPU
		{8ADCB176-5447-41BC-9E6B-887765566E4E}.Debug|Any CPU.ActiveCfg = Debug|Any CPU
		{8ADCB176-5447-41BC-9E6B-887765566E4E}.Debug|Any CPU.Build.0 = Debug|Any CPU
		{8ADCB176-5447-41BC-9E6B-887765566E4E}.Release|Any CPU.ActiveCfg = Release|Any CPU
		{8ADCB176-5447-41BC-9E6B-887765566E4E}.Release|Any CPU.Build.0 = Release|Any CPU
		{8ADCB176-5447-41BC-9E6B-887765566E4E}.Report|Any CPU.ActiveCfg = Release|Any CPU
		{8ADCB176-5447-41BC-9E6B-887765566E4E}.Report|Any CPU.Build.0 = Release|Any CPU
		{8ADCB176-5447-41BC-9E6B-887765566E4E}.X|Any CPU.ActiveCfg = Release|Any CPU
		{8ADCB176-5447-41BC-9E6B-887765566E4E}.X|Any CPU.Build.0 = Release|Any CPU
		{29454703-BEE8-4CCD-BFE7-8DB75C69A15D}.Debug|Any CPU.ActiveCfg = Debug|Any CPU
		{29454703-BEE8-4CCD-BFE7-8DB75C69A15D}.Debug|Any CPU.Build.0 = Debug|Any CPU
		{29454703-BEE8-4CCD-BFE7-8DB75C69A15D}.Release|Any CPU.ActiveCfg = Release|Any CPU
		{29454703-BEE8-4CCD-BFE7-8DB75C69A15D}.Release|Any CPU.Build.0 = Release|Any CPU
		{29454703-BEE8-4CCD-BFE7-8DB75C69A15D}.Report|Any CPU.ActiveCfg = Release|Any CPU
		{29454703-BEE8-4CCD-BFE7-8DB75C69A15D}.Report|Any CPU.Build.0 = Release|Any CPU
		{29454703-BEE8-4CCD-BFE7-8DB75C69A15D}.X|Any CPU.ActiveCfg = Release|Any CPU
		{29454703-BEE8-4CCD-BFE7-8DB75C69A15D}.X|Any CPU.Build.0 = Release|Any CPU
		{453A3685-D32F-467B-A1E2-649298A05E25}.Debug|Any CPU.ActiveCfg = Debug|Any CPU
		{453A3685-D32F-467B-A1E2-649298A05E25}.Debug|Any CPU.Build.0 = Debug|Any CPU
		{453A3685-D32F-467B-A1E2-649298A05E25}.Release|Any CPU.ActiveCfg = Release|Any CPU
		{453A3685-D32F-467B-A1E2-649298A05E25}.Release|Any CPU.Build.0 = Release|Any CPU
		{453A3685-D32F-467B-A1E2-649298A05E25}.Report|Any CPU.ActiveCfg = Release|Any CPU
		{453A3685-D32F-467B-A1E2-649298A05E25}.Report|Any CPU.Build.0 = Release|Any CPU
		{453A3685-D32F-467B-A1E2-649298A05E25}.X|Any CPU.ActiveCfg = Release|Any CPU
		{453A3685-D32F-467B-A1E2-649298A05E25}.X|Any CPU.Build.0 = Release|Any CPU
		{8ADC522F-84EC-4CFD-870E-FB52EBB9718A}.Debug|Any CPU.ActiveCfg = Debug|Any CPU
		{8ADC522F-84EC-4CFD-870E-FB52EBB9718A}.Debug|Any CPU.Build.0 = Debug|Any CPU
		{8ADC522F-84EC-4CFD-870E-FB52EBB9718A}.Release|Any CPU.ActiveCfg = Release|Any CPU
		{8ADC522F-84EC-4CFD-870E-FB52EBB9718A}.Release|Any CPU.Build.0 = Release|Any CPU
		{8ADC522F-84EC-4CFD-870E-FB52EBB9718A}.Report|Any CPU.ActiveCfg = Release|Any CPU
		{8ADC522F-84EC-4CFD-870E-FB52EBB9718A}.Report|Any CPU.Build.0 = Release|Any CPU
		{8ADC522F-84EC-4CFD-870E-FB52EBB9718A}.X|Any CPU.ActiveCfg = Release|Any CPU
		{8ADC522F-84EC-4CFD-870E-FB52EBB9718A}.X|Any CPU.Build.0 = Release|Any CPU
		{8FAFA4DA-4F1C-4CE4-BE9C-AEAFBFBC4BE2}.Debug|Any CPU.ActiveCfg = Debug|Any CPU
		{8FAFA4DA-4F1C-4CE4-BE9C-AEAFBFBC4BE2}.Debug|Any CPU.Build.0 = Debug|Any CPU
		{8FAFA4DA-4F1C-4CE4-BE9C-AEAFBFBC4BE2}.Release|Any CPU.ActiveCfg = Release|Any CPU
		{8FAFA4DA-4F1C-4CE4-BE9C-AEAFBFBC4BE2}.Release|Any CPU.Build.0 = Release|Any CPU
		{8FAFA4DA-4F1C-4CE4-BE9C-AEAFBFBC4BE2}.Report|Any CPU.ActiveCfg = Release|Any CPU
		{8FAFA4DA-4F1C-4CE4-BE9C-AEAFBFBC4BE2}.Report|Any CPU.Build.0 = Release|Any CPU
		{8FAFA4DA-4F1C-4CE4-BE9C-AEAFBFBC4BE2}.X|Any CPU.ActiveCfg = Release|Any CPU
		{8FAFA4DA-4F1C-4CE4-BE9C-AEAFBFBC4BE2}.X|Any CPU.Build.0 = Release|Any CPU
		{9548ECA3-E1F3-4640-A0F6-E9C72681567C}.Debug|Any CPU.ActiveCfg = Debug|Any CPU
		{9548ECA3-E1F3-4640-A0F6-E9C72681567C}.Debug|Any CPU.Build.0 = Debug|Any CPU
		{9548ECA3-E1F3-4640-A0F6-E9C72681567C}.Release|Any CPU.ActiveCfg = Release|Any CPU
		{9548ECA3-E1F3-4640-A0F6-E9C72681567C}.Release|Any CPU.Build.0 = Release|Any CPU
		{9548ECA3-E1F3-4640-A0F6-E9C72681567C}.Report|Any CPU.ActiveCfg = Release|Any CPU
		{9548ECA3-E1F3-4640-A0F6-E9C72681567C}.Report|Any CPU.Build.0 = Release|Any CPU
		{9548ECA3-E1F3-4640-A0F6-E9C72681567C}.X|Any CPU.ActiveCfg = Release|Any CPU
		{9548ECA3-E1F3-4640-A0F6-E9C72681567C}.X|Any CPU.Build.0 = Release|Any CPU
		{4374E45A-F3D0-4EB5-AB02-379A543878A4}.Debug|Any CPU.ActiveCfg = Debug|Any CPU
		{4374E45A-F3D0-4EB5-AB02-379A543878A4}.Debug|Any CPU.Build.0 = Debug|Any CPU
		{4374E45A-F3D0-4EB5-AB02-379A543878A4}.Release|Any CPU.ActiveCfg = Release|Any CPU
		{4374E45A-F3D0-4EB5-AB02-379A543878A4}.Release|Any CPU.Build.0 = Release|Any CPU
		{4374E45A-F3D0-4EB5-AB02-379A543878A4}.Report|Any CPU.ActiveCfg = Release|Any CPU
		{4374E45A-F3D0-4EB5-AB02-379A543878A4}.Report|Any CPU.Build.0 = Release|Any CPU
		{4374E45A-F3D0-4EB5-AB02-379A543878A4}.X|Any CPU.ActiveCfg = Release|Any CPU
		{4374E45A-F3D0-4EB5-AB02-379A543878A4}.X|Any CPU.Build.0 = Release|Any CPU
		{EDD7ACD2-80FA-4EC7-B8F2-0187DDFB7BDA}.Debug|Any CPU.ActiveCfg = Debug|Any CPU
		{EDD7ACD2-80FA-4EC7-B8F2-0187DDFB7BDA}.Debug|Any CPU.Build.0 = Debug|Any CPU
		{EDD7ACD2-80FA-4EC7-B8F2-0187DDFB7BDA}.Release|Any CPU.ActiveCfg = Release|Any CPU
		{EDD7ACD2-80FA-4EC7-B8F2-0187DDFB7BDA}.Release|Any CPU.Build.0 = Release|Any CPU
		{EDD7ACD2-80FA-4EC7-B8F2-0187DDFB7BDA}.Report|Any CPU.ActiveCfg = Release|Any CPU
		{EDD7ACD2-80FA-4EC7-B8F2-0187DDFB7BDA}.Report|Any CPU.Build.0 = Release|Any CPU
		{EDD7ACD2-80FA-4EC7-B8F2-0187DDFB7BDA}.X|Any CPU.ActiveCfg = Release|Any CPU
		{EDD7ACD2-80FA-4EC7-B8F2-0187DDFB7BDA}.X|Any CPU.Build.0 = Release|Any CPU
		{F88E8A34-3CF4-4D66-A6AC-357591F59984}.Debug|Any CPU.ActiveCfg = Debug|Any CPU
		{F88E8A34-3CF4-4D66-A6AC-357591F59984}.Debug|Any CPU.Build.0 = Debug|Any CPU
		{F88E8A34-3CF4-4D66-A6AC-357591F59984}.Release|Any CPU.ActiveCfg = Release|Any CPU
		{F88E8A34-3CF4-4D66-A6AC-357591F59984}.Release|Any CPU.Build.0 = Release|Any CPU
		{F88E8A34-3CF4-4D66-A6AC-357591F59984}.Report|Any CPU.ActiveCfg = Release|Any CPU
		{F88E8A34-3CF4-4D66-A6AC-357591F59984}.Report|Any CPU.Build.0 = Release|Any CPU
		{F88E8A34-3CF4-4D66-A6AC-357591F59984}.X|Any CPU.ActiveCfg = Release|Any CPU
		{F88E8A34-3CF4-4D66-A6AC-357591F59984}.X|Any CPU.Build.0 = Release|Any CPU
		{7A69AB01-8ED6-43BB-9A77-D6155156BC83}.Debug|Any CPU.ActiveCfg = Debug|Any CPU
		{7A69AB01-8ED6-43BB-9A77-D6155156BC83}.Debug|Any CPU.Build.0 = Debug|Any CPU
		{7A69AB01-8ED6-43BB-9A77-D6155156BC83}.Release|Any CPU.ActiveCfg = Release|Any CPU
		{7A69AB01-8ED6-43BB-9A77-D6155156BC83}.Release|Any CPU.Build.0 = Release|Any CPU
		{7A69AB01-8ED6-43BB-9A77-D6155156BC83}.Report|Any CPU.ActiveCfg = Release|Any CPU
		{7A69AB01-8ED6-43BB-9A77-D6155156BC83}.Report|Any CPU.Build.0 = Release|Any CPU
		{7A69AB01-8ED6-43BB-9A77-D6155156BC83}.X|Any CPU.ActiveCfg = Release|Any CPU
		{7A69AB01-8ED6-43BB-9A77-D6155156BC83}.X|Any CPU.Build.0 = Release|Any CPU
		{6746FCF4-C37A-47DC-8FB0-012A9179B8AE}.Debug|Any CPU.ActiveCfg = Debug|Any CPU
		{6746FCF4-C37A-47DC-8FB0-012A9179B8AE}.Debug|Any CPU.Build.0 = Debug|Any CPU
		{6746FCF4-C37A-47DC-8FB0-012A9179B8AE}.Release|Any CPU.ActiveCfg = Release|Any CPU
		{6746FCF4-C37A-47DC-8FB0-012A9179B8AE}.Release|Any CPU.Build.0 = Release|Any CPU
		{6746FCF4-C37A-47DC-8FB0-012A9179B8AE}.Report|Any CPU.ActiveCfg = Release|Any CPU
		{6746FCF4-C37A-47DC-8FB0-012A9179B8AE}.Report|Any CPU.Build.0 = Release|Any CPU
		{6746FCF4-C37A-47DC-8FB0-012A9179B8AE}.X|Any CPU.ActiveCfg = Release|Any CPU
		{6746FCF4-C37A-47DC-8FB0-012A9179B8AE}.X|Any CPU.Build.0 = Release|Any CPU
		{341BA9A9-33C2-4D45-AAB1-9A5151CF69EB}.Debug|Any CPU.ActiveCfg = Debug|Any CPU
		{341BA9A9-33C2-4D45-AAB1-9A5151CF69EB}.Debug|Any CPU.Build.0 = Debug|Any CPU
		{341BA9A9-33C2-4D45-AAB1-9A5151CF69EB}.Release|Any CPU.ActiveCfg = Release|Any CPU
		{341BA9A9-33C2-4D45-AAB1-9A5151CF69EB}.Release|Any CPU.Build.0 = Release|Any CPU
		{341BA9A9-33C2-4D45-AAB1-9A5151CF69EB}.Report|Any CPU.ActiveCfg = Release|Any CPU
		{341BA9A9-33C2-4D45-AAB1-9A5151CF69EB}.Report|Any CPU.Build.0 = Release|Any CPU
		{341BA9A9-33C2-4D45-AAB1-9A5151CF69EB}.X|Any CPU.ActiveCfg = Release|Any CPU
		{341BA9A9-33C2-4D45-AAB1-9A5151CF69EB}.X|Any CPU.Build.0 = Release|Any CPU
		{7AA5F5A3-C81B-4371-A7D0-B96CADA1F79F}.Debug|Any CPU.ActiveCfg = Debug|Any CPU
		{7AA5F5A3-C81B-4371-A7D0-B96CADA1F79F}.Debug|Any CPU.Build.0 = Debug|Any CPU
		{7AA5F5A3-C81B-4371-A7D0-B96CADA1F79F}.Release|Any CPU.ActiveCfg = Release|Any CPU
		{7AA5F5A3-C81B-4371-A7D0-B96CADA1F79F}.Release|Any CPU.Build.0 = Release|Any CPU
		{7AA5F5A3-C81B-4371-A7D0-B96CADA1F79F}.Report|Any CPU.ActiveCfg = Release|Any CPU
		{7AA5F5A3-C81B-4371-A7D0-B96CADA1F79F}.Report|Any CPU.Build.0 = Release|Any CPU
		{7AA5F5A3-C81B-4371-A7D0-B96CADA1F79F}.X|Any CPU.ActiveCfg = Release|Any CPU
		{7AA5F5A3-C81B-4371-A7D0-B96CADA1F79F}.X|Any CPU.Build.0 = Release|Any CPU
		{9AA87F8F-6AFD-4C11-95CF-E3A531C9B1C5}.Debug|Any CPU.ActiveCfg = Debug|Any CPU
		{9AA87F8F-6AFD-4C11-95CF-E3A531C9B1C5}.Debug|Any CPU.Build.0 = Debug|Any CPU
		{9AA87F8F-6AFD-4C11-95CF-E3A531C9B1C5}.Release|Any CPU.ActiveCfg = Release|Any CPU
		{9AA87F8F-6AFD-4C11-95CF-E3A531C9B1C5}.Release|Any CPU.Build.0 = Release|Any CPU
		{9AA87F8F-6AFD-4C11-95CF-E3A531C9B1C5}.Report|Any CPU.ActiveCfg = Release|Any CPU
		{9AA87F8F-6AFD-4C11-95CF-E3A531C9B1C5}.Report|Any CPU.Build.0 = Release|Any CPU
		{9AA87F8F-6AFD-4C11-95CF-E3A531C9B1C5}.X|Any CPU.ActiveCfg = Release|Any CPU
		{9AA87F8F-6AFD-4C11-95CF-E3A531C9B1C5}.X|Any CPU.Build.0 = Release|Any CPU
		{96FBBD36-6096-4788-8428-E2454DD69DB7}.Debug|Any CPU.ActiveCfg = Debug|Any CPU
		{96FBBD36-6096-4788-8428-E2454DD69DB7}.Debug|Any CPU.Build.0 = Debug|Any CPU
		{96FBBD36-6096-4788-8428-E2454DD69DB7}.Release|Any CPU.ActiveCfg = Release|Any CPU
		{96FBBD36-6096-4788-8428-E2454DD69DB7}.Release|Any CPU.Build.0 = Release|Any CPU
		{96FBBD36-6096-4788-8428-E2454DD69DB7}.Report|Any CPU.ActiveCfg = Release|Any CPU
		{96FBBD36-6096-4788-8428-E2454DD69DB7}.Report|Any CPU.Build.0 = Release|Any CPU
		{96FBBD36-6096-4788-8428-E2454DD69DB7}.X|Any CPU.ActiveCfg = Release|Any CPU
		{96FBBD36-6096-4788-8428-E2454DD69DB7}.X|Any CPU.Build.0 = Release|Any CPU
		{F9CF22D3-C1B1-47FE-BEE2-C789B4BC0D28}.Debug|Any CPU.ActiveCfg = Debug|Any CPU
		{F9CF22D3-C1B1-47FE-BEE2-C789B4BC0D28}.Debug|Any CPU.Build.0 = Debug|Any CPU
		{F9CF22D3-C1B1-47FE-BEE2-C789B4BC0D28}.Release|Any CPU.ActiveCfg = Release|Any CPU
		{F9CF22D3-C1B1-47FE-BEE2-C789B4BC0D28}.Release|Any CPU.Build.0 = Release|Any CPU
		{F9CF22D3-C1B1-47FE-BEE2-C789B4BC0D28}.Report|Any CPU.ActiveCfg = Release|Any CPU
		{F9CF22D3-C1B1-47FE-BEE2-C789B4BC0D28}.Report|Any CPU.Build.0 = Release|Any CPU
		{F9CF22D3-C1B1-47FE-BEE2-C789B4BC0D28}.X|Any CPU.ActiveCfg = Release|Any CPU
		{F9CF22D3-C1B1-47FE-BEE2-C789B4BC0D28}.X|Any CPU.Build.0 = Release|Any CPU
		{AF9E7232-7581-44A4-B3FB-893C330795B0}.Debug|Any CPU.ActiveCfg = Debug|Any CPU
		{AF9E7232-7581-44A4-B3FB-893C330795B0}.Debug|Any CPU.Build.0 = Debug|Any CPU
		{AF9E7232-7581-44A4-B3FB-893C330795B0}.Release|Any CPU.ActiveCfg = Release|Any CPU
		{AF9E7232-7581-44A4-B3FB-893C330795B0}.Release|Any CPU.Build.0 = Release|Any CPU
		{AF9E7232-7581-44A4-B3FB-893C330795B0}.Report|Any CPU.ActiveCfg = Release|Any CPU
		{AF9E7232-7581-44A4-B3FB-893C330795B0}.Report|Any CPU.Build.0 = Release|Any CPU
		{AF9E7232-7581-44A4-B3FB-893C330795B0}.X|Any CPU.ActiveCfg = Release|Any CPU
		{AF9E7232-7581-44A4-B3FB-893C330795B0}.X|Any CPU.Build.0 = Release|Any CPU
		{71427542-1890-430E-B265-ACDF407094AC}.Debug|Any CPU.ActiveCfg = Debug|Any CPU
		{71427542-1890-430E-B265-ACDF407094AC}.Debug|Any CPU.Build.0 = Debug|Any CPU
		{71427542-1890-430E-B265-ACDF407094AC}.Release|Any CPU.ActiveCfg = Release|Any CPU
		{71427542-1890-430E-B265-ACDF407094AC}.Release|Any CPU.Build.0 = Release|Any CPU
		{71427542-1890-430E-B265-ACDF407094AC}.Report|Any CPU.ActiveCfg = Release|Any CPU
		{71427542-1890-430E-B265-ACDF407094AC}.Report|Any CPU.Build.0 = Release|Any CPU
		{71427542-1890-430E-B265-ACDF407094AC}.X|Any CPU.ActiveCfg = Release|Any CPU
		{71427542-1890-430E-B265-ACDF407094AC}.X|Any CPU.Build.0 = Release|Any CPU
		{BF38AF9B-1635-4215-93B4-9036B27CC357}.Debug|Any CPU.ActiveCfg = Debug|Any CPU
		{BF38AF9B-1635-4215-93B4-9036B27CC357}.Debug|Any CPU.Build.0 = Debug|Any CPU
		{BF38AF9B-1635-4215-93B4-9036B27CC357}.Release|Any CPU.ActiveCfg = Release|Any CPU
		{BF38AF9B-1635-4215-93B4-9036B27CC357}.Release|Any CPU.Build.0 = Release|Any CPU
		{BF38AF9B-1635-4215-93B4-9036B27CC357}.Report|Any CPU.ActiveCfg = Release|Any CPU
		{BF38AF9B-1635-4215-93B4-9036B27CC357}.Report|Any CPU.Build.0 = Release|Any CPU
		{BF38AF9B-1635-4215-93B4-9036B27CC357}.X|Any CPU.ActiveCfg = Release|Any CPU
		{BF38AF9B-1635-4215-93B4-9036B27CC357}.X|Any CPU.Build.0 = Release|Any CPU
		{FA473630-ADAA-4691-8800-2EB3CC4AA824}.Debug|Any CPU.ActiveCfg = Debug|Any CPU
		{FA473630-ADAA-4691-8800-2EB3CC4AA824}.Debug|Any CPU.Build.0 = Debug|Any CPU
		{FA473630-ADAA-4691-8800-2EB3CC4AA824}.Release|Any CPU.ActiveCfg = Release|Any CPU
		{FA473630-ADAA-4691-8800-2EB3CC4AA824}.Release|Any CPU.Build.0 = Release|Any CPU
		{FA473630-ADAA-4691-8800-2EB3CC4AA824}.Report|Any CPU.ActiveCfg = Release|Any CPU
		{FA473630-ADAA-4691-8800-2EB3CC4AA824}.Report|Any CPU.Build.0 = Release|Any CPU
		{FA473630-ADAA-4691-8800-2EB3CC4AA824}.X|Any CPU.ActiveCfg = Release|Any CPU
		{FA473630-ADAA-4691-8800-2EB3CC4AA824}.X|Any CPU.Build.0 = Release|Any CPU
		{121D99A4-895C-4120-81CC-DC22DC76254B}.Debug|Any CPU.ActiveCfg = Debug|Any CPU
		{121D99A4-895C-4120-81CC-DC22DC76254B}.Debug|Any CPU.Build.0 = Debug|Any CPU
		{121D99A4-895C-4120-81CC-DC22DC76254B}.Release|Any CPU.ActiveCfg = Release|Any CPU
		{121D99A4-895C-4120-81CC-DC22DC76254B}.Release|Any CPU.Build.0 = Release|Any CPU
		{121D99A4-895C-4120-81CC-DC22DC76254B}.Report|Any CPU.ActiveCfg = Release|Any CPU
		{121D99A4-895C-4120-81CC-DC22DC76254B}.Report|Any CPU.Build.0 = Release|Any CPU
		{121D99A4-895C-4120-81CC-DC22DC76254B}.X|Any CPU.ActiveCfg = Release|Any CPU
		{121D99A4-895C-4120-81CC-DC22DC76254B}.X|Any CPU.Build.0 = Release|Any CPU
		{175D3B03-98E9-4F40-B3B6-8B25F8385481}.Debug|Any CPU.ActiveCfg = Debug|Any CPU
		{175D3B03-98E9-4F40-B3B6-8B25F8385481}.Debug|Any CPU.Build.0 = Debug|Any CPU
		{175D3B03-98E9-4F40-B3B6-8B25F8385481}.Release|Any CPU.ActiveCfg = Release|Any CPU
		{175D3B03-98E9-4F40-B3B6-8B25F8385481}.Release|Any CPU.Build.0 = Release|Any CPU
		{175D3B03-98E9-4F40-B3B6-8B25F8385481}.Report|Any CPU.ActiveCfg = Release|Any CPU
		{175D3B03-98E9-4F40-B3B6-8B25F8385481}.Report|Any CPU.Build.0 = Release|Any CPU
		{175D3B03-98E9-4F40-B3B6-8B25F8385481}.X|Any CPU.ActiveCfg = Release|Any CPU
		{175D3B03-98E9-4F40-B3B6-8B25F8385481}.X|Any CPU.Build.0 = Release|Any CPU
		{29AFE5E3-9CC7-4222-953B-83815D6B53E4}.Debug|Any CPU.ActiveCfg = Debug|Any CPU
		{29AFE5E3-9CC7-4222-953B-83815D6B53E4}.Debug|Any CPU.Build.0 = Debug|Any CPU
		{29AFE5E3-9CC7-4222-953B-83815D6B53E4}.Release|Any CPU.ActiveCfg = Release|Any CPU
		{29AFE5E3-9CC7-4222-953B-83815D6B53E4}.Release|Any CPU.Build.0 = Release|Any CPU
		{29AFE5E3-9CC7-4222-953B-83815D6B53E4}.Report|Any CPU.ActiveCfg = Release|Any CPU
		{29AFE5E3-9CC7-4222-953B-83815D6B53E4}.Report|Any CPU.Build.0 = Release|Any CPU
		{29AFE5E3-9CC7-4222-953B-83815D6B53E4}.X|Any CPU.ActiveCfg = Release|Any CPU
		{29AFE5E3-9CC7-4222-953B-83815D6B53E4}.X|Any CPU.Build.0 = Release|Any CPU
		{26E14FED-C9E0-4459-B1E9-8FDF7771EDA1}.Debug|Any CPU.ActiveCfg = Debug|Any CPU
		{26E14FED-C9E0-4459-B1E9-8FDF7771EDA1}.Debug|Any CPU.Build.0 = Debug|Any CPU
		{26E14FED-C9E0-4459-B1E9-8FDF7771EDA1}.Release|Any CPU.ActiveCfg = Release|Any CPU
		{26E14FED-C9E0-4459-B1E9-8FDF7771EDA1}.Release|Any CPU.Build.0 = Release|Any CPU
		{26E14FED-C9E0-4459-B1E9-8FDF7771EDA1}.Report|Any CPU.ActiveCfg = Release|Any CPU
		{26E14FED-C9E0-4459-B1E9-8FDF7771EDA1}.Report|Any CPU.Build.0 = Release|Any CPU
		{26E14FED-C9E0-4459-B1E9-8FDF7771EDA1}.X|Any CPU.ActiveCfg = Release|Any CPU
		{26E14FED-C9E0-4459-B1E9-8FDF7771EDA1}.X|Any CPU.Build.0 = Release|Any CPU
		{92DEE9B3-9086-4926-9BC3-BA9ADA8DCB26}.Debug|Any CPU.ActiveCfg = Debug|Any CPU
		{92DEE9B3-9086-4926-9BC3-BA9ADA8DCB26}.Debug|Any CPU.Build.0 = Debug|Any CPU
		{92DEE9B3-9086-4926-9BC3-BA9ADA8DCB26}.Release|Any CPU.ActiveCfg = Release|Any CPU
		{92DEE9B3-9086-4926-9BC3-BA9ADA8DCB26}.Release|Any CPU.Build.0 = Release|Any CPU
		{92DEE9B3-9086-4926-9BC3-BA9ADA8DCB26}.Report|Any CPU.ActiveCfg = Release|Any CPU
		{92DEE9B3-9086-4926-9BC3-BA9ADA8DCB26}.Report|Any CPU.Build.0 = Release|Any CPU
		{92DEE9B3-9086-4926-9BC3-BA9ADA8DCB26}.X|Any CPU.ActiveCfg = Release|Any CPU
		{92DEE9B3-9086-4926-9BC3-BA9ADA8DCB26}.X|Any CPU.Build.0 = Release|Any CPU
		{26C684ED-0F34-4A5F-8898-1AD641A51591}.Debug|Any CPU.ActiveCfg = Debug|Any CPU
		{26C684ED-0F34-4A5F-8898-1AD641A51591}.Debug|Any CPU.Build.0 = Debug|Any CPU
		{26C684ED-0F34-4A5F-8898-1AD641A51591}.Release|Any CPU.ActiveCfg = Release|Any CPU
		{26C684ED-0F34-4A5F-8898-1AD641A51591}.Release|Any CPU.Build.0 = Release|Any CPU
		{26C684ED-0F34-4A5F-8898-1AD641A51591}.Report|Any CPU.ActiveCfg = Release|Any CPU
		{26C684ED-0F34-4A5F-8898-1AD641A51591}.Report|Any CPU.Build.0 = Release|Any CPU
		{26C684ED-0F34-4A5F-8898-1AD641A51591}.X|Any CPU.ActiveCfg = Release|Any CPU
		{26C684ED-0F34-4A5F-8898-1AD641A51591}.X|Any CPU.Build.0 = Release|Any CPU
		{FDA4C13D-150B-4D34-BD40-3D6A1EFA732C}.Debug|Any CPU.ActiveCfg = Debug|Any CPU
		{FDA4C13D-150B-4D34-BD40-3D6A1EFA732C}.Debug|Any CPU.Build.0 = Debug|Any CPU
		{FDA4C13D-150B-4D34-BD40-3D6A1EFA732C}.Release|Any CPU.ActiveCfg = Release|Any CPU
		{FDA4C13D-150B-4D34-BD40-3D6A1EFA732C}.Release|Any CPU.Build.0 = Release|Any CPU
		{FDA4C13D-150B-4D34-BD40-3D6A1EFA732C}.Report|Any CPU.ActiveCfg = Release|Any CPU
		{FDA4C13D-150B-4D34-BD40-3D6A1EFA732C}.Report|Any CPU.Build.0 = Release|Any CPU
		{FDA4C13D-150B-4D34-BD40-3D6A1EFA732C}.X|Any CPU.ActiveCfg = Release|Any CPU
		{FDA4C13D-150B-4D34-BD40-3D6A1EFA732C}.X|Any CPU.Build.0 = Release|Any CPU
		{4DA45602-2E7D-44EC-B0D7-CABF79957823}.Debug|Any CPU.ActiveCfg = Debug|Any CPU
		{4DA45602-2E7D-44EC-B0D7-CABF79957823}.Debug|Any CPU.Build.0 = Debug|Any CPU
		{4DA45602-2E7D-44EC-B0D7-CABF79957823}.Release|Any CPU.ActiveCfg = Release|Any CPU
		{4DA45602-2E7D-44EC-B0D7-CABF79957823}.Release|Any CPU.Build.0 = Release|Any CPU
		{4DA45602-2E7D-44EC-B0D7-CABF79957823}.Report|Any CPU.ActiveCfg = Release|Any CPU
		{4DA45602-2E7D-44EC-B0D7-CABF79957823}.Report|Any CPU.Build.0 = Release|Any CPU
		{4DA45602-2E7D-44EC-B0D7-CABF79957823}.X|Any CPU.ActiveCfg = Release|Any CPU
		{4DA45602-2E7D-44EC-B0D7-CABF79957823}.X|Any CPU.Build.0 = Release|Any CPU
		{811B0143-9FC3-4FB3-BBED-53D1F4EDEDE3}.Debug|Any CPU.ActiveCfg = Debug|Any CPU
		{811B0143-9FC3-4FB3-BBED-53D1F4EDEDE3}.Debug|Any CPU.Build.0 = Debug|Any CPU
		{811B0143-9FC3-4FB3-BBED-53D1F4EDEDE3}.Release|Any CPU.ActiveCfg = Release|Any CPU
		{811B0143-9FC3-4FB3-BBED-53D1F4EDEDE3}.Release|Any CPU.Build.0 = Release|Any CPU
		{811B0143-9FC3-4FB3-BBED-53D1F4EDEDE3}.Report|Any CPU.ActiveCfg = Release|Any CPU
		{811B0143-9FC3-4FB3-BBED-53D1F4EDEDE3}.Report|Any CPU.Build.0 = Release|Any CPU
		{811B0143-9FC3-4FB3-BBED-53D1F4EDEDE3}.X|Any CPU.ActiveCfg = Release|Any CPU
		{811B0143-9FC3-4FB3-BBED-53D1F4EDEDE3}.X|Any CPU.Build.0 = Release|Any CPU
		{642BDCD1-9BCB-4F4F-BAFB-8C6347882241}.Debug|Any CPU.ActiveCfg = Debug|Any CPU
		{642BDCD1-9BCB-4F4F-BAFB-8C6347882241}.Debug|Any CPU.Build.0 = Debug|Any CPU
		{642BDCD1-9BCB-4F4F-BAFB-8C6347882241}.Release|Any CPU.ActiveCfg = Release|Any CPU
		{642BDCD1-9BCB-4F4F-BAFB-8C6347882241}.Release|Any CPU.Build.0 = Release|Any CPU
		{642BDCD1-9BCB-4F4F-BAFB-8C6347882241}.Report|Any CPU.ActiveCfg = Report|Any CPU
		{642BDCD1-9BCB-4F4F-BAFB-8C6347882241}.Report|Any CPU.Build.0 = Report|Any CPU
		{642BDCD1-9BCB-4F4F-BAFB-8C6347882241}.X|Any CPU.ActiveCfg = X|Any CPU
		{642BDCD1-9BCB-4F4F-BAFB-8C6347882241}.X|Any CPU.Build.0 = X|Any CPU
		{80CF6EA1-9EBC-41A2-8FD8-391A08387D5E}.Debug|Any CPU.ActiveCfg = Debug|Any CPU
		{80CF6EA1-9EBC-41A2-8FD8-391A08387D5E}.Debug|Any CPU.Build.0 = Debug|Any CPU
		{80CF6EA1-9EBC-41A2-8FD8-391A08387D5E}.Release|Any CPU.ActiveCfg = Release|Any CPU
		{80CF6EA1-9EBC-41A2-8FD8-391A08387D5E}.Release|Any CPU.Build.0 = Release|Any CPU
		{80CF6EA1-9EBC-41A2-8FD8-391A08387D5E}.Report|Any CPU.ActiveCfg = Release|Any CPU
		{80CF6EA1-9EBC-41A2-8FD8-391A08387D5E}.Report|Any CPU.Build.0 = Release|Any CPU
		{80CF6EA1-9EBC-41A2-8FD8-391A08387D5E}.X|Any CPU.ActiveCfg = X|Any CPU
		{80CF6EA1-9EBC-41A2-8FD8-391A08387D5E}.X|Any CPU.Build.0 = X|Any CPU
		{B175EA2E-C34F-4F75-B2F9-8C54D8428030}.Debug|Any CPU.ActiveCfg = Debug|Any CPU
		{B175EA2E-C34F-4F75-B2F9-8C54D8428030}.Debug|Any CPU.Build.0 = Debug|Any CPU
		{B175EA2E-C34F-4F75-B2F9-8C54D8428030}.Release|Any CPU.ActiveCfg = Release|Any CPU
		{B175EA2E-C34F-4F75-B2F9-8C54D8428030}.Release|Any CPU.Build.0 = Release|Any CPU
		{B175EA2E-C34F-4F75-B2F9-8C54D8428030}.Report|Any CPU.ActiveCfg = Release|Any CPU
		{B175EA2E-C34F-4F75-B2F9-8C54D8428030}.Report|Any CPU.Build.0 = Release|Any CPU
		{B175EA2E-C34F-4F75-B2F9-8C54D8428030}.X|Any CPU.ActiveCfg = X|Any CPU
		{B175EA2E-C34F-4F75-B2F9-8C54D8428030}.X|Any CPU.Build.0 = X|Any CPU
		{9FC48D94-157C-4BEE-97A7-7692FDEA1873}.Debug|Any CPU.ActiveCfg = Debug|Any CPU
		{9FC48D94-157C-4BEE-97A7-7692FDEA1873}.Debug|Any CPU.Build.0 = Debug|Any CPU
		{9FC48D94-157C-4BEE-97A7-7692FDEA1873}.Release|Any CPU.ActiveCfg = Release|Any CPU
		{9FC48D94-157C-4BEE-97A7-7692FDEA1873}.Release|Any CPU.Build.0 = Release|Any CPU
		{9FC48D94-157C-4BEE-97A7-7692FDEA1873}.Report|Any CPU.ActiveCfg = Release|Any CPU
		{9FC48D94-157C-4BEE-97A7-7692FDEA1873}.Report|Any CPU.Build.0 = Release|Any CPU
		{9FC48D94-157C-4BEE-97A7-7692FDEA1873}.X|Any CPU.ActiveCfg = Debug|Any CPU
		{9FC48D94-157C-4BEE-97A7-7692FDEA1873}.X|Any CPU.Build.0 = Debug|Any CPU
		{CC66F6DD-6D25-45F6-BF03-ABB20EEA0931}.Debug|Any CPU.ActiveCfg = Debug|Any CPU
		{CC66F6DD-6D25-45F6-BF03-ABB20EEA0931}.Debug|Any CPU.Build.0 = Debug|Any CPU
		{CC66F6DD-6D25-45F6-BF03-ABB20EEA0931}.Release|Any CPU.ActiveCfg = Release|Any CPU
		{CC66F6DD-6D25-45F6-BF03-ABB20EEA0931}.Release|Any CPU.Build.0 = Release|Any CPU
		{CC66F6DD-6D25-45F6-BF03-ABB20EEA0931}.Report|Any CPU.ActiveCfg = Release|Any CPU
		{CC66F6DD-6D25-45F6-BF03-ABB20EEA0931}.Report|Any CPU.Build.0 = Release|Any CPU
		{CC66F6DD-6D25-45F6-BF03-ABB20EEA0931}.X|Any CPU.ActiveCfg = Debug|Any CPU
		{CC66F6DD-6D25-45F6-BF03-ABB20EEA0931}.X|Any CPU.Build.0 = Debug|Any CPU
		{2AC939C7-AFA1-4896-BB4C-2512E55EE5FF}.Debug|Any CPU.ActiveCfg = Debug|Any CPU
		{2AC939C7-AFA1-4896-BB4C-2512E55EE5FF}.Debug|Any CPU.Build.0 = Debug|Any CPU
		{2AC939C7-AFA1-4896-BB4C-2512E55EE5FF}.Release|Any CPU.ActiveCfg = Release|Any CPU
		{2AC939C7-AFA1-4896-BB4C-2512E55EE5FF}.Release|Any CPU.Build.0 = Release|Any CPU
		{2AC939C7-AFA1-4896-BB4C-2512E55EE5FF}.Report|Any CPU.ActiveCfg = Release|Any CPU
		{2AC939C7-AFA1-4896-BB4C-2512E55EE5FF}.Report|Any CPU.Build.0 = Release|Any CPU
		{2AC939C7-AFA1-4896-BB4C-2512E55EE5FF}.X|Any CPU.ActiveCfg = Debug|Any CPU
		{2AC939C7-AFA1-4896-BB4C-2512E55EE5FF}.X|Any CPU.Build.0 = Debug|Any CPU
		{5180A52F-3B5F-441A-97D1-7F1D88A3E809}.Debug|Any CPU.ActiveCfg = Debug|Any CPU
		{5180A52F-3B5F-441A-97D1-7F1D88A3E809}.Debug|Any CPU.Build.0 = Debug|Any CPU
		{5180A52F-3B5F-441A-97D1-7F1D88A3E809}.Release|Any CPU.ActiveCfg = Release|Any CPU
		{5180A52F-3B5F-441A-97D1-7F1D88A3E809}.Release|Any CPU.Build.0 = Release|Any CPU
		{5180A52F-3B5F-441A-97D1-7F1D88A3E809}.Report|Any CPU.ActiveCfg = Release|Any CPU
		{5180A52F-3B5F-441A-97D1-7F1D88A3E809}.Report|Any CPU.Build.0 = Release|Any CPU
		{5180A52F-3B5F-441A-97D1-7F1D88A3E809}.X|Any CPU.ActiveCfg = Debug|Any CPU
		{5180A52F-3B5F-441A-97D1-7F1D88A3E809}.X|Any CPU.Build.0 = Debug|Any CPU
		{9251CAEF-F243-494A-AA76-A8CC5C052E46}.Debug|Any CPU.ActiveCfg = Debug|Any CPU
		{9251CAEF-F243-494A-AA76-A8CC5C052E46}.Debug|Any CPU.Build.0 = Debug|Any CPU
		{9251CAEF-F243-494A-AA76-A8CC5C052E46}.Release|Any CPU.ActiveCfg = Release|Any CPU
		{9251CAEF-F243-494A-AA76-A8CC5C052E46}.Release|Any CPU.Build.0 = Release|Any CPU
		{9251CAEF-F243-494A-AA76-A8CC5C052E46}.Report|Any CPU.ActiveCfg = Release|Any CPU
		{9251CAEF-F243-494A-AA76-A8CC5C052E46}.Report|Any CPU.Build.0 = Release|Any CPU
		{9251CAEF-F243-494A-AA76-A8CC5C052E46}.X|Any CPU.ActiveCfg = Debug|Any CPU
		{9251CAEF-F243-494A-AA76-A8CC5C052E46}.X|Any CPU.Build.0 = Debug|Any CPU
		{D220443A-B448-468D-82A2-F45485AEEC91}.Debug|Any CPU.ActiveCfg = Debug|Any CPU
		{D220443A-B448-468D-82A2-F45485AEEC91}.Debug|Any CPU.Build.0 = Debug|Any CPU
		{D220443A-B448-468D-82A2-F45485AEEC91}.Release|Any CPU.ActiveCfg = Release|Any CPU
		{D220443A-B448-468D-82A2-F45485AEEC91}.Release|Any CPU.Build.0 = Release|Any CPU
		{D220443A-B448-468D-82A2-F45485AEEC91}.Report|Any CPU.ActiveCfg = Release|Any CPU
		{D220443A-B448-468D-82A2-F45485AEEC91}.Report|Any CPU.Build.0 = Release|Any CPU
		{D220443A-B448-468D-82A2-F45485AEEC91}.X|Any CPU.ActiveCfg = Debug|Any CPU
		{D220443A-B448-468D-82A2-F45485AEEC91}.X|Any CPU.Build.0 = Debug|Any CPU
		{7C050F85-89F8-499A-A11F-DBDFA48CD1C6}.Debug|Any CPU.ActiveCfg = Debug|Any CPU
		{7C050F85-89F8-499A-A11F-DBDFA48CD1C6}.Debug|Any CPU.Build.0 = Debug|Any CPU
		{7C050F85-89F8-499A-A11F-DBDFA48CD1C6}.Release|Any CPU.ActiveCfg = Release|Any CPU
		{7C050F85-89F8-499A-A11F-DBDFA48CD1C6}.Release|Any CPU.Build.0 = Release|Any CPU
		{7C050F85-89F8-499A-A11F-DBDFA48CD1C6}.Report|Any CPU.ActiveCfg = Release|Any CPU
		{7C050F85-89F8-499A-A11F-DBDFA48CD1C6}.Report|Any CPU.Build.0 = Release|Any CPU
		{7C050F85-89F8-499A-A11F-DBDFA48CD1C6}.X|Any CPU.ActiveCfg = Debug|Any CPU
		{7C050F85-89F8-499A-A11F-DBDFA48CD1C6}.X|Any CPU.Build.0 = Debug|Any CPU
		{749DB200-FAC3-4E2D-AC49-0EE857635B86}.Debug|Any CPU.ActiveCfg = Debug|Any CPU
		{749DB200-FAC3-4E2D-AC49-0EE857635B86}.Debug|Any CPU.Build.0 = Debug|Any CPU
		{749DB200-FAC3-4E2D-AC49-0EE857635B86}.Release|Any CPU.ActiveCfg = Release|Any CPU
		{749DB200-FAC3-4E2D-AC49-0EE857635B86}.Release|Any CPU.Build.0 = Release|Any CPU
		{749DB200-FAC3-4E2D-AC49-0EE857635B86}.Report|Any CPU.ActiveCfg = Release|Any CPU
		{749DB200-FAC3-4E2D-AC49-0EE857635B86}.Report|Any CPU.Build.0 = Release|Any CPU
		{749DB200-FAC3-4E2D-AC49-0EE857635B86}.X|Any CPU.ActiveCfg = Debug|Any CPU
		{749DB200-FAC3-4E2D-AC49-0EE857635B86}.X|Any CPU.Build.0 = Debug|Any CPU
		{07F73714-96DD-41D7-8228-ADB0EEE0DFF1}.Debug|Any CPU.ActiveCfg = Debug|Any CPU
		{07F73714-96DD-41D7-8228-ADB0EEE0DFF1}.Debug|Any CPU.Build.0 = Debug|Any CPU
		{07F73714-96DD-41D7-8228-ADB0EEE0DFF1}.Release|Any CPU.ActiveCfg = Release|Any CPU
		{07F73714-96DD-41D7-8228-ADB0EEE0DFF1}.Release|Any CPU.Build.0 = Release|Any CPU
		{07F73714-96DD-41D7-8228-ADB0EEE0DFF1}.Report|Any CPU.ActiveCfg = Release|Any CPU
		{07F73714-96DD-41D7-8228-ADB0EEE0DFF1}.Report|Any CPU.Build.0 = Release|Any CPU
		{07F73714-96DD-41D7-8228-ADB0EEE0DFF1}.X|Any CPU.ActiveCfg = Debug|Any CPU
		{07F73714-96DD-41D7-8228-ADB0EEE0DFF1}.X|Any CPU.Build.0 = Debug|Any CPU
		{732369A2-B81F-4227-BAD9-4A87EFF2DD7D}.Debug|Any CPU.ActiveCfg = Debug|Any CPU
		{732369A2-B81F-4227-BAD9-4A87EFF2DD7D}.Debug|Any CPU.Build.0 = Debug|Any CPU
		{732369A2-B81F-4227-BAD9-4A87EFF2DD7D}.Release|Any CPU.ActiveCfg = Release|Any CPU
		{732369A2-B81F-4227-BAD9-4A87EFF2DD7D}.Release|Any CPU.Build.0 = Release|Any CPU
		{732369A2-B81F-4227-BAD9-4A87EFF2DD7D}.Report|Any CPU.ActiveCfg = Release|Any CPU
		{732369A2-B81F-4227-BAD9-4A87EFF2DD7D}.Report|Any CPU.Build.0 = Release|Any CPU
		{732369A2-B81F-4227-BAD9-4A87EFF2DD7D}.X|Any CPU.ActiveCfg = Debug|Any CPU
		{732369A2-B81F-4227-BAD9-4A87EFF2DD7D}.X|Any CPU.Build.0 = Debug|Any CPU
		{82A22ED3-8384-4C7A-AC00-C9831C897EC1}.Debug|Any CPU.ActiveCfg = Debug|Any CPU
		{82A22ED3-8384-4C7A-AC00-C9831C897EC1}.Debug|Any CPU.Build.0 = Debug|Any CPU
		{82A22ED3-8384-4C7A-AC00-C9831C897EC1}.Release|Any CPU.ActiveCfg = Release|Any CPU
		{82A22ED3-8384-4C7A-AC00-C9831C897EC1}.Release|Any CPU.Build.0 = Release|Any CPU
		{82A22ED3-8384-4C7A-AC00-C9831C897EC1}.Report|Any CPU.ActiveCfg = Release|Any CPU
		{82A22ED3-8384-4C7A-AC00-C9831C897EC1}.Report|Any CPU.Build.0 = Release|Any CPU
		{82A22ED3-8384-4C7A-AC00-C9831C897EC1}.X|Any CPU.ActiveCfg = Debug|Any CPU
		{82A22ED3-8384-4C7A-AC00-C9831C897EC1}.X|Any CPU.Build.0 = Debug|Any CPU
	EndGlobalSection
	GlobalSection(SolutionProperties) = preSolution
		HideSolutionNode = FALSE
	EndGlobalSection
	GlobalSection(NestedProjects) = preSolution
		{904995DD-2CB2-4E1C-A07F-6CF45143360F} = {78295904-4FEC-45CE-99A6-5C0FF50DCD7C}
		{7163CC8F-965D-469B-AE49-151395AA5A97} = {DE3E6345-7953-4405-859B-C295CD2F125E}
		{21180674-E6FD-4644-8EC3-E3AAAAFD412D} = {904995DD-2CB2-4E1C-A07F-6CF45143360F}
		{648FCEFD-873D-46B3-B975-38FC6A18E1BB} = {904995DD-2CB2-4E1C-A07F-6CF45143360F}
		{A24DBD3E-0A62-44D8-9074-687C8DA51809} = {78295904-4FEC-45CE-99A6-5C0FF50DCD7C}
		{942950A7-BE00-4F7B-9FD7-26C4F9E8DBA5} = {9BD97A2C-C82E-4BBB-8BF5-E82C5821EDD7}
		{92880144-93A9-42A9-9185-93A34EC50920} = {9429A92D-049E-44BF-A91C-329F6E16B0F6}
		{1873F8B4-09AB-448F-81DF-CED559AA06C7} = {C8AEDF88-EB40-4F0C-8A29-AD0668E40D73}
		{69253435-87F2-45CA-B62C-B49F63BD7F90} = {C8AEDF88-EB40-4F0C-8A29-AD0668E40D73}
		{8F1543B1-3B64-41CB-832E-B1B806E2F08B} = {1604A0B5-BBCB-4B12-AB22-125FCE6C3111}
		{DE3E6345-7953-4405-859B-C295CD2F125E} = {1604A0B5-BBCB-4B12-AB22-125FCE6C3111}
		{DAD81BB2-97FB-4ED3-A414-33699CE3DA8A} = {92880144-93A9-42A9-9185-93A34EC50920}
		{3C97FC43-4BCF-4526-AE06-3E8BAAFE32A8} = {C8AEDF88-EB40-4F0C-8A29-AD0668E40D73}
		{B04D6528-769E-4740-8326-B6F6DA4B1755} = {1BB944C9-68E3-4F02-BDC0-5A4C7571308D}
		{9DF492E6-4A77-4DE6-99B4-4E01DBE49F9D} = {9BD97A2C-C82E-4BBB-8BF5-E82C5821EDD7}
		{ED5C119A-64D4-4BD8-9183-63C270B944D4} = {9DF492E6-4A77-4DE6-99B4-4E01DBE49F9D}
		{688B5052-6DB4-4E6D-9D8C-621D4C4675DF} = {ED5C119A-64D4-4BD8-9183-63C270B944D4}
		{AB46FCA3-4D2F-47A3-94D0-6969A8858435} = {BE4674EF-7690-4645-A5BF-A0615508C0ED}
		{A57CAEA2-0E8A-47B5-B356-DF681CA553F3} = {9429A92D-049E-44BF-A91C-329F6E16B0F6}
		{BE4674EF-7690-4645-A5BF-A0615508C0ED} = {A57CAEA2-0E8A-47B5-B356-DF681CA553F3}
		{B988B54F-A297-4CFF-B57F-FD34A8DA4DFE} = {ED5C119A-64D4-4BD8-9183-63C270B944D4}
		{7E2A6E42-E51C-496C-A9EA-6360EE75644A} = {92880144-93A9-42A9-9185-93A34EC50920}
		{3F9354B1-1FF0-4A21-8BE9-6E6D3ACC0081} = {FAD85CC7-D0FD-4EA8-8EAD-015CCB373CCB}
		{13967EC9-6B6A-4783-848C-5AFBE65B235F} = {942950A7-BE00-4F7B-9FD7-26C4F9E8DBA5}
		{B793AE3E-5119-49B4-8F43-CACDA661DE39} = {13967EC9-6B6A-4783-848C-5AFBE65B235F}
		{6D544E55-8F7C-4621-B9BE-1BC951D438F6} = {13967EC9-6B6A-4783-848C-5AFBE65B235F}
		{FE3FFCC9-059F-4CDD-8BAA-E9DADCFDF010} = {9429A92D-049E-44BF-A91C-329F6E16B0F6}
		{A01DF01C-0ED7-422F-8E0B-17EDB5D3E552} = {78295904-4FEC-45CE-99A6-5C0FF50DCD7C}
		{AD8FA8A3-267B-498F-8410-0447A3B66713} = {A01DF01C-0ED7-422F-8E0B-17EDB5D3E552}
		{01FC59C1-610F-4637-8352-4F441C245FA7} = {1604A0B5-BBCB-4B12-AB22-125FCE6C3111}
		{D2EC1823-732E-470E-AA26-71A42D72EC85} = {01FC59C1-610F-4637-8352-4F441C245FA7}
		{B37BA78C-66EB-44A5-A717-9C6B507A0BC7} = {A01DF01C-0ED7-422F-8E0B-17EDB5D3E552}
		{C8AEDF88-EB40-4F0C-8A29-AD0668E40D73} = {942950A7-BE00-4F7B-9FD7-26C4F9E8DBA5}
		{FAD85CC7-D0FD-4EA8-8EAD-015CCB373CCB} = {942950A7-BE00-4F7B-9FD7-26C4F9E8DBA5}
		{001BFC1E-B3FE-41A4-A7AC-92C38D66C128} = {9429A92D-049E-44BF-A91C-329F6E16B0F6}
		{E37C7517-7931-4AC4-A729-81BD3025171C} = {001BFC1E-B3FE-41A4-A7AC-92C38D66C128}
		{9BDB36B6-8B37-4F79-A7C2-E1323DB052BF} = {E37C7517-7931-4AC4-A729-81BD3025171C}
		{0B4349E2-B40E-4E52-B04E-91E7F3250B29} = {9BD97A2C-C82E-4BBB-8BF5-E82C5821EDD7}
		{F837CE32-AE6A-42DB-8A31-321381DE381A} = {0B4349E2-B40E-4E52-B04E-91E7F3250B29}
		{1192762F-881F-48D7-8774-8D3032FF3945} = {F837CE32-AE6A-42DB-8A31-321381DE381A}
		{C42669CF-619D-4E31-ADDC-2D806A461BC9} = {F837CE32-AE6A-42DB-8A31-321381DE381A}
		{A627C000-FCD2-4B29-A8FF-458460DCF851} = {001BFC1E-B3FE-41A4-A7AC-92C38D66C128}
		{C756BBEA-FCD8-41E8-B85C-3E41C36198DC} = {A627C000-FCD2-4B29-A8FF-458460DCF851}
		{8B92C022-D68F-4A22-84EC-287F72B3BF7A} = {0B4349E2-B40E-4E52-B04E-91E7F3250B29}
		{66F49B21-4A08-4DE2-80A0-46AD5907E9BD} = {8B92C022-D68F-4A22-84EC-287F72B3BF7A}
		{9E413F46-02DE-41B0-BA98-98EF81826211} = {8B92C022-D68F-4A22-84EC-287F72B3BF7A}
		{78295904-4FEC-45CE-99A6-5C0FF50DCD7C} = {9BD97A2C-C82E-4BBB-8BF5-E82C5821EDD7}
		{C38F1472-9C75-4ED6-B924-1E73FEDA90B0} = {78295904-4FEC-45CE-99A6-5C0FF50DCD7C}
		{1604A0B5-BBCB-4B12-AB22-125FCE6C3111} = {9429A92D-049E-44BF-A91C-329F6E16B0F6}
		{D2B59B6F-9C5F-4D23-A225-6BECB483B6D9} = {1604A0B5-BBCB-4B12-AB22-125FCE6C3111}
		{13F386C9-E4A7-4739-AEA2-AD766BF3166C} = {D2B59B6F-9C5F-4D23-A225-6BECB483B6D9}
		{36413C00-66DC-4AA1-B5F1-B486881BE820} = {C38F1472-9C75-4ED6-B924-1E73FEDA90B0}
		{A0328DE9-3456-4806-BF78-705A98843693} = {C38F1472-9C75-4ED6-B924-1E73FEDA90B0}
		{8ADCB176-5447-41BC-9E6B-887765566E4E} = {C38F1472-9C75-4ED6-B924-1E73FEDA90B0}
		{29454703-BEE8-4CCD-BFE7-8DB75C69A15D} = {A24DBD3E-0A62-44D8-9074-687C8DA51809}
		{453A3685-D32F-467B-A1E2-649298A05E25} = {A24DBD3E-0A62-44D8-9074-687C8DA51809}
		{8ADC522F-84EC-4CFD-870E-FB52EBB9718A} = {8F1543B1-3B64-41CB-832E-B1B806E2F08B}
		{8FAFA4DA-4F1C-4CE4-BE9C-AEAFBFBC4BE2} = {8B92C022-D68F-4A22-84EC-287F72B3BF7A}
		{9548ECA3-E1F3-4640-A0F6-E9C72681567C} = {F837CE32-AE6A-42DB-8A31-321381DE381A}
		{4374E45A-F3D0-4EB5-AB02-379A543878A4} = {904995DD-2CB2-4E1C-A07F-6CF45143360F}
		{EDD7ACD2-80FA-4EC7-B8F2-0187DDFB7BDA} = {A01DF01C-0ED7-422F-8E0B-17EDB5D3E552}
		{F88E8A34-3CF4-4D66-A6AC-357591F59984} = {ED5C119A-64D4-4BD8-9183-63C270B944D4}
		{7A69AB01-8ED6-43BB-9A77-D6155156BC83} = {A24DBD3E-0A62-44D8-9074-687C8DA51809}
		{39B39624-B412-46BE-8434-6492C1CC03BA} = {9429A92D-049E-44BF-A91C-329F6E16B0F6}
		{EBD8D7E7-0992-434B-9C7F-755AE4D4824D} = {39B39624-B412-46BE-8434-6492C1CC03BA}
		{6746FCF4-C37A-47DC-8FB0-012A9179B8AE} = {EBD8D7E7-0992-434B-9C7F-755AE4D4824D}
		{94ABAB96-5809-4EBD-BA59-91516EFB8BAC} = {9BD97A2C-C82E-4BBB-8BF5-E82C5821EDD7}
		{08206ED1-4FCB-45D3-BC21-77758157B361} = {94ABAB96-5809-4EBD-BA59-91516EFB8BAC}
		{341BA9A9-33C2-4D45-AAB1-9A5151CF69EB} = {08206ED1-4FCB-45D3-BC21-77758157B361}
		{7AA5F5A3-C81B-4371-A7D0-B96CADA1F79F} = {08206ED1-4FCB-45D3-BC21-77758157B361}
		{9AA87F8F-6AFD-4C11-95CF-E3A531C9B1C5} = {08206ED1-4FCB-45D3-BC21-77758157B361}
		{2D9AC664-8F7F-4531-8E7E-0DB4EC650878} = {942950A7-BE00-4F7B-9FD7-26C4F9E8DBA5}
		{96FBBD36-6096-4788-8428-E2454DD69DB7} = {92880144-93A9-42A9-9185-93A34EC50920}
		{F9CF22D3-C1B1-47FE-BEE2-C789B4BC0D28} = {2D9AC664-8F7F-4531-8E7E-0DB4EC650878}
		{AF9E7232-7581-44A4-B3FB-893C330795B0} = {2D9AC664-8F7F-4531-8E7E-0DB4EC650878}
		{38A17292-95E4-492C-8C23-3CE2DE0FA0D9} = {A57CAEA2-0E8A-47B5-B356-DF681CA553F3}
		{71427542-1890-430E-B265-ACDF407094AC} = {38A17292-95E4-492C-8C23-3CE2DE0FA0D9}
		{959BF419-1190-4E68-AC3B-082828028AB3} = {9DF492E6-4A77-4DE6-99B4-4E01DBE49F9D}
		{BF38AF9B-1635-4215-93B4-9036B27CC357} = {959BF419-1190-4E68-AC3B-082828028AB3}
		{FA473630-ADAA-4691-8800-2EB3CC4AA824} = {959BF419-1190-4E68-AC3B-082828028AB3}
		{9205A3EB-66B3-4E13-800B-ACE8215DC7FC} = {1604A0B5-BBCB-4B12-AB22-125FCE6C3111}
		{121D99A4-895C-4120-81CC-DC22DC76254B} = {9205A3EB-66B3-4E13-800B-ACE8215DC7FC}
		{5C83A774-BE2A-4609-80F1-8A5CEF65028B} = {78295904-4FEC-45CE-99A6-5C0FF50DCD7C}
		{175D3B03-98E9-4F40-B3B6-8B25F8385481} = {5C83A774-BE2A-4609-80F1-8A5CEF65028B}
		{29AFE5E3-9CC7-4222-953B-83815D6B53E4} = {5C83A774-BE2A-4609-80F1-8A5CEF65028B}
		{6E41B0FC-313A-4CE7-BC9E-1B79E5A9D0E2} = {9DF492E6-4A77-4DE6-99B4-4E01DBE49F9D}
		{26E14FED-C9E0-4459-B1E9-8FDF7771EDA1} = {6E41B0FC-313A-4CE7-BC9E-1B79E5A9D0E2}
		{3B486130-78EC-4785-BF79-2DF960851184} = {A57CAEA2-0E8A-47B5-B356-DF681CA553F3}
		{92DEE9B3-9086-4926-9BC3-BA9ADA8DCB26} = {3B486130-78EC-4785-BF79-2DF960851184}
		{26C684ED-0F34-4A5F-8898-1AD641A51591} = {6E41B0FC-313A-4CE7-BC9E-1B79E5A9D0E2}
		{E5026964-C0FA-4A40-9790-60FA6BE411DF} = {001BFC1E-B3FE-41A4-A7AC-92C38D66C128}
		{E97941F4-5304-40AE-ABA2-723B73AECD16} = {0B4349E2-B40E-4E52-B04E-91E7F3250B29}
		{FDA4C13D-150B-4D34-BD40-3D6A1EFA732C} = {E97941F4-5304-40AE-ABA2-723B73AECD16}
		{4DA45602-2E7D-44EC-B0D7-CABF79957823} = {E5026964-C0FA-4A40-9790-60FA6BE411DF}
		{811B0143-9FC3-4FB3-BBED-53D1F4EDEDE3} = {E97941F4-5304-40AE-ABA2-723B73AECD16}
		{2DB4C79B-C7AE-428E-B1D9-35F1056A1087} = {9DF492E6-4A77-4DE6-99B4-4E01DBE49F9D}
		{FF68A215-6B8F-42FF-ABC9-C9C7D4AD40D1} = {A57CAEA2-0E8A-47B5-B356-DF681CA553F3}
		{642BDCD1-9BCB-4F4F-BAFB-8C6347882241} = {FF68A215-6B8F-42FF-ABC9-C9C7D4AD40D1}
		{80CF6EA1-9EBC-41A2-8FD8-391A08387D5E} = {2DB4C79B-C7AE-428E-B1D9-35F1056A1087}
		{B175EA2E-C34F-4F75-B2F9-8C54D8428030} = {2DB4C79B-C7AE-428E-B1D9-35F1056A1087}
		{9FC48D94-157C-4BEE-97A7-7692FDEA1873} = {2DB4C79B-C7AE-428E-B1D9-35F1056A1087}
		{AE08DC58-F65E-4DBB-97BA-064DE13381E4} = {9DF492E6-4A77-4DE6-99B4-4E01DBE49F9D}
		{29F810F9-94B7-4055-99A1-03855F038977} = {A57CAEA2-0E8A-47B5-B356-DF681CA553F3}
		{CC66F6DD-6D25-45F6-BF03-ABB20EEA0931} = {AE08DC58-F65E-4DBB-97BA-064DE13381E4}
		{2AC939C7-AFA1-4896-BB4C-2512E55EE5FF} = {AE08DC58-F65E-4DBB-97BA-064DE13381E4}
		{5180A52F-3B5F-441A-97D1-7F1D88A3E809} = {AE08DC58-F65E-4DBB-97BA-064DE13381E4}
		{9251CAEF-F243-494A-AA76-A8CC5C052E46} = {29F810F9-94B7-4055-99A1-03855F038977}
		{F308B565-77B3-4A07-92ED-4FAF8B7DFA53} = {9DF492E6-4A77-4DE6-99B4-4E01DBE49F9D}
		{E5F26657-FC8C-4D2A-A476-E15F2E6CF800} = {A57CAEA2-0E8A-47B5-B356-DF681CA553F3}
		{D220443A-B448-468D-82A2-F45485AEEC91} = {E5F26657-FC8C-4D2A-A476-E15F2E6CF800}
		{7C050F85-89F8-499A-A11F-DBDFA48CD1C6} = {F308B565-77B3-4A07-92ED-4FAF8B7DFA53}
		{749DB200-FAC3-4E2D-AC49-0EE857635B86} = {F308B565-77B3-4A07-92ED-4FAF8B7DFA53}
		{07F73714-96DD-41D7-8228-ADB0EEE0DFF1} = {F308B565-77B3-4A07-92ED-4FAF8B7DFA53}
		{732369A2-B81F-4227-BAD9-4A87EFF2DD7D} = {FAD85CC7-D0FD-4EA8-8EAD-015CCB373CCB}
		{82A22ED3-8384-4C7A-AC00-C9831C897EC1} = {FAD85CC7-D0FD-4EA8-8EAD-015CCB373CCB}
	EndGlobalSection
	GlobalSection(ExtensibilityGlobals) = postSolution
		SolutionGuid = {E7B78B5E-8DE2-4C73-8F18-FA540EDE69D7}
	EndGlobalSection
EndGlobal
